// !$*UTF8*$!
{
	archiveVersion = 1;
	classes = {
	};
	objectVersion = 77;
	objects = {

/* Begin PBXBuildFile section */
		2D3BBE452F1A2B900060596E /* KokuhakuCore in Frameworks */ = {isa = PBXBuildFile; productRef = 2D3BBE442F1A2B900060596E /* KokuhakuCore */; };
		2D3BBE472F1A2BB10060596E /* KokuhakuCore in Frameworks */ = {isa = PBXBuildFile; productRef = 2D3BBE462F1A2BB10060596E /* KokuhakuCore */; };
		2D3BBE492F1A2BBB0060596E /* KokuhakuCore in Frameworks */ = {isa = PBXBuildFile; productRef = 2D3BBE482F1A2BBB0060596E /* KokuhakuCore */; };
		2D3BBE922F1A3C020060596E /* KokuhakuCloudKit in Frameworks */ = {isa = PBXBuildFile; productRef = 2D3BBE912F1A3C020060596E /* KokuhakuCloudKit */; };
		2D3BBE942F1A3C0C0060596E /* KokuhakuCloudKit in Frameworks */ = {isa = PBXBuildFile; productRef = 2D3BBE932F1A3C0C0060596E /* KokuhakuCloudKit */; };
		2D3BBE962F1A3C130060596E /* KokuhakuCloudKit in Frameworks */ = {isa = PBXBuildFile; productRef = 2D3BBE952F1A3C130060596E /* KokuhakuCloudKit */; };
		2D3BBEE12F1A66C90060596E /* KokuhakuImportGitHub in Frameworks */ = {isa = PBXBuildFile; productRef = 2D3BBEE02F1A66C90060596E /* KokuhakuImportGitHub */; };
		2D3BBEE32F1A66D10060596E /* KokuhakuImportGitHub in Frameworks */ = {isa = PBXBuildFile; productRef = 2D3BBEE22F1A66D10060596E /* KokuhakuImportGitHub */; };
		2D3BBEE52F1A66D70060596E /* KokuhakuImportGitHub in Frameworks */ = {isa = PBXBuildFile; productRef = 2D3BBEE42F1A66D70060596E /* KokuhakuImportGitHub */; };
		2D3BBF062F1A68EA0060596E /* KokuhakuStorageLocal in Frameworks */ = {isa = PBXBuildFile; productRef = 2D3BBF052F1A68EA0060596E /* KokuhakuStorageLocal */; };
		2D3BBF082F1A68F10060596E /* KokuhakuStorageLocal in Frameworks */ = {isa = PBXBuildFile; productRef = 2D3BBF072F1A68F10060596E /* KokuhakuStorageLocal */; };
		2D3BBF0A2F1A68F70060596E /* KokuhakuStorageLocal in Frameworks */ = {isa = PBXBuildFile; productRef = 2D3BBF092F1A68F70060596E /* KokuhakuStorageLocal */; };
		2D3BBF212F1A6BE70060596E /* KokuhakuFlowCatalog in Frameworks */ = {isa = PBXBuildFile; productRef = 2D3BBF202F1A6BE70060596E /* KokuhakuFlowCatalog */; };
		2D3BBF232F1A6BEE0060596E /* KokuhakuFlowCatalog in Frameworks */ = {isa = PBXBuildFile; productRef = 2D3BBF222F1A6BEE0060596E /* KokuhakuFlowCatalog */; };
		2D3BBF252F1A6BF30060596E /* KokuhakuFlowCatalog in Frameworks */ = {isa = PBXBuildFile; productRef = 2D3BBF242F1A6BF30060596E /* KokuhakuFlowCatalog */; };
		2D3BBF3E2F1A6DFC0060596E /* KokuhakuDeviceSync in Frameworks */ = {isa = PBXBuildFile; productRef = 2D3BBF3D2F1A6DFC0060596E /* KokuhakuDeviceSync */; };
		2D3BBF402F1A6E030060596E /* KokuhakuDeviceSync in Frameworks */ = {isa = PBXBuildFile; productRef = 2D3BBF3F2F1A6E030060596E /* KokuhakuDeviceSync */; };
		2D3BBF422F1A6E130060596E /* KokuhakuDeviceSync in Frameworks */ = {isa = PBXBuildFile; productRef = 2D3BBF412F1A6E130060596E /* KokuhakuDeviceSync */; };
		2D3BBF612F1A70A40060596E /* KokuhakuNotifications in Frameworks */ = {isa = PBXBuildFile; productRef = 2D3BBF602F1A70A40060596E /* KokuhakuNotifications */; };
		2D3BBF632F1A70A90060596E /* KokuhakuNotifications in Frameworks */ = {isa = PBXBuildFile; productRef = 2D3BBF622F1A70A90060596E /* KokuhakuNotifications */; };
		2D3BBF652F1A70B10060596E /* KokuhakuNotifications in Frameworks */ = {isa = PBXBuildFile; productRef = 2D3BBF642F1A70B10060596E /* KokuhakuNotifications */; };
		2D3BBFB62F1A7DFE0060596E /* KokuhakuFlowExecution in Frameworks */ = {isa = PBXBuildFile; productRef = 2D3BBFB52F1A7DFE0060596E /* KokuhakuFlowExecution */; };
		2D3BBFB82F1A7E040060596E /* KokuhakuFlowExecution in Frameworks */ = {isa = PBXBuildFile; productRef = 2D3BBFB72F1A7E040060596E /* KokuhakuFlowExecution */; };
		2D3BBFBA2F1A7E0A0060596E /* KokuhakuFlowExecution in Frameworks */ = {isa = PBXBuildFile; productRef = 2D3BBFB92F1A7E0A0060596E /* KokuhakuFlowExecution */; };
/* End PBXBuildFile section */

/* Begin PBXContainerItemProxy section */
		2D3BBE262F1A2A870060596E /* PBXContainerItemProxy */ = {
			isa = PBXContainerItemProxy;
			containerPortal = 2D3BBE102F1A2A850060596E /* Project object */;
			proxyType = 1;
			remoteGlobalIDString = 2D3BBE172F1A2A860060596E;
			remoteInfo = kokuhaku_tvos;
		};
		2D3BBE302F1A2A870060596E /* PBXContainerItemProxy */ = {
			isa = PBXContainerItemProxy;
			containerPortal = 2D3BBE102F1A2A850060596E /* Project object */;
			proxyType = 1;
			remoteGlobalIDString = 2D3BBE172F1A2A860060596E;
			remoteInfo = kokuhaku_tvos;
		};
/* End PBXContainerItemProxy section */

/* Begin PBXFileReference section */
		2D3BBE182F1A2A860060596E /* kokuhaku_tvos.app */ = {isa = PBXFileReference; explicitFileType = wrapper.application; includeInIndex = 0; path = kokuhaku_tvos.app; sourceTree = BUILT_PRODUCTS_DIR; };
		2D3BBE252F1A2A870060596E /* kokuhaku_tvosTests.xctest */ = {isa = PBXFileReference; explicitFileType = wrapper.cfbundle; includeInIndex = 0; path = kokuhaku_tvosTests.xctest; sourceTree = BUILT_PRODUCTS_DIR; };
		2D3BBE2F2F1A2A870060596E /* kokuhaku_tvosUITests.xctest */ = {isa = PBXFileReference; explicitFileType = wrapper.cfbundle; includeInIndex = 0; path = kokuhaku_tvosUITests.xctest; sourceTree = BUILT_PRODUCTS_DIR; };
/* End PBXFileReference section */

/* Begin PBXFileSystemSynchronizedRootGroup section */
		2D3BBE1A2F1A2A860060596E /* kokuhaku_tvos */ = {
			isa = PBXFileSystemSynchronizedRootGroup;
			path = kokuhaku_tvos;
			sourceTree = "<group>";
		};
		2D3BBE282F1A2A870060596E /* kokuhaku_tvosTests */ = {
			isa = PBXFileSystemSynchronizedRootGroup;
			path = kokuhaku_tvosTests;
			sourceTree = "<group>";
		};
		2D3BBE322F1A2A870060596E /* kokuhaku_tvosUITests */ = {
			isa = PBXFileSystemSynchronizedRootGroup;
			path = kokuhaku_tvosUITests;
			sourceTree = "<group>";
		};
/* End PBXFileSystemSynchronizedRootGroup section */

/* Begin PBXFrameworksBuildPhase section */
		2D3BBE152F1A2A860060596E /* Frameworks */ = {
			isa = PBXFrameworksBuildPhase;
			buildActionMask = 2147483647;
			files = (
				2D3BBE922F1A3C020060596E /* KokuhakuCloudKit in Frameworks */,
				2D3BBE452F1A2B900060596E /* KokuhakuCore in Frameworks */,
				2D3BBF3E2F1A6DFC0060596E /* KokuhakuDeviceSync in Frameworks */,
				2D3BBF612F1A70A40060596E /* KokuhakuNotifications in Frameworks */,
				2D3BBFB62F1A7DFE0060596E /* KokuhakuFlowExecution in Frameworks */,
				2D3BBF212F1A6BE70060596E /* KokuhakuFlowCatalog in Frameworks */,
				2D3BBEE12F1A66C90060596E /* KokuhakuImportGitHub in Frameworks */,
				2D3BBF062F1A68EA0060596E /* KokuhakuStorageLocal in Frameworks */,
			);
			runOnlyForDeploymentPostprocessing = 0;
		};
		2D3BBE222F1A2A870060596E /* Frameworks */ = {
			isa = PBXFrameworksBuildPhase;
			buildActionMask = 2147483647;
			files = (
				2D3BBE942F1A3C0C0060596E /* KokuhakuCloudKit in Frameworks */,
				2D3BBE472F1A2BB10060596E /* KokuhakuCore in Frameworks */,
				2D3BBF402F1A6E030060596E /* KokuhakuDeviceSync in Frameworks */,
				2D3BBF652F1A70B10060596E /* KokuhakuNotifications in Frameworks */,
				2D3BBFB82F1A7E040060596E /* KokuhakuFlowExecution in Frameworks */,
				2D3BBF252F1A6BF30060596E /* KokuhakuFlowCatalog in Frameworks */,
				2D3BBEE52F1A66D70060596E /* KokuhakuImportGitHub in Frameworks */,
				2D3BBF082F1A68F10060596E /* KokuhakuStorageLocal in Frameworks */,
			);
			runOnlyForDeploymentPostprocessing = 0;
		};
		2D3BBE2C2F1A2A870060596E /* Frameworks */ = {
			isa = PBXFrameworksBuildPhase;
			buildActionMask = 2147483647;
			files = (
				2D3BBE962F1A3C130060596E /* KokuhakuCloudKit in Frameworks */,
				2D3BBE492F1A2BBB0060596E /* KokuhakuCore in Frameworks */,
				2D3BBF422F1A6E130060596E /* KokuhakuDeviceSync in Frameworks */,
				2D3BBF632F1A70A90060596E /* KokuhakuNotifications in Frameworks */,
				2D3BBFBA2F1A7E0A0060596E /* KokuhakuFlowExecution in Frameworks */,
				2D3BBF232F1A6BEE0060596E /* KokuhakuFlowCatalog in Frameworks */,
				2D3BBEE32F1A66D10060596E /* KokuhakuImportGitHub in Frameworks */,
				2D3BBF0A2F1A68F70060596E /* KokuhakuStorageLocal in Frameworks */,
			);
			runOnlyForDeploymentPostprocessing = 0;
		};
/* End PBXFrameworksBuildPhase section */

/* Begin PBXGroup section */
		2D3BBE0F2F1A2A850060596E = {
			isa = PBXGroup;
			children = (
				2D3BBE1A2F1A2A860060596E /* kokuhaku_tvos */,
				2D3BBE282F1A2A870060596E /* kokuhaku_tvosTests */,
				2D3BBE322F1A2A870060596E /* kokuhaku_tvosUITests */,
				2D3BBE432F1A2B900060596E /* Frameworks */,
				2D3BBE192F1A2A860060596E /* Products */,
			);
			sourceTree = "<group>";
		};
		2D3BBE192F1A2A860060596E /* Products */ = {
			isa = PBXGroup;
			children = (
				2D3BBE182F1A2A860060596E /* kokuhaku_tvos.app */,
				2D3BBE252F1A2A870060596E /* kokuhaku_tvosTests.xctest */,
				2D3BBE2F2F1A2A870060596E /* kokuhaku_tvosUITests.xctest */,
			);
			name = Products;
			sourceTree = "<group>";
		};
		2D3BBE432F1A2B900060596E /* Frameworks */ = {
			isa = PBXGroup;
			children = (
			);
			name = Frameworks;
			sourceTree = "<group>";
		};
/* End PBXGroup section */

/* Begin PBXNativeTarget section */
		2D3BBE172F1A2A860060596E /* kokuhaku_tvos */ = {
			isa = PBXNativeTarget;
			buildConfigurationList = 2D3BBE392F1A2A870060596E /* Build configuration list for PBXNativeTarget "kokuhaku_tvos" */;
			buildPhases = (
				2D3BBE142F1A2A860060596E /* Sources */,
				2D3BBE152F1A2A860060596E /* Frameworks */,
				2D3BBE162F1A2A860060596E /* Resources */,
			);
			buildRules = (
			);
			dependencies = (
			);
			fileSystemSynchronizedGroups = (
				2D3BBE1A2F1A2A860060596E /* kokuhaku_tvos */,
			);
			name = kokuhaku_tvos;
			packageProductDependencies = (
				2D3BBE442F1A2B900060596E /* KokuhakuCore */,
				2D3BBE912F1A3C020060596E /* KokuhakuCloudKit */,
				2D3BBEE02F1A66C90060596E /* KokuhakuImportGitHub */,
				2D3BBF052F1A68EA0060596E /* KokuhakuStorageLocal */,
				2D3BBF202F1A6BE70060596E /* KokuhakuFlowCatalog */,
				2D3BBF3D2F1A6DFC0060596E /* KokuhakuDeviceSync */,
				2D3BBF602F1A70A40060596E /* KokuhakuNotifications */,
				2D3BBFB52F1A7DFE0060596E /* KokuhakuFlowExecution */,
			);
			productName = kokuhaku_tvos;
			productReference = 2D3BBE182F1A2A860060596E /* kokuhaku_tvos.app */;
			productType = "com.apple.product-type.application";
		};
		2D3BBE242F1A2A870060596E /* kokuhaku_tvosTests */ = {
			isa = PBXNativeTarget;
			buildConfigurationList = 2D3BBE3C2F1A2A870060596E /* Build configuration list for PBXNativeTarget "kokuhaku_tvosTests" */;
			buildPhases = (
				2D3BBE212F1A2A870060596E /* Sources */,
				2D3BBE222F1A2A870060596E /* Frameworks */,
				2D3BBE232F1A2A870060596E /* Resources */,
			);
			buildRules = (
			);
			dependencies = (
				2D3BBE272F1A2A870060596E /* PBXTargetDependency */,
			);
			fileSystemSynchronizedGroups = (
				2D3BBE282F1A2A870060596E /* kokuhaku_tvosTests */,
			);
			name = kokuhaku_tvosTests;
			packageProductDependencies = (
				2D3BBE462F1A2BB10060596E /* KokuhakuCore */,
				2D3BBE932F1A3C0C0060596E /* KokuhakuCloudKit */,
				2D3BBEE42F1A66D70060596E /* KokuhakuImportGitHub */,
				2D3BBF072F1A68F10060596E /* KokuhakuStorageLocal */,
				2D3BBF242F1A6BF30060596E /* KokuhakuFlowCatalog */,
				2D3BBF3F2F1A6E030060596E /* KokuhakuDeviceSync */,
				2D3BBF642F1A70B10060596E /* KokuhakuNotifications */,
				2D3BBFB72F1A7E040060596E /* KokuhakuFlowExecution */,
			);
			productName = kokuhaku_tvosTests;
			productReference = 2D3BBE252F1A2A870060596E /* kokuhaku_tvosTests.xctest */;
			productType = "com.apple.product-type.bundle.unit-test";
		};
		2D3BBE2E2F1A2A870060596E /* kokuhaku_tvosUITests */ = {
			isa = PBXNativeTarget;
			buildConfigurationList = 2D3BBE3F2F1A2A870060596E /* Build configuration list for PBXNativeTarget "kokuhaku_tvosUITests" */;
			buildPhases = (
				2D3BBE2B2F1A2A870060596E /* Sources */,
				2D3BBE2C2F1A2A870060596E /* Frameworks */,
				2D3BBE2D2F1A2A870060596E /* Resources */,
			);
			buildRules = (
			);
			dependencies = (
				2D3BBE312F1A2A870060596E /* PBXTargetDependency */,
			);
			fileSystemSynchronizedGroups = (
				2D3BBE322F1A2A870060596E /* kokuhaku_tvosUITests */,
			);
			name = kokuhaku_tvosUITests;
			packageProductDependencies = (
				2D3BBE482F1A2BBB0060596E /* KokuhakuCore */,
				2D3BBE952F1A3C130060596E /* KokuhakuCloudKit */,
				2D3BBEE22F1A66D10060596E /* KokuhakuImportGitHub */,
				2D3BBF092F1A68F70060596E /* KokuhakuStorageLocal */,
				2D3BBF222F1A6BEE0060596E /* KokuhakuFlowCatalog */,
				2D3BBF412F1A6E130060596E /* KokuhakuDeviceSync */,
				2D3BBF622F1A70A90060596E /* KokuhakuNotifications */,
				2D3BBFB92F1A7E0A0060596E /* KokuhakuFlowExecution */,
			);
			productName = kokuhaku_tvosUITests;
			productReference = 2D3BBE2F2F1A2A870060596E /* kokuhaku_tvosUITests.xctest */;
			productType = "com.apple.product-type.bundle.ui-testing";
		};
/* End PBXNativeTarget section */

/* Begin PBXProject section */
		2D3BBE102F1A2A850060596E /* Project object */ = {
			isa = PBXProject;
			attributes = {
				BuildIndependentTargetsInParallel = 1;
				LastSwiftUpdateCheck = 2620;
				LastUpgradeCheck = 2620;
				TargetAttributes = {
					2D3BBE172F1A2A860060596E = {
						CreatedOnToolsVersion = 26.2;
					};
					2D3BBE242F1A2A870060596E = {
						CreatedOnToolsVersion = 26.2;
						TestTargetID = 2D3BBE172F1A2A860060596E;
					};
					2D3BBE2E2F1A2A870060596E = {
						CreatedOnToolsVersion = 26.2;
						TestTargetID = 2D3BBE172F1A2A860060596E;
					};
				};
			};
			buildConfigurationList = 2D3BBE132F1A2A850060596E /* Build configuration list for PBXProject "kokuhaku_tvos" */;
			developmentRegion = en;
			hasScannedForEncodings = 0;
			knownRegions = (
				en,
				Base,
			);
			mainGroup = 2D3BBE0F2F1A2A850060596E;
			minimizedProjectReferenceProxies = 1;
			packageReferences = (
				2D3BBE422F1A2B820060596E /* XCLocalSwiftPackageReference "../../Shared/KokuhakuCore" */,
				2D3BBE902F1A3C020060596E /* XCLocalSwiftPackageReference "../../Shared/KokuhakuCloudKit" */,
				2D3BBEDF2F1A66C90060596E /* XCLocalSwiftPackageReference "../../Shared/KokuhakuImportGitHub" */,
				2D3BBF042F1A68EA0060596E /* XCLocalSwiftPackageReference "../../Shared/KokuhakuStorageLocal" */,
				2D3BBF1F2F1A6BE70060596E /* XCLocalSwiftPackageReference "../../Shared/KokuhakuFlowCatalog" */,
				2D3BBF3C2F1A6DFC0060596E /* XCLocalSwiftPackageReference "../../Shared/KokuhakuDeviceSync" */,
				2D3BBF5F2F1A70A40060596E /* XCLocalSwiftPackageReference "../../Shared/KokuhakuNotifications" */,
				2D3BBFB42F1A7DFE0060596E /* XCLocalSwiftPackageReference "../../Shared/KokuhakuFlowExecution" */,
			);
			preferredProjectObjectVersion = 77;
			productRefGroup = 2D3BBE192F1A2A860060596E /* Products */;
			projectDirPath = "";
			projectRoot = "";
			targets = (
				2D3BBE172F1A2A860060596E /* kokuhaku_tvos */,
				2D3BBE242F1A2A870060596E /* kokuhaku_tvosTests */,
				2D3BBE2E2F1A2A870060596E /* kokuhaku_tvosUITests */,
			);
		};
/* End PBXProject section */

/* Begin PBXResourcesBuildPhase section */
		2D3BBE162F1A2A860060596E /* Resources */ = {
			isa = PBXResourcesBuildPhase;
			buildActionMask = 2147483647;
			files = (
			);
			runOnlyForDeploymentPostprocessing = 0;
		};
		2D3BBE232F1A2A870060596E /* Resources */ = {
			isa = PBXResourcesBuildPhase;
			buildActionMask = 2147483647;
			files = (
			);
			runOnlyForDeploymentPostprocessing = 0;
		};
		2D3BBE2D2F1A2A870060596E /* Resources */ = {
			isa = PBXResourcesBuildPhase;
			buildActionMask = 2147483647;
			files = (
			);
			runOnlyForDeploymentPostprocessing = 0;
		};
/* End PBXResourcesBuildPhase section */

/* Begin PBXSourcesBuildPhase section */
		2D3BBE142F1A2A860060596E /* Sources */ = {
			isa = PBXSourcesBuildPhase;
			buildActionMask = 2147483647;
			files = (
			);
			runOnlyForDeploymentPostprocessing = 0;
		};
		2D3BBE212F1A2A870060596E /* Sources */ = {
			isa = PBXSourcesBuildPhase;
			buildActionMask = 2147483647;
			files = (
			);
			runOnlyForDeploymentPostprocessing = 0;
		};
		2D3BBE2B2F1A2A870060596E /* Sources */ = {
			isa = PBXSourcesBuildPhase;
			buildActionMask = 2147483647;
			files = (
			);
			runOnlyForDeploymentPostprocessing = 0;
		};
/* End PBXSourcesBuildPhase section */

/* Begin PBXTargetDependency section */
		2D3BBE272F1A2A870060596E /* PBXTargetDependency */ = {
			isa = PBXTargetDependency;
			target = 2D3BBE172F1A2A860060596E /* kokuhaku_tvos */;
			targetProxy = 2D3BBE262F1A2A870060596E /* PBXContainerItemProxy */;
		};
		2D3BBE312F1A2A870060596E /* PBXTargetDependency */ = {
			isa = PBXTargetDependency;
			target = 2D3BBE172F1A2A860060596E /* kokuhaku_tvos */;
			targetProxy = 2D3BBE302F1A2A870060596E /* PBXContainerItemProxy */;
		};
/* End PBXTargetDependency section */

/* Begin XCBuildConfiguration section */
		2D3BBE372F1A2A870060596E /* Debug */ = {
			isa = XCBuildConfiguration;
			buildSettings = {
				ALWAYS_SEARCH_USER_PATHS = NO;
				ASSETCATALOG_COMPILER_GENERATE_SWIFT_ASSET_SYMBOL_EXTENSIONS = YES;
				CLANG_ANALYZER_NONNULL = YES;
				CLANG_ANALYZER_NUMBER_OBJECT_CONVERSION = YES_AGGRESSIVE;
				CLANG_CXX_LANGUAGE_STANDARD = "gnu++20";
				CLANG_ENABLE_MODULES = YES;
				CLANG_ENABLE_OBJC_ARC = YES;
				CLANG_ENABLE_OBJC_WEAK = YES;
				CLANG_WARN_BLOCK_CAPTURE_AUTORELEASING = YES;
				CLANG_WARN_BOOL_CONVERSION = YES;
				CLANG_WARN_COMMA = YES;
				CLANG_WARN_CONSTANT_CONVERSION = YES;
				CLANG_WARN_DEPRECATED_OBJC_IMPLEMENTATIONS = YES;
				CLANG_WARN_DIRECT_OBJC_ISA_USAGE = YES_ERROR;
				CLANG_WARN_DOCUMENTATION_COMMENTS = YES;
				CLANG_WARN_EMPTY_BODY = YES;
				CLANG_WARN_ENUM_CONVERSION = YES;
				CLANG_WARN_INFINITE_RECURSION = YES;
				CLANG_WARN_INT_CONVERSION = YES;
				CLANG_WARN_NON_LITERAL_NULL_CONVERSION = YES;
				CLANG_WARN_OBJC_IMPLICIT_RETAIN_SELF = YES;
				CLANG_WARN_OBJC_LITERAL_CONVERSION = YES;
				CLANG_WARN_OBJC_ROOT_CLASS = YES_ERROR;
				CLANG_WARN_QUOTED_INCLUDE_IN_FRAMEWORK_HEADER = YES;
				CLANG_WARN_RANGE_LOOP_ANALYSIS = YES;
				CLANG_WARN_STRICT_PROTOTYPES = YES;
				CLANG_WARN_SUSPICIOUS_MOVE = YES;
				CLANG_WARN_UNGUARDED_AVAILABILITY = YES_AGGRESSIVE;
				CLANG_WARN_UNREACHABLE_CODE = YES;
				CLANG_WARN__DUPLICATE_METHOD_MATCH = YES;
				COPY_PHASE_STRIP = NO;
				DEBUG_INFORMATION_FORMAT = dwarf;
				DEVELOPMENT_TEAM = 6MJCL4W8J6;
				ENABLE_STRICT_OBJC_MSGSEND = YES;
				ENABLE_TESTABILITY = YES;
				ENABLE_USER_SCRIPT_SANDBOXING = YES;
				GCC_C_LANGUAGE_STANDARD = gnu17;
				GCC_DYNAMIC_NO_PIC = NO;
				GCC_NO_COMMON_BLOCKS = YES;
				GCC_OPTIMIZATION_LEVEL = 0;
				GCC_PREPROCESSOR_DEFINITIONS = (
					"DEBUG=1",
					"$(inherited)",
				);
				GCC_WARN_64_TO_32_BIT_CONVERSION = YES;
				GCC_WARN_ABOUT_RETURN_TYPE = YES_ERROR;
				GCC_WARN_UNDECLARED_SELECTOR = YES;
				GCC_WARN_UNINITIALIZED_AUTOS = YES_AGGRESSIVE;
				GCC_WARN_UNUSED_FUNCTION = YES;
				GCC_WARN_UNUSED_VARIABLE = YES;
				LOCALIZATION_PREFERS_STRING_CATALOGS = YES;
				MTL_ENABLE_DEBUG_INFO = INCLUDE_SOURCE;
				MTL_FAST_MATH = YES;
				ONLY_ACTIVE_ARCH = YES;
				SDKROOT = appletvos;
				SWIFT_ACTIVE_COMPILATION_CONDITIONS = "DEBUG $(inherited)";
				SWIFT_OPTIMIZATION_LEVEL = "-Onone";
				TVOS_DEPLOYMENT_TARGET = 26.2;
			};
			name = Debug;
		};
		2D3BBE382F1A2A870060596E /* Release */ = {
			isa = XCBuildConfiguration;
			buildSettings = {
				ALWAYS_SEARCH_USER_PATHS = NO;
				ASSETCATALOG_COMPILER_GENERATE_SWIFT_ASSET_SYMBOL_EXTENSIONS = YES;
				CLANG_ANALYZER_NONNULL = YES;
				CLANG_ANALYZER_NUMBER_OBJECT_CONVERSION = YES_AGGRESSIVE;
				CLANG_CXX_LANGUAGE_STANDARD = "gnu++20";
				CLANG_ENABLE_MODULES = YES;
				CLANG_ENABLE_OBJC_ARC = YES;
				CLANG_ENABLE_OBJC_WEAK = YES;
				CLANG_WARN_BLOCK_CAPTURE_AUTORELEASING = YES;
				CLANG_WARN_BOOL_CONVERSION = YES;
				CLANG_WARN_COMMA = YES;
				CLANG_WARN_CONSTANT_CONVERSION = YES;
				CLANG_WARN_DEPRECATED_OBJC_IMPLEMENTATIONS = YES;
				CLANG_WARN_DIRECT_OBJC_ISA_USAGE = YES_ERROR;
				CLANG_WARN_DOCUMENTATION_COMMENTS = YES;
				CLANG_WARN_EMPTY_BODY = YES;
				CLANG_WARN_ENUM_CONVERSION = YES;
				CLANG_WARN_INFINITE_RECURSION = YES;
				CLANG_WARN_INT_CONVERSION = YES;
				CLANG_WARN_NON_LITERAL_NULL_CONVERSION = YES;
				CLANG_WARN_OBJC_IMPLICIT_RETAIN_SELF = YES;
				CLANG_WARN_OBJC_LITERAL_CONVERSION = YES;
				CLANG_WARN_OBJC_ROOT_CLASS = YES_ERROR;
				CLANG_WARN_QUOTED_INCLUDE_IN_FRAMEWORK_HEADER = YES;
				CLANG_WARN_RANGE_LOOP_ANALYSIS = YES;
				CLANG_WARN_STRICT_PROTOTYPES = YES;
				CLANG_WARN_SUSPICIOUS_MOVE = YES;
				CLANG_WARN_UNGUARDED_AVAILABILITY = YES_AGGRESSIVE;
				CLANG_WARN_UNREACHABLE_CODE = YES;
				CLANG_WARN__DUPLICATE_METHOD_MATCH = YES;
				COPY_PHASE_STRIP = NO;
				DEBUG_INFORMATION_FORMAT = "dwarf-with-dsym";
				DEVELOPMENT_TEAM = 6MJCL4W8J6;
				ENABLE_NS_ASSERTIONS = NO;
				ENABLE_STRICT_OBJC_MSGSEND = YES;
				ENABLE_USER_SCRIPT_SANDBOXING = YES;
				GCC_C_LANGUAGE_STANDARD = gnu17;
				GCC_NO_COMMON_BLOCKS = YES;
				GCC_WARN_64_TO_32_BIT_CONVERSION = YES;
				GCC_WARN_ABOUT_RETURN_TYPE = YES_ERROR;
				GCC_WARN_UNDECLARED_SELECTOR = YES;
				GCC_WARN_UNINITIALIZED_AUTOS = YES_AGGRESSIVE;
				GCC_WARN_UNUSED_FUNCTION = YES;
				GCC_WARN_UNUSED_VARIABLE = YES;
				LOCALIZATION_PREFERS_STRING_CATALOGS = YES;
				MTL_ENABLE_DEBUG_INFO = NO;
				MTL_FAST_MATH = YES;
				SDKROOT = appletvos;
				SWIFT_COMPILATION_MODE = wholemodule;
				TVOS_DEPLOYMENT_TARGET = 26.2;
				VALIDATE_PRODUCT = YES;
			};
			name = Release;
		};
		2D3BBE3A2F1A2A870060596E /* Debug */ = {
			isa = XCBuildConfiguration;
			buildSettings = {
				ASSETCATALOG_COMPILER_APPICON_NAME = "App Icon & Top Shelf Image";
				ASSETCATALOG_COMPILER_GLOBAL_ACCENT_COLOR_NAME = AccentColor;
				CODE_SIGN_STYLE = Automatic;
				CURRENT_PROJECT_VERSION = 1;
				DEVELOPMENT_TEAM = 6MJCL4W8J6;
				ENABLE_PREVIEWS = YES;
				GENERATE_INFOPLIST_FILE = YES;
				INFOPLIST_KEY_CFBundleDisplayName = Kokuhaku;
				INFOPLIST_KEY_LSApplicationCategoryType = "public.app-category.productivity";
				INFOPLIST_KEY_UILaunchScreen_Generation = YES;
				INFOPLIST_KEY_UIUserInterfaceStyle = Automatic;
				LD_RUNPATH_SEARCH_PATHS = (
					"$(inherited)",
					"@executable_path/Frameworks",
				);
				MARKETING_VERSION = 1.0;
				PRODUCT_BUNDLE_IDENTIFIER = de.nijida.kokuhaku.tvos.app;
				PRODUCT_NAME = "$(TARGET_NAME)";
				STRING_CATALOG_GENERATE_SYMBOLS = YES;
				SWIFT_APPROACHABLE_CONCURRENCY = YES;
				SWIFT_DEFAULT_ACTOR_ISOLATION = MainActor;
				SWIFT_EMIT_LOC_STRINGS = YES;
				SWIFT_UPCOMING_FEATURE_MEMBER_IMPORT_VISIBILITY = YES;
				SWIFT_VERSION = 5.0;
				TARGETED_DEVICE_FAMILY = 3;
				TVOS_DEPLOYMENT_TARGET = 17.6;
			};
			name = Debug;
		};
		2D3BBE3B2F1A2A870060596E /* Release */ = {
			isa = XCBuildConfiguration;
			buildSettings = {
				ASSETCATALOG_COMPILER_APPICON_NAME = "App Icon & Top Shelf Image";
				ASSETCATALOG_COMPILER_GLOBAL_ACCENT_COLOR_NAME = AccentColor;
				CODE_SIGN_STYLE = Automatic;
				CURRENT_PROJECT_VERSION = 1;
				DEVELOPMENT_TEAM = 6MJCL4W8J6;
				ENABLE_PREVIEWS = YES;
				GENERATE_INFOPLIST_FILE = YES;
				INFOPLIST_KEY_CFBundleDisplayName = Kokuhaku;
				INFOPLIST_KEY_LSApplicationCategoryType = "public.app-category.productivity";
				INFOPLIST_KEY_UILaunchScreen_Generation = YES;
				INFOPLIST_KEY_UIUserInterfaceStyle = Automatic;
				LD_RUNPATH_SEARCH_PATHS = (
					"$(inherited)",
					"@executable_path/Frameworks",
				);
				MARKETING_VERSION = 1.0;
				PRODUCT_BUNDLE_IDENTIFIER = de.nijida.kokuhaku.tvos.app;
				PRODUCT_NAME = "$(TARGET_NAME)";
				STRING_CATALOG_GENERATE_SYMBOLS = YES;
				SWIFT_APPROACHABLE_CONCURRENCY = YES;
				SWIFT_DEFAULT_ACTOR_ISOLATION = MainActor;
				SWIFT_EMIT_LOC_STRINGS = YES;
				SWIFT_UPCOMING_FEATURE_MEMBER_IMPORT_VISIBILITY = YES;
				SWIFT_VERSION = 5.0;
				TARGETED_DEVICE_FAMILY = 3;
				TVOS_DEPLOYMENT_TARGET = 17.6;
			};
			name = Release;
		};
		2D3BBE3D2F1A2A870060596E /* Debug */ = {
			isa = XCBuildConfiguration;
			buildSettings = {
				BUNDLE_LOADER = "$(TEST_HOST)";
				CODE_SIGN_STYLE = Automatic;
				CURRENT_PROJECT_VERSION = 1;
				DEVELOPMENT_TEAM = 6MJCL4W8J6;
				GENERATE_INFOPLIST_FILE = YES;
				MARKETING_VERSION = 1.0;
				PRODUCT_BUNDLE_IDENTIFIER = "de.nijida.kokuhaku-tvosTests";
				PRODUCT_NAME = "$(TARGET_NAME)";
				STRING_CATALOG_GENERATE_SYMBOLS = NO;
				SWIFT_APPROACHABLE_CONCURRENCY = YES;
				SWIFT_EMIT_LOC_STRINGS = NO;
				SWIFT_UPCOMING_FEATURE_MEMBER_IMPORT_VISIBILITY = YES;
				SWIFT_VERSION = 5.0;
				TARGETED_DEVICE_FAMILY = 3;
				TEST_HOST = "$(BUILT_PRODUCTS_DIR)/kokuhaku_tvos.app/$(BUNDLE_EXECUTABLE_FOLDER_PATH)/kokuhaku_tvos";
				TVOS_DEPLOYMENT_TARGET = 17.6;
			};
			name = Debug;
		};
		2D3BBE3E2F1A2A870060596E /* Release */ = {
			isa = XCBuildConfiguration;
			buildSettings = {
				BUNDLE_LOADER = "$(TEST_HOST)";
				CODE_SIGN_STYLE = Automatic;
				CURRENT_PROJECT_VERSION = 1;
				DEVELOPMENT_TEAM = 6MJCL4W8J6;
				GENERATE_INFOPLIST_FILE = YES;
				MARKETING_VERSION = 1.0;
				PRODUCT_BUNDLE_IDENTIFIER = "de.nijida.kokuhaku-tvosTests";
				PRODUCT_NAME = "$(TARGET_NAME)";
				STRING_CATALOG_GENERATE_SYMBOLS = NO;
				SWIFT_APPROACHABLE_CONCURRENCY = YES;
				SWIFT_EMIT_LOC_STRINGS = NO;
				SWIFT_UPCOMING_FEATURE_MEMBER_IMPORT_VISIBILITY = YES;
				SWIFT_VERSION = 5.0;
				TARGETED_DEVICE_FAMILY = 3;
				TEST_HOST = "$(BUILT_PRODUCTS_DIR)/kokuhaku_tvos.app/$(BUNDLE_EXECUTABLE_FOLDER_PATH)/kokuhaku_tvos";
				TVOS_DEPLOYMENT_TARGET = 17.6;
			};
			name = Release;
		};
		2D3BBE402F1A2A870060596E /* Debug */ = {
			isa = XCBuildConfiguration;
			buildSettings = {
				CODE_SIGN_STYLE = Automatic;
				CURRENT_PROJECT_VERSION = 1;
				DEVELOPMENT_TEAM = 6MJCL4W8J6;
				GENERATE_INFOPLIST_FILE = YES;
				MARKETING_VERSION = 1.0;
				PRODUCT_BUNDLE_IDENTIFIER = "de.nijida.kokuhaku-tvosUITests";
				PRODUCT_NAME = "$(TARGET_NAME)";
				STRING_CATALOG_GENERATE_SYMBOLS = NO;
				SWIFT_APPROACHABLE_CONCURRENCY = YES;
				SWIFT_EMIT_LOC_STRINGS = NO;
				SWIFT_UPCOMING_FEATURE_MEMBER_IMPORT_VISIBILITY = YES;
				SWIFT_VERSION = 5.0;
				TARGETED_DEVICE_FAMILY = 3;
				TEST_TARGET_NAME = kokuhaku_tvos;
				TVOS_DEPLOYMENT_TARGET = 17.6;
			};
			name = Debug;
		};
		2D3BBE412F1A2A870060596E /* Release */ = {
			isa = XCBuildConfiguration;
			buildSettings = {
				CODE_SIGN_STYLE = Automatic;
				CURRENT_PROJECT_VERSION = 1;
				DEVELOPMENT_TEAM = 6MJCL4W8J6;
				GENERATE_INFOPLIST_FILE = YES;
				MARKETING_VERSION = 1.0;
				PRODUCT_BUNDLE_IDENTIFIER = "de.nijida.kokuhaku-tvosUITests";
				PRODUCT_NAME = "$(TARGET_NAME)";
				STRING_CATALOG_GENERATE_SYMBOLS = NO;
				SWIFT_APPROACHABLE_CONCURRENCY = YES;
				SWIFT_EMIT_LOC_STRINGS = NO;
				SWIFT_UPCOMING_FEATURE_MEMBER_IMPORT_VISIBILITY = YES;
				SWIFT_VERSION = 5.0;
				TARGETED_DEVICE_FAMILY = 3;
				TEST_TARGET_NAME = kokuhaku_tvos;
				TVOS_DEPLOYMENT_TARGET = 17.6;
			};
			name = Release;
		};
/* End XCBuildConfiguration section */

/* Begin XCConfigurationList section */
		2D3BBE132F1A2A850060596E /* Build configuration list for PBXProject "kokuhaku_tvos" */ = {
			isa = XCConfigurationList;
			buildConfigurations = (
				2D3BBE372F1A2A870060596E /* Debug */,
				2D3BBE382F1A2A870060596E /* Release */,
			);
			defaultConfigurationIsVisible = 0;
			defaultConfigurationName = Release;
		};
		2D3BBE392F1A2A870060596E /* Build configuration list for PBXNativeTarget "kokuhaku_tvos" */ = {
			isa = XCConfigurationList;
			buildConfigurations = (
				2D3BBE3A2F1A2A870060596E /* Debug */,
				2D3BBE3B2F1A2A870060596E /* Release */,
			);
			defaultConfigurationIsVisible = 0;
			defaultConfigurationName = Release;
		};
		2D3BBE3C2F1A2A870060596E /* Build configuration list for PBXNativeTarget "kokuhaku_tvosTests" */ = {
			isa = XCConfigurationList;
			buildConfigurations = (
				2D3BBE3D2F1A2A870060596E /* Debug */,
				2D3BBE3E2F1A2A870060596E /* Release */,
			);
			defaultConfigurationIsVisible = 0;
			defaultConfigurationName = Release;
		};
		2D3BBE3F2F1A2A870060596E /* Build configuration list for PBXNativeTarget "kokuhaku_tvosUITests" */ = {
			isa = XCConfigurationList;
			buildConfigurations = (
				2D3BBE402F1A2A870060596E /* Debug */,
				2D3BBE412F1A2A870060596E /* Release */,
			);
			defaultConfigurationIsVisible = 0;
			defaultConfigurationName = Release;
		};
/* End XCConfigurationList section */

/* Begin XCLocalSwiftPackageReference section */
		2D3BBE422F1A2B820060596E /* XCLocalSwiftPackageReference "../../Shared/KokuhakuCore" */ = {
			isa = XCLocalSwiftPackageReference;
			relativePath = ../../Shared/KokuhakuCore;
		};
		2D3BBE902F1A3C020060596E /* XCLocalSwiftPackageReference "../../Shared/KokuhakuCloudKit" */ = {
			isa = XCLocalSwiftPackageReference;
			relativePath = ../../Shared/KokuhakuCloudKit;
		};
		2D3BBEDF2F1A66C90060596E /* XCLocalSwiftPackageReference "../../Shared/KokuhakuImportGitHub" */ = {
			isa = XCLocalSwiftPackageReference;
			relativePath = ../../Shared/KokuhakuImportGitHub;
		};
		2D3BBF042F1A68EA0060596E /* XCLocalSwiftPackageReference "../../Shared/KokuhakuStorageLocal" */ = {
			isa = XCLocalSwiftPackageReference;
			relativePath = ../../Shared/KokuhakuStorageLocal;
		};
		2D3BBF1F2F1A6BE70060596E /* XCLocalSwiftPackageReference "../../Shared/KokuhakuFlowCatalog" */ = {
			isa = XCLocalSwiftPackageReference;
			relativePath = ../../Shared/KokuhakuFlowCatalog;
		};
		2D3BBF3C2F1A6DFC0060596E /* XCLocalSwiftPackageReference "../../Shared/KokuhakuDeviceSync" */ = {
			isa = XCLocalSwiftPackageReference;
			relativePath = ../../Shared/KokuhakuDeviceSync;
		};
		2D3BBF5F2F1A70A40060596E /* XCLocalSwiftPackageReference "../../Shared/KokuhakuNotifications" */ = {
			isa = XCLocalSwiftPackageReference;
			relativePath = ../../Shared/KokuhakuNotifications;
		};
		2D3BBFB42F1A7DFE0060596E /* XCLocalSwiftPackageReference "../../Shared/KokuhakuFlowExecution" */ = {
			isa = XCLocalSwiftPackageReference;
			relativePath = ../../Shared/KokuhakuFlowExecution;
		};
/* End XCLocalSwiftPackageReference section */

/* Begin XCSwiftPackageProductDependency section */
		2D3BBE442F1A2B900060596E /* KokuhakuCore */ = {
			isa = XCSwiftPackageProductDependency;
			package = 2D3BBE422F1A2B820060596E /* XCLocalSwiftPackageReference "../../Shared/KokuhakuCore" */;
			productName = KokuhakuCore;
		};
		2D3BBE462F1A2BB10060596E /* KokuhakuCore */ = {
			isa = XCSwiftPackageProductDependency;
			package = 2D3BBE422F1A2B820060596E /* XCLocalSwiftPackageReference "../../Shared/KokuhakuCore" */;
			productName = KokuhakuCore;
		};
		2D3BBE482F1A2BBB0060596E /* KokuhakuCore */ = {
			isa = XCSwiftPackageProductDependency;
			package = 2D3BBE422F1A2B820060596E /* XCLocalSwiftPackageReference "../../Shared/KokuhakuCore" */;
			productName = KokuhakuCore;
		};
		2D3BBE912F1A3C020060596E /* KokuhakuCloudKit */ = {
			isa = XCSwiftPackageProductDependency;
			productName = KokuhakuCloudKit;
		};
		2D3BBE932F1A3C0C0060596E /* KokuhakuCloudKit */ = {
			isa = XCSwiftPackageProductDependency;
			package = 2D3BBE902F1A3C020060596E /* XCLocalSwiftPackageReference "../../Shared/KokuhakuCloudKit" */;
			productName = KokuhakuCloudKit;
		};
		2D3BBE952F1A3C130060596E /* KokuhakuCloudKit */ = {
			isa = XCSwiftPackageProductDependency;
			package = 2D3BBE902F1A3C020060596E /* XCLocalSwiftPackageReference "../../Shared/KokuhakuCloudKit" */;
			productName = KokuhakuCloudKit;
		};
		2D3BBEE02F1A66C90060596E /* KokuhakuImportGitHub */ = {
			isa = XCSwiftPackageProductDependency;
			productName = KokuhakuImportGitHub;
		};
		2D3BBEE22F1A66D10060596E /* KokuhakuImportGitHub */ = {
			isa = XCSwiftPackageProductDependency;
			package = 2D3BBEDF2F1A66C90060596E /* XCLocalSwiftPackageReference "../../Shared/KokuhakuImportGitHub" */;
			productName = KokuhakuImportGitHub;
		};
		2D3BBEE42F1A66D70060596E /* KokuhakuImportGitHub */ = {
			isa = XCSwiftPackageProductDependency;
			package = 2D3BBEDF2F1A66C90060596E /* XCLocalSwiftPackageReference "../../Shared/KokuhakuImportGitHub" */;
			productName = KokuhakuImportGitHub;
		};
		2D3BBF052F1A68EA0060596E /* KokuhakuStorageLocal */ = {
			isa = XCSwiftPackageProductDependency;
			productName = KokuhakuStorageLocal;
		};
		2D3BBF072F1A68F10060596E /* KokuhakuStorageLocal */ = {
			isa = XCSwiftPackageProductDependency;
			package = 2D3BBF042F1A68EA0060596E /* XCLocalSwiftPackageReference "../../Shared/KokuhakuStorageLocal" */;
			productName = KokuhakuStorageLocal;
		};
		2D3BBF092F1A68F70060596E /* KokuhakuStorageLocal */ = {
			isa = XCSwiftPackageProductDependency;
			package = 2D3BBF042F1A68EA0060596E /* XCLocalSwiftPackageReference "../../Shared/KokuhakuStorageLocal" */;
			productName = KokuhakuStorageLocal;
		};
		2D3BBF202F1A6BE70060596E /* KokuhakuFlowCatalog */ = {
			isa = XCSwiftPackageProductDependency;
			productName = KokuhakuFlowCatalog;
		};
		2D3BBF222F1A6BEE0060596E /* KokuhakuFlowCatalog */ = {
			isa = XCSwiftPackageProductDependency;
			package = 2D3BBF1F2F1A6BE70060596E /* XCLocalSwiftPackageReference "../../Shared/KokuhakuFlowCatalog" */;
			productName = KokuhakuFlowCatalog;
		};
		2D3BBF242F1A6BF30060596E /* KokuhakuFlowCatalog */ = {
			isa = XCSwiftPackageProductDependency;
			package = 2D3BBF1F2F1A6BE70060596E /* XCLocalSwiftPackageReference "../../Shared/KokuhakuFlowCatalog" */;
			productName = KokuhakuFlowCatalog;
		};
		2D3BBF3D2F1A6DFC0060596E /* KokuhakuDeviceSync */ = {
			isa = XCSwiftPackageProductDependency;
			productName = KokuhakuDeviceSync;
		};
		2D3BBF3F2F1A6E030060596E /* KokuhakuDeviceSync */ = {
			isa = XCSwiftPackageProductDependency;
			package = 2D3BBF3C2F1A6DFC0060596E /* XCLocalSwiftPackageReference "../../Shared/KokuhakuDeviceSync" */;
			productName = KokuhakuDeviceSync;
		};
		2D3BBF412F1A6E130060596E /* KokuhakuDeviceSync */ = {
			isa = XCSwiftPackageProductDependency;
			package = 2D3BBF3C2F1A6DFC0060596E /* XCLocalSwiftPackageReference "../../Shared/KokuhakuDeviceSync" */;
			productName = KokuhakuDeviceSync;
		};
		2D3BBF602F1A70A40060596E /* KokuhakuNotifications */ = {
			isa = XCSwiftPackageProductDependency;
			productName = KokuhakuNotifications;
		};
		2D3BBF622F1A70A90060596E /* KokuhakuNotifications */ = {
			isa = XCSwiftPackageProductDependency;
			package = 2D3BBF5F2F1A70A40060596E /* XCLocalSwiftPackageReference "../../Shared/KokuhakuNotifications" */;
			productName = KokuhakuNotifications;
		};
		2D3BBF642F1A70B10060596E /* KokuhakuNotifications */ = {
			isa = XCSwiftPackageProductDependency;
			package = 2D3BBF5F2F1A70A40060596E /* XCLocalSwiftPackageReference "../../Shared/KokuhakuNotifications" */;
			productName = KokuhakuNotifications;
		};
		2D3BBFB52F1A7DFE0060596E /* KokuhakuFlowExecution */ = {
			isa = XCSwiftPackageProductDependency;
			productName = KokuhakuFlowExecution;
		};
		2D3BBFB72F1A7E040060596E /* KokuhakuFlowExecution */ = {
			isa = XCSwiftPackageProductDependency;
			package = 2D3BBFB42F1A7DFE0060596E /* XCLocalSwiftPackageReference "../../Shared/KokuhakuFlowExecution" */;
			productName = KokuhakuFlowExecution;
		};
		2D3BBFB92F1A7E0A0060596E /* KokuhakuFlowExecution */ = {
			isa = XCSwiftPackageProductDependency;
			package = 2D3BBFB42F1A7DFE0060596E /* XCLocalSwiftPackageReference "../../Shared/KokuhakuFlowExecution" */;
			productName = KokuhakuFlowExecution;
		};
/* End XCSwiftPackageProductDependency section */
	};
	rootObject = 2D3BBE102F1A2A850060596E /* Project object */;
}
