// !$*UTF8*$!
{
	archiveVersion = 1;
	classes = {
	};
	objectVersion = 77;
	objects = {

/* Begin PBXBuildFile section */
		2D3BBDFF2F1A24DD0060596E /* KokuhakuCore in Frameworks */ = {isa = PBXBuildFile; productRef = 2D3BBDFE2F1A24DD0060596E /* KokuhakuCore */; };
		2D3BBEA62F1A3C6A0060596E /* KokuhakuCloudKit in Frameworks */ = {isa = PBXBuildFile; productRef = 2D3BBEA52F1A3C6A0060596E /* KokuhakuCloudKit */; };
		2D3BBEBC2F1A60C60060596E /* KokuhakuImportLocal in Frameworks */ = {isa = PBXBuildFile; productRef = 2D3BBEBB2F1A60C60060596E /* KokuhakuImportLocal */; };
		2D3BBED22F1A64C10060596E /* KokuhakuImportGit in Frameworks */ = {isa = PBXBuildFile; productRef = 2D3BBED12F1A64C10060596E /* KokuhakuImportGit */; };
		2D3BBEEF2F1A670E0060596E /* KokuhakuImportGitHub in Frameworks */ = {isa = PBXBuildFile; productRef = 2D3BBEEE2F1A670E0060596E /* KokuhakuImportGitHub */; };
		2D3BBF122F1A69320060596E /* KokuhakuStorageLocal in Frameworks */ = {isa = PBXBuildFile; productRef = 2D3BBF112F1A69320060596E /* KokuhakuStorageLocal */; };
		2D3BBF2F2F1A6C2E0060596E /* KokuhakuFlowCatalog in Frameworks */ = {isa = PBXBuildFile; productRef = 2D3BBF2E2F1A6C2E0060596E /* KokuhakuFlowCatalog */; };
		2D3BBF522F1A6E790060596E /* KokuhakuDeviceSync in Frameworks */ = {isa = PBXBuildFile; productRef = 2D3BBF512F1A6E790060596E /* KokuhakuDeviceSync */; };
		2D3BBF752F1A70F80060596E /* KokuhakuNotifications in Frameworks */ = {isa = PBXBuildFile; productRef = 2D3BBF742F1A70F80060596E /* KokuhakuNotifications */; };
		2D3BBF912F1A77660060596E /* KokuhakuHealthKit in Frameworks */ = {isa = PBXBuildFile; productRef = 2D3BBF902F1A77660060596E /* KokuhakuHealthKit */; };
		2D3BBFA72F1A78910060596E /* KokuhakuAnalytics in Frameworks */ = {isa = PBXBuildFile; productRef = 2D3BBFA62F1A78910060596E /* KokuhakuAnalytics */; };
		2D3BBFCA2F1A7E500060596E /* KokuhakuFlowExecution in Frameworks */ = {isa = PBXBuildFile; productRef = 2D3BBFC92F1A7E500060596E /* KokuhakuFlowExecution */; };
		2D3BC1802F1BAF1B0060596E /* ArgumentParser in Frameworks */ = {isa = PBXBuildFile; productRef = 2D3BC17F2F1BAF1B0060596E /* ArgumentParser */; };
		2D3BC1822F1BAF1B0060596E /* generate-docc-reference in Frameworks */ = {isa = PBXBuildFile; productRef = 2D3BC1812F1BAF1B0060596E /* generate-docc-reference */; };
		2D3BC1842F1BAF1B0060596E /* generate-manual in Frameworks */ = {isa = PBXBuildFile; productRef = 2D3BC1832F1BAF1B0060596E /* generate-manual */; };
/* End PBXBuildFile section */

/* Begin PBXCopyFilesBuildPhase section */
		2D3BBD332F18EA160060596E /* CopyFiles */ = {
			isa = PBXCopyFilesBuildPhase;
			buildActionMask = 2147483647;
			dstPath = /usr/share/man/man1/;
			dstSubfolderSpec = 0;
			files = (
			);
			runOnlyForDeploymentPostprocessing = 1;
		};
/* End PBXCopyFilesBuildPhase section */

/* Begin PBXFileReference section */
		2D3BBD352F18EA160060596E /* kokuhaku_macos_cli */ = {isa = PBXFileReference; explicitFileType = "compiled.mach-o.executable"; includeInIndex = 0; path = kokuhaku_macos_cli; sourceTree = BUILT_PRODUCTS_DIR; };
/* End PBXFileReference section */

/* Begin PBXFileSystemSynchronizedRootGroup section */
		2D3BBD372F18EA160060596E /* kokuhaku_macos_cli */ = {
			isa = PBXFileSystemSynchronizedRootGroup;
			path = kokuhaku_macos_cli;
			sourceTree = "<group>";
		};
/* End PBXFileSystemSynchronizedRootGroup section */

/* Begin PBXFrameworksBuildPhase section */
		2D3BBD322F18EA160060596E /* Frameworks */ = {
			isa = PBXFrameworksBuildPhase;
			buildActionMask = 2147483647;
			files = (
				2D3BBEA62F1A3C6A0060596E /* KokuhakuCloudKit in Frameworks */,
				2D3BBEBC2F1A60C60060596E /* KokuhakuImportLocal in Frameworks */,
				2D3BBF752F1A70F80060596E /* KokuhakuNotifications in Frameworks */,
				2D3BBF522F1A6E790060596E /* KokuhakuDeviceSync in Frameworks */,
				2D3BC1822F1BAF1B0060596E /* generate-docc-reference in Frameworks */,
				2D3BBFCA2F1A7E500060596E /* KokuhakuFlowExecution in Frameworks */,
				2D3BBF912F1A77660060596E /* KokuhakuHealthKit in Frameworks */,
				2D3BC1802F1BAF1B0060596E /* ArgumentParser in Frameworks */,
				2D3BC1842F1BAF1B0060596E /* generate-manual in Frameworks */,
				2D3BBEEF2F1A670E0060596E /* KokuhakuImportGitHub in Frameworks */,
				2D3BBDFF2F1A24DD0060596E /* KokuhakuCore in Frameworks */,
				2D3BBFA72F1A78910060596E /* KokuhakuAnalytics in Frameworks */,
				2D3BBED22F1A64C10060596E /* KokuhakuImportGit in Frameworks */,
				2D3BBF2F2F1A6C2E0060596E /* KokuhakuFlowCatalog in Frameworks */,
				2D3BBF122F1A69320060596E /* KokuhakuStorageLocal in Frameworks */,
			);
			runOnlyForDeploymentPostprocessing = 0;
		};
/* End PBXFrameworksBuildPhase section */

/* Begin PBXGroup section */
		2D3BBD2C2F18EA160060596E = {
			isa = PBXGroup;
			children = (
				2D3BBD372F18EA160060596E /* kokuhaku_macos_cli */,
				2D3BBE542F1A2C240060596E /* Frameworks */,
				2D3BBD362F18EA160060596E /* Products */,
			);
			sourceTree = "<group>";
		};
		2D3BBD362F18EA160060596E /* Products */ = {
			isa = PBXGroup;
			children = (
				2D3BBD352F18EA160060596E /* kokuhaku_macos_cli */,
			);
			name = Products;
			sourceTree = "<group>";
		};
		2D3BBE542F1A2C240060596E /* Frameworks */ = {
			isa = PBXGroup;
			children = (
			);
			name = Frameworks;
			sourceTree = "<group>";
		};
/* End PBXGroup section */

/* Begin PBXNativeTarget section */
		2D3BBD342F18EA160060596E /* kokuhaku_macos_cli */ = {
			isa = PBXNativeTarget;
			buildConfigurationList = 2D3BBD3C2F18EA160060596E /* Build configuration list for PBXNativeTarget "kokuhaku_macos_cli" */;
			buildPhases = (
				2D3BBD312F18EA160060596E /* Sources */,
				2D3BBD322F18EA160060596E /* Frameworks */,
				2D3BBD332F18EA160060596E /* CopyFiles */,
			);
			buildRules = (
			);
			dependencies = (
			);
			fileSystemSynchronizedGroups = (
				2D3BBD372F18EA160060596E /* kokuhaku_macos_cli */,
			);
			name = kokuhaku_macos_cli;
			packageProductDependencies = (
				2D3BBDFE2F1A24DD0060596E /* KokuhakuCore */,
				2D3BBEA52F1A3C6A0060596E /* KokuhakuCloudKit */,
				2D3BBEBB2F1A60C60060596E /* KokuhakuImportLocal */,
				2D3BBED12F1A64C10060596E /* KokuhakuImportGit */,
				2D3BBEEE2F1A670E0060596E /* KokuhakuImportGitHub */,
				2D3BBF112F1A69320060596E /* KokuhakuStorageLocal */,
				2D3BBF2E2F1A6C2E0060596E /* KokuhakuFlowCatalog */,
				2D3BBF512F1A6E790060596E /* KokuhakuDeviceSync */,
				2D3BBF742F1A70F80060596E /* KokuhakuNotifications */,
				2D3BBF902F1A77660060596E /* KokuhakuHealthKit */,
				2D3BBFA62F1A78910060596E /* KokuhakuAnalytics */,
				2D3BBFC92F1A7E500060596E /* KokuhakuFlowExecution */,
				2D3BC17F2F1BAF1B0060596E /* ArgumentParser */,
				2D3BC1812F1BAF1B0060596E /* generate-docc-reference */,
				2D3BC1832F1BAF1B0060596E /* generate-manual */,
			);
			productName = kokuhaku_macos_cli;
			productReference = 2D3BBD352F18EA160060596E /* kokuhaku_macos_cli */;
			productType = "com.apple.product-type.tool";
		};
/* End PBXNativeTarget section */

/* Begin PBXProject section */
		2D3BBD2D2F18EA160060596E /* Project object */ = {
			isa = PBXProject;
			attributes = {
				BuildIndependentTargetsInParallel = 1;
				LastSwiftUpdateCheck = 2620;
				LastUpgradeCheck = 2620;
				TargetAttributes = {
					2D3BBD342F18EA160060596E = {
						CreatedOnToolsVersion = 26.2;
						LastSwiftMigration = 2620;
					};
				};
			};
			buildConfigurationList = 2D3BBD302F18EA160060596E /* Build configuration list for PBXProject "kokuhaku_macos_cli" */;
			developmentRegion = en;
			hasScannedForEncodings = 0;
			knownRegions = (
				en,
				Base,
			);
			mainGroup = 2D3BBD2C2F18EA160060596E;
			minimizedProjectReferenceProxies = 1;
			packageReferences = (
				2D3BBDFD2F1A24DD0060596E /* XCLocalSwiftPackageReference "../../Shared/KokuhakuCore" */,
				2D3BBEA42F1A3C6A0060596E /* XCLocalSwiftPackageReference "../../Shared/KokuhakuCloudKit" */,
				2D3BBEBA2F1A60C60060596E /* XCLocalSwiftPackageReference "../../Shared/KokuhakuImportLocal" */,
				2D3BBED02F1A64C10060596E /* XCLocalSwiftPackageReference "../../Shared/KokuhakuImportGit" */,
				2D3BBEED2F1A670E0060596E /* XCLocalSwiftPackageReference "../../Shared/KokuhakuImportGitHub" */,
				2D3BBF102F1A69320060596E /* XCLocalSwiftPackageReference "../../Shared/KokuhakuStorageLocal" */,
				2D3BBF2D2F1A6C2E0060596E /* XCLocalSwiftPackageReference "../../Shared/KokuhakuFlowCatalog" */,
				2D3BBF502F1A6E790060596E /* XCLocalSwiftPackageReference "../../Shared/KokuhakuDeviceSync" */,
				2D3BBF732F1A70F80060596E /* XCLocalSwiftPackageReference "../../Shared/KokuhakuNotifications" */,
				2D3BBF8F2F1A77660060596E /* XCLocalSwiftPackageReference "../../Shared/KokuhakuHealthKit" */,
				2D3BBFA52F1A78910060596E /* XCLocalSwiftPackageReference "../../Shared/KokuhakuAnalytics" */,
				2D3BBFC82F1A7E500060596E /* XCLocalSwiftPackageReference "../../Shared/KokuhakuFlowExecution" */,
				2D3BC17E2F1BAF1B0060596E /* XCRemoteSwiftPackageReference "swift-argument-parser" */,
			);
			preferredProjectObjectVersion = 77;
			productRefGroup = 2D3BBD362F18EA160060596E /* Products */;
			projectDirPath = "";
			projectRoot = "";
			targets = (
				2D3BBD342F18EA160060596E /* kokuhaku_macos_cli */,
			);
		};
/* End PBXProject section */

/* Begin PBXSourcesBuildPhase section */
		2D3BBD312F18EA160060596E /* Sources */ = {
			isa = PBXSourcesBuildPhase;
			buildActionMask = 2147483647;
			files = (
			);
			runOnlyForDeploymentPostprocessing = 0;
		};
/* End PBXSourcesBuildPhase section */

/* Begin XCBuildConfiguration section */
		2D3BBD3A2F18EA160060596E /* Debug */ = {
			isa = XCBuildConfiguration;
			buildSettings = {
				ALWAYS_SEARCH_USER_PATHS = NO;
				ASSETCATALOG_COMPILER_GENERATE_SWIFT_ASSET_SYMBOL_EXTENSIONS = YES;
				CLANG_ANALYZER_NONNULL = YES;
				CLANG_ANALYZER_NUMBER_OBJECT_CONVERSION = YES_AGGRESSIVE;
				CLANG_CXX_LANGUAGE_STANDARD = "gnu++20";
				CLANG_ENABLE_MODULES = YES;
				CLANG_ENABLE_OBJC_ARC = YES;
				CLANG_ENABLE_OBJC_WEAK = YES;
				CLANG_WARN_BLOCK_CAPTURE_AUTORELEASING = YES;
				CLANG_WARN_BOOL_CONVERSION = YES;
				CLANG_WARN_COMMA = YES;
				CLANG_WARN_CONSTANT_CONVERSION = YES;
				CLANG_WARN_DEPRECATED_OBJC_IMPLEMENTATIONS = YES;
				CLANG_WARN_DIRECT_OBJC_ISA_USAGE = YES_ERROR;
				CLANG_WARN_DOCUMENTATION_COMMENTS = YES;
				CLANG_WARN_EMPTY_BODY = YES;
				CLANG_WARN_ENUM_CONVERSION = YES;
				CLANG_WARN_INFINITE_RECURSION = YES;
				CLANG_WARN_INT_CONVERSION = YES;
				CLANG_WARN_NON_LITERAL_NULL_CONVERSION = YES;
				CLANG_WARN_OBJC_IMPLICIT_RETAIN_SELF = YES;
				CLANG_WARN_OBJC_LITERAL_CONVERSION = YES;
				CLANG_WARN_OBJC_ROOT_CLASS = YES_ERROR;
				CLANG_WARN_QUOTED_INCLUDE_IN_FRAMEWORK_HEADER = YES;
				CLANG_WARN_RANGE_LOOP_ANALYSIS = YES;
				CLANG_WARN_STRICT_PROTOTYPES = YES;
				CLANG_WARN_SUSPICIOUS_MOVE = YES;
				CLANG_WARN_UNGUARDED_AVAILABILITY = YES_AGGRESSIVE;
				CLANG_WARN_UNREACHABLE_CODE = YES;
				CLANG_WARN__DUPLICATE_METHOD_MATCH = YES;
				COPY_PHASE_STRIP = NO;
				DEBUG_INFORMATION_FORMAT = dwarf;
				DEVELOPMENT_TEAM = 6MJCL4W8J6;
				ENABLE_STRICT_OBJC_MSGSEND = YES;
				ENABLE_TESTABILITY = YES;
				ENABLE_USER_SCRIPT_SANDBOXING = YES;
				GCC_C_LANGUAGE_STANDARD = gnu17;
				GCC_DYNAMIC_NO_PIC = NO;
				GCC_NO_COMMON_BLOCKS = YES;
				GCC_OPTIMIZATION_LEVEL = 0;
				GCC_PREPROCESSOR_DEFINITIONS = (
					"DEBUG=1",
					"$(inherited)",
				);
				GCC_WARN_64_TO_32_BIT_CONVERSION = YES;
				GCC_WARN_ABOUT_RETURN_TYPE = YES_ERROR;
				GCC_WARN_UNDECLARED_SELECTOR = YES;
				GCC_WARN_UNINITIALIZED_AUTOS = YES_AGGRESSIVE;
				GCC_WARN_UNUSED_FUNCTION = YES;
				GCC_WARN_UNUSED_VARIABLE = YES;
				LOCALIZATION_PREFERS_STRING_CATALOGS = YES;
				MACOSX_DEPLOYMENT_TARGET = 26.2;
				MTL_ENABLE_DEBUG_INFO = INCLUDE_SOURCE;
				MTL_FAST_MATH = YES;
				ONLY_ACTIVE_ARCH = YES;
				SDKROOT = macosx;
				SWIFT_ACTIVE_COMPILATION_CONDITIONS = "DEBUG $(inherited)";
				SWIFT_OPTIMIZATION_LEVEL = "-Onone";
				SWIFT_VERSION = 6.0;
			};
			name = Debug;
		};
		2D3BBD3B2F18EA160060596E /* Release */ = {
			isa = XCBuildConfiguration;
			buildSettings = {
				ALWAYS_SEARCH_USER_PATHS = NO;
				ASSETCATALOG_COMPILER_GENERATE_SWIFT_ASSET_SYMBOL_EXTENSIONS = YES;
				CLANG_ANALYZER_NONNULL = YES;
				CLANG_ANALYZER_NUMBER_OBJECT_CONVERSION = YES_AGGRESSIVE;
				CLANG_CXX_LANGUAGE_STANDARD = "gnu++20";
				CLANG_ENABLE_MODULES = YES;
				CLANG_ENABLE_OBJC_ARC = YES;
				CLANG_ENABLE_OBJC_WEAK = YES;
				CLANG_WARN_BLOCK_CAPTURE_AUTORELEASING = YES;
				CLANG_WARN_BOOL_CONVERSION = YES;
				CLANG_WARN_COMMA = YES;
				CLANG_WARN_CONSTANT_CONVERSION = YES;
				CLANG_WARN_DEPRECATED_OBJC_IMPLEMENTATIONS = YES;
				CLANG_WARN_DIRECT_OBJC_ISA_USAGE = YES_ERROR;
				CLANG_WARN_DOCUMENTATION_COMMENTS = YES;
				CLANG_WARN_EMPTY_BODY = YES;
				CLANG_WARN_ENUM_CONVERSION = YES;
				CLANG_WARN_INFINITE_RECURSION = YES;
				CLANG_WARN_INT_CONVERSION = YES;
				CLANG_WARN_NON_LITERAL_NULL_CONVERSION = YES;
				CLANG_WARN_OBJC_IMPLICIT_RETAIN_SELF = YES;
				CLANG_WARN_OBJC_LITERAL_CONVERSION = YES;
				CLANG_WARN_OBJC_ROOT_CLASS = YES_ERROR;
				CLANG_WARN_QUOTED_INCLUDE_IN_FRAMEWORK_HEADER = YES;
				CLANG_WARN_RANGE_LOOP_ANALYSIS = YES;
				CLANG_WARN_STRICT_PROTOTYPES = YES;
				CLANG_WARN_SUSPICIOUS_MOVE = YES;
				CLANG_WARN_UNGUARDED_AVAILABILITY = YES_AGGRESSIVE;
				CLANG_WARN_UNREACHABLE_CODE = YES;
				CLANG_WARN__DUPLICATE_METHOD_MATCH = YES;
				COPY_PHASE_STRIP = NO;
				DEBUG_INFORMATION_FORMAT = "dwarf-with-dsym";
				DEVELOPMENT_TEAM = 6MJCL4W8J6;
				ENABLE_NS_ASSERTIONS = NO;
				ENABLE_STRICT_OBJC_MSGSEND = YES;
				ENABLE_USER_SCRIPT_SANDBOXING = YES;
				GCC_C_LANGUAGE_STANDARD = gnu17;
				GCC_NO_COMMON_BLOCKS = YES;
				GCC_WARN_64_TO_32_BIT_CONVERSION = YES;
				GCC_WARN_ABOUT_RETURN_TYPE = YES_ERROR;
				GCC_WARN_UNDECLARED_SELECTOR = YES;
				GCC_WARN_UNINITIALIZED_AUTOS = YES_AGGRESSIVE;
				GCC_WARN_UNUSED_FUNCTION = YES;
				GCC_WARN_UNUSED_VARIABLE = YES;
				LOCALIZATION_PREFERS_STRING_CATALOGS = YES;
				MACOSX_DEPLOYMENT_TARGET = 26.2;
				MTL_ENABLE_DEBUG_INFO = NO;
				MTL_FAST_MATH = YES;
				SDKROOT = macosx;
				SWIFT_COMPILATION_MODE = wholemodule;
				SWIFT_VERSION = 6.0;
			};
			name = Release;
		};
		2D3BBD3D2F18EA160060596E /* Debug */ = {
			isa = XCBuildConfiguration;
			buildSettings = {
				CLANG_ENABLE_MODULES = YES;
				CODE_SIGN_STYLE = Automatic;
				DEVELOPMENT_TEAM = 6MJCL4W8J6;
				ENABLE_HARDENED_RUNTIME = NO;
				MACOSX_DEPLOYMENT_TARGET = 14.6;
				PRODUCT_NAME = "$(TARGET_NAME)";
				SWIFT_APPROACHABLE_CONCURRENCY = YES;
				SWIFT_OPTIMIZATION_LEVEL = "-Onone";
				SWIFT_UPCOMING_FEATURE_MEMBER_IMPORT_VISIBILITY = YES;
				SWIFT_VERSION = 6.0;
			};
			name = Debug;
		};
		2D3BBD3E2F18EA160060596E /* Release */ = {
			isa = XCBuildConfiguration;
			buildSettings = {
				CLANG_ENABLE_MODULES = YES;
				CODE_SIGN_STYLE = Automatic;
				DEVELOPMENT_TEAM = 6MJCL4W8J6;
				ENABLE_HARDENED_RUNTIME = YES;
				MACOSX_DEPLOYMENT_TARGET = 14.6;
				PRODUCT_NAME = "$(TARGET_NAME)";
				SWIFT_APPROACHABLE_CONCURRENCY = YES;
				SWIFT_UPCOMING_FEATURE_MEMBER_IMPORT_VISIBILITY = YES;
				SWIFT_VERSION = 6.0;
			};
			name = Release;
		};
/* End XCBuildConfiguration section */

/* Begin XCConfigurationList section */
		2D3BBD302F18EA160060596E /* Build configuration list for PBXProject "kokuhaku_macos_cli" */ = {
			isa = XCConfigurationList;
			buildConfigurations = (
				2D3BBD3A2F18EA160060596E /* Debug */,
				2D3BBD3B2F18EA160060596E /* Release */,
			);
			defaultConfigurationIsVisible = 0;
			defaultConfigurationName = Release;
		};
		2D3BBD3C2F18EA160060596E /* Build configuration list for PBXNativeTarget "kokuhaku_macos_cli" */ = {
			isa = XCConfigurationList;
			buildConfigurations = (
				2D3BBD3D2F18EA160060596E /* Debug */,
				2D3BBD3E2F18EA160060596E /* Release */,
			);
			defaultConfigurationIsVisible = 0;
			defaultConfigurationName = Release;
		};
/* End XCConfigurationList section */

/* Begin XCLocalSwiftPackageReference section */
		2D3BBDFD2F1A24DD0060596E /* XCLocalSwiftPackageReference "../../Shared/KokuhakuCore" */ = {
			isa = XCLocalSwiftPackageReference;
			relativePath = ../../Shared/KokuhakuCore;
		};
		2D3BBEA42F1A3C6A0060596E /* XCLocalSwiftPackageReference "../../Shared/KokuhakuCloudKit" */ = {
			isa = XCLocalSwiftPackageReference;
			relativePath = ../../Shared/KokuhakuCloudKit;
		};
		2D3BBEBA2F1A60C60060596E /* XCLocalSwiftPackageReference "../../Shared/KokuhakuImportLocal" */ = {
			isa = XCLocalSwiftPackageReference;
			relativePath = ../../Shared/KokuhakuImportLocal;
		};
		2D3BBED02F1A64C10060596E /* XCLocalSwiftPackageReference "../../Shared/KokuhakuImportGit" */ = {
			isa = XCLocalSwiftPackageReference;
			relativePath = ../../Shared/KokuhakuImportGit;
		};
		2D3BBEED2F1A670E0060596E /* XCLocalSwiftPackageReference "../../Shared/KokuhakuImportGitHub" */ = {
			isa = XCLocalSwiftPackageReference;
			relativePath = ../../Shared/KokuhakuImportGitHub;
		};
		2D3BBF102F1A69320060596E /* XCLocalSwiftPackageReference "../../Shared/KokuhakuStorageLocal" */ = {
			isa = XCLocalSwiftPackageReference;
			relativePath = ../../Shared/KokuhakuStorageLocal;
		};
		2D3BBF2D2F1A6C2E0060596E /* XCLocalSwiftPackageReference "../../Shared/KokuhakuFlowCatalog" */ = {
			isa = XCLocalSwiftPackageReference;
			relativePath = ../../Shared/KokuhakuFlowCatalog;
		};
		2D3BBF502F1A6E790060596E /* XCLocalSwiftPackageReference "../../Shared/KokuhakuDeviceSync" */ = {
			isa = XCLocalSwiftPackageReference;
			relativePath = ../../Shared/KokuhakuDeviceSync;
		};
		2D3BBF732F1A70F80060596E /* XCLocalSwiftPackageReference "../../Shared/KokuhakuNotifications" */ = {
			isa = XCLocalSwiftPackageReference;
			relativePath = ../../Shared/KokuhakuNotifications;
		};
		2D3BBF8F2F1A77660060596E /* XCLocalSwiftPackageReference "../../Shared/KokuhakuHealthKit" */ = {
			isa = XCLocalSwiftPackageReference;
			relativePath = ../../Shared/KokuhakuHealthKit;
		};
		2D3BBFA52F1A78910060596E /* XCLocalSwiftPackageReference "../../Shared/KokuhakuAnalytics" */ = {
			isa = XCLocalSwiftPackageReference;
			relativePath = ../../Shared/KokuhakuAnalytics;
		};
		2D3BBFC82F1A7E500060596E /* XCLocalSwiftPackageReference "../../Shared/KokuhakuFlowExecution" */ = {
			isa = XCLocalSwiftPackageReference;
			relativePath = ../../Shared/KokuhakuFlowExecution;
		};
/* End XCLocalSwiftPackageReference section */

/* Begin XCRemoteSwiftPackageReference section */
		2D3BC17E2F1BAF1B0060596E /* XCRemoteSwiftPackageReference "swift-argument-parser" */ = {
			isa = XCRemoteSwiftPackageReference;
			repositoryURL = "https://github.com/apple/swift-argument-parser.git";
			requirement = {
				kind = upToNextMajorVersion;
				minimumVersion = 1.7.0;
			};
		};
/* End XCRemoteSwiftPackageReference section */

/* Begin XCSwiftPackageProductDependency section */
		2D3BBDFE2F1A24DD0060596E /* KokuhakuCore */ = {
			isa = XCSwiftPackageProductDependency;
			productName = KokuhakuCore;
		};
		2D3BBEA52F1A3C6A0060596E /* KokuhakuCloudKit */ = {
			isa = XCSwiftPackageProductDependency;
			productName = KokuhakuCloudKit;
		};
		2D3BBEBB2F1A60C60060596E /* KokuhakuImportLocal */ = {
			isa = XCSwiftPackageProductDependency;
			productName = KokuhakuImportLocal;
		};
		2D3BBED12F1A64C10060596E /* KokuhakuImportGit */ = {
			isa = XCSwiftPackageProductDependency;
			productName = KokuhakuImportGit;
		};
		2D3BBEEE2F1A670E0060596E /* KokuhakuImportGitHub */ = {
			isa = XCSwiftPackageProductDependency;
			productName = KokuhakuImportGitHub;
		};
		2D3BBF112F1A69320060596E /* KokuhakuStorageLocal */ = {
			isa = XCSwiftPackageProductDependency;
			productName = KokuhakuStorageLocal;
		};
		2D3BBF2E2F1A6C2E0060596E /* KokuhakuFlowCatalog */ = {
			isa = XCSwiftPackageProductDependency;
			productName = KokuhakuFlowCatalog;
		};
		2D3BBF512F1A6E790060596E /* KokuhakuDeviceSync */ = {
			isa = XCSwiftPackageProductDependency;
			productName = KokuhakuDeviceSync;
		};
		2D3BBF742F1A70F80060596E /* KokuhakuNotifications */ = {
			isa = XCSwiftPackageProductDependency;
			productName = KokuhakuNotifications;
		};
		2D3BBF902F1A77660060596E /* KokuhakuHealthKit */ = {
			isa = XCSwiftPackageProductDependency;
			productName = KokuhakuHealthKit;
		};
		2D3BBFA62F1A78910060596E /* KokuhakuAnalytics */ = {
			isa = XCSwiftPackageProductDependency;
			productName = KokuhakuAnalytics;
		};
		2D3BBFC92F1A7E500060596E /* KokuhakuFlowExecution */ = {
			isa = XCSwiftPackageProductDependency;
			productName = KokuhakuFlowExecution;
		};
		2D3BC17F2F1BAF1B0060596E /* ArgumentParser */ = {
			isa = XCSwiftPackageProductDependency;
			package = 2D3BC17E2F1BAF1B0060596E /* XCRemoteSwiftPackageReference "swift-argument-parser" */;
			productName = ArgumentParser;
		};
		2D3BC1812F1BAF1B0060596E /* generate-docc-reference */ = {
			isa = XCSwiftPackageProductDependency;
			package = 2D3BC17E2F1BAF1B0060596E /* XCRemoteSwiftPackageReference "swift-argument-parser" */;
			productName = "generate-docc-reference";
		};
		2D3BC1832F1BAF1B0060596E /* generate-manual */ = {
			isa = XCSwiftPackageProductDependency;
			package = 2D3BC17E2F1BAF1B0060596E /* XCRemoteSwiftPackageReference "swift-argument-parser" */;
			productName = "generate-manual";
		};
/* End XCSwiftPackageProductDependency section */
	};
	rootObject = 2D3BBD2D2F18EA160060596E /* Project object */;
}
