// !$*UTF8*$!
{
	archiveVersion = 1;
	classes = {
	};
	objectVersion = 77;
	objects = {

/* Begin PBXBuildFile section */
		2D3BBE032F1A24FB0060596E /* KokuhakuCore in Frameworks */ = {isa = PBXBuildFile; productRef = 2D3BBE022F1A24FB0060596E /* KokuhakuCore */; };
/* End PBXBuildFile section */

/* Begin PBXContainerItemProxy section */
		2D3BBCF82F18E9060060596E /* PBXContainerItemProxy */ = {
			isa = PBXContainerItemProxy;
			containerPortal = 2D3BBCE22F18E9050060596E /* Project object */;
			proxyType = 1;
			remoteGlobalIDString = 2D3BBCE92F18E9050060596E;
			remoteInfo = kokuhaku_macos;
		};
		2D3BBD022F18E9060060596E /* PBXContainerItemProxy */ = {
			isa = PBXContainerItemProxy;
			containerPortal = 2D3BBCE22F18E9050060596E /* Project object */;
			proxyType = 1;
			remoteGlobalIDString = 2D3BBCE92F18E9050060596E;
			remoteInfo = kokuhaku_macos;
		};
/* End PBXContainerItemProxy section */

/* Begin PBXFileReference section */
		2D3BBCEA2F18E9050060596E /* kokuhaku_macos.app */ = {isa = PBXFileReference; explicitFileType = wrapper.application; includeInIndex = 0; path = kokuhaku_macos.app; sourceTree = BUILT_PRODUCTS_DIR; };
		2D3BBCF72F18E9060060596E /* kokuhaku_macosTests.xctest */ = {isa = PBXFileReference; explicitFileType = wrapper.cfbundle; includeInIndex = 0; path = kokuhaku_macosTests.xctest; sourceTree = BUILT_PRODUCTS_DIR; };
		2D3BBD012F18E9060060596E /* kokuhaku_macosUITests.xctest */ = {isa = PBXFileReference; explicitFileType = wrapper.cfbundle; includeInIndex = 0; path = kokuhaku_macosUITests.xctest; sourceTree = BUILT_PRODUCTS_DIR; };
/* End PBXFileReference section */

/* Begin PBXFileSystemSynchronizedRootGroup section */
		2D3BBCEC2F18E9050060596E /* kokuhaku_macos */ = {
			isa = PBXFileSystemSynchronizedRootGroup;
			path = kokuhaku_macos;
			sourceTree = "<group>";
		};
		2D3BBCFA2F18E9060060596E /* kokuhaku_macosTests */ = {
			isa = PBXFileSystemSynchronizedRootGroup;
			path = kokuhaku_macosTests;
			sourceTree = "<group>";
		};
		2D3BBD042F18E9060060596E /* kokuhaku_macosUITests */ = {
			isa = PBXFileSystemSynchronizedRootGroup;
			path = kokuhaku_macosUITests;
			sourceTree = "<group>";
		};
/* End PBXFileSystemSynchronizedRootGroup section */

/* Begin PBXFrameworksBuildPhase section */
		2D3BBCE72F18E9050060596E /* Frameworks */ = {
			isa = PBXFrameworksBuildPhase;
			buildActionMask = 2147483647;
			files = (
			);
			runOnlyForDeploymentPostprocessing = 0;
		};
		2D3BBCF42F18E9060060596E /* Frameworks */ = {
			isa = PBXFrameworksBuildPhase;
			buildActionMask = 2147483647;
			files = (
			);
			runOnlyForDeploymentPostprocessing = 0;
		};
		2D3BBCFE2F18E9060060596E /* Frameworks */ = {
			isa = PBXFrameworksBuildPhase;
			buildActionMask = 2147483647;
			files = (
				2D3BBE032F1A24FB0060596E /* KokuhakuCore in Frameworks */,
			);
			runOnlyForDeploymentPostprocessing = 0;
		};
/* End PBXFrameworksBuildPhase section */

/* Begin PBXGroup section */
		2D3BBCE12F18E9050060596E = {
			isa = PBXGroup;
			children = (
				2D3BBCEC2F18E9050060596E /* kokuhaku_macos */,
				2D3BBCFA2F18E9060060596E /* kokuhaku_macosTests */,
				2D3BBD042F18E9060060596E /* kokuhaku_macosUITests */,
				2D3BBE012F1A24FB0060596E /* Frameworks */,
				2D3BBCEB2F18E9050060596E /* Products */,
			);
			sourceTree = "<group>";
		};
		2D3BBCEB2F18E9050060596E /* Products */ = {
			isa = PBXGroup;
			children = (
				2D3BBCEA2F18E9050060596E /* kokuhaku_macos.app */,
				2D3BBCF72F18E9060060596E /* kokuhaku_macosTests.xctest */,
				2D3BBD012F18E9060060596E /* kokuhaku_macosUITests.xctest */,
			);
			name = Products;
			sourceTree = "<group>";
		};
		2D3BBE012F1A24FB0060596E /* Frameworks */ = {
			isa = PBXGroup;
			children = (
			);
			name = Frameworks;
			sourceTree = "<group>";
		};
/* End PBXGroup section */

/* Begin PBXNativeTarget section */
		2D3BBCE92F18E9050060596E /* kokuhaku_macos */ = {
			isa = PBXNativeTarget;
			buildConfigurationList = 2D3BBD0B2F18E9060060596E /* Build configuration list for PBXNativeTarget "kokuhaku_macos" */;
			buildPhases = (
				2D3BBCE62F18E9050060596E /* Sources */,
				2D3BBCE72F18E9050060596E /* Frameworks */,
				2D3BBCE82F18E9050060596E /* Resources */,
			);
			buildRules = (
			);
			dependencies = (
			);
			fileSystemSynchronizedGroups = (
				2D3BBCEC2F18E9050060596E /* kokuhaku_macos */,
			);
			name = kokuhaku_macos;
			packageProductDependencies = (
			);
			productName = kokuhaku_macos;
			productReference = 2D3BBCEA2F18E9050060596E /* kokuhaku_macos.app */;
			productType = "com.apple.product-type.application";
		};
		2D3BBCF62F18E9060060596E /* kokuhaku_macosTests */ = {
			isa = PBXNativeTarget;
			buildConfigurationList = 2D3BBD0E2F18E9060060596E /* Build configuration list for PBXNativeTarget "kokuhaku_macosTests" */;
			buildPhases = (
				2D3BBCF32F18E9060060596E /* Sources */,
				2D3BBCF42F18E9060060596E /* Frameworks */,
				2D3BBCF52F18E9060060596E /* Resources */,
			);
			buildRules = (
			);
			dependencies = (
				2D3BBCF92F18E9060060596E /* PBXTargetDependency */,
			);
			fileSystemSynchronizedGroups = (
				2D3BBCFA2F18E9060060596E /* kokuhaku_macosTests */,
			);
			name = kokuhaku_macosTests;
			packageProductDependencies = (
			);
			productName = kokuhaku_macosTests;
			productReference = 2D3BBCF72F18E9060060596E /* kokuhaku_macosTests.xctest */;
			productType = "com.apple.product-type.bundle.unit-test";
		};
		2D3BBD002F18E9060060596E /* kokuhaku_macosUITests */ = {
			isa = PBXNativeTarget;
			buildConfigurationList = 2D3BBD112F18E9060060596E /* Build configuration list for PBXNativeTarget "kokuhaku_macosUITests" */;
			buildPhases = (
				2D3BBCFD2F18E9060060596E /* Sources */,
				2D3BBCFE2F18E9060060596E /* Frameworks */,
				2D3BBCFF2F18E9060060596E /* Resources */,
			);
			buildRules = (
			);
			dependencies = (
				2D3BBD032F18E9060060596E /* PBXTargetDependency */,
			);
			fileSystemSynchronizedGroups = (
				2D3BBD042F18E9060060596E /* kokuhaku_macosUITests */,
			);
			name = kokuhaku_macosUITests;
			packageProductDependencies = (
				2D3BBE022F1A24FB0060596E /* KokuhakuCore */,
			);
			productName = kokuhaku_macosUITests;
			productReference = 2D3BBD012F18E9060060596E /* kokuhaku_macosUITests.xctest */;
			productType = "com.apple.product-type.bundle.ui-testing";
		};
/* End PBXNativeTarget section */

/* Begin PBXProject section */
		2D3BBCE22F18E9050060596E /* Project object */ = {
			isa = PBXProject;
			attributes = {
				BuildIndependentTargetsInParallel = 1;
				LastSwiftUpdateCheck = 2620;
				LastUpgradeCheck = 2620;
				TargetAttributes = {
					2D3BBCE92F18E9050060596E = {
						CreatedOnToolsVersion = 26.2;
					};
					2D3BBCF62F18E9060060596E = {
						CreatedOnToolsVersion = 26.2;
						TestTargetID = 2D3BBCE92F18E9050060596E;
					};
					2D3BBD002F18E9060060596E = {
						CreatedOnToolsVersion = 26.2;
						TestTargetID = 2D3BBCE92F18E9050060596E;
					};
				};
			};
			buildConfigurationList = 2D3BBCE52F18E9050060596E /* Build configuration list for PBXProject "kokuhaku_macos" */;
			developmentRegion = en;
			hasScannedForEncodings = 0;
			knownRegions = (
				en,
				Base,
			);
			mainGroup = 2D3BBCE12F18E9050060596E;
			minimizedProjectReferenceProxies = 1;
			packageReferences = (
				2D3BBE002F1A24F10060596E /* XCLocalSwiftPackageReference "../../Shared/KokuhakuCore" */,
			);
			preferredProjectObjectVersion = 77;
			productRefGroup = 2D3BBCEB2F18E9050060596E /* Products */;
			projectDirPath = "";
			projectRoot = "";
			targets = (
				2D3BBCE92F18E9050060596E /* kokuhaku_macos */,
				2D3BBCF62F18E9060060596E /* kokuhaku_macosTests */,
				2D3BBD002F18E9060060596E /* kokuhaku_macosUITests */,
			);
		};
/* End PBXProject section */

/* Begin PBXResourcesBuildPhase section */
		2D3BBCE82F18E9050060596E /* Resources */ = {
			isa = PBXResourcesBuildPhase;
			buildActionMask = 2147483647;
			files = (
			);
			runOnlyForDeploymentPostprocessing = 0;
		};
		2D3BBCF52F18E9060060596E /* Resources */ = {
			isa = PBXResourcesBuildPhase;
			buildActionMask = 2147483647;
			files = (
			);
			runOnlyForDeploymentPostprocessing = 0;
		};
		2D3BBCFF2F18E9060060596E /* Resources */ = {
			isa = PBXResourcesBuildPhase;
			buildActionMask = 2147483647;
			files = (
			);
			runOnlyForDeploymentPostprocessing = 0;
		};
/* End PBXResourcesBuildPhase section */

/* Begin PBXSourcesBuildPhase section */
		2D3BBCE62F18E9050060596E /* Sources */ = {
			isa = PBXSourcesBuildPhase;
			buildActionMask = 2147483647;
			files = (
			);
			runOnlyForDeploymentPostprocessing = 0;
		};
		2D3BBCF32F18E9060060596E /* Sources */ = {
			isa = PBXSourcesBuildPhase;
			buildActionMask = 2147483647;
			files = (
			);
			runOnlyForDeploymentPostprocessing = 0;
		};
		2D3BBCFD2F18E9060060596E /* Sources */ = {
			isa = PBXSourcesBuildPhase;
			buildActionMask = 2147483647;
			files = (
			);
			runOnlyForDeploymentPostprocessing = 0;
		};
/* End PBXSourcesBuildPhase section */

/* Begin PBXTargetDependency section */
		2D3BBCF92F18E9060060596E /* PBXTargetDependency */ = {
			isa = PBXTargetDependency;
			target = 2D3BBCE92F18E9050060596E /* kokuhaku_macos */;
			targetProxy = 2D3BBCF82F18E9060060596E /* PBXContainerItemProxy */;
		};
		2D3BBD032F18E9060060596E /* PBXTargetDependency */ = {
			isa = PBXTargetDependency;
			target = 2D3BBCE92F18E9050060596E /* kokuhaku_macos */;
			targetProxy = 2D3BBD022F18E9060060596E /* PBXContainerItemProxy */;
		};
/* End PBXTargetDependency section */

/* Begin XCBuildConfiguration section */
		2D3BBD092F18E9060060596E /* Debug */ = {
			isa = XCBuildConfiguration;
			buildSettings = {
				ALWAYS_SEARCH_USER_PATHS = NO;
				ASSETCATALOG_COMPILER_GENERATE_SWIFT_ASSET_SYMBOL_EXTENSIONS = YES;
				CLANG_ANALYZER_NONNULL = YES;
				CLANG_ANALYZER_NUMBER_OBJECT_CONVERSION = YES_AGGRESSIVE;
				CLANG_CXX_LANGUAGE_STANDARD = "gnu++20";
				CLANG_ENABLE_MODULES = YES;
				CLANG_ENABLE_OBJC_ARC = YES;
				CLANG_ENABLE_OBJC_WEAK = YES;
				CLANG_WARN_BLOCK_CAPTURE_AUTORELEASING = YES;
				CLANG_WARN_BOOL_CONVERSION = YES;
				CLANG_WARN_COMMA = YES;
				CLANG_WARN_CONSTANT_CONVERSION = YES;
				CLANG_WARN_DEPRECATED_OBJC_IMPLEMENTATIONS = YES;
				CLANG_WARN_DIRECT_OBJC_ISA_USAGE = YES_ERROR;
				CLANG_WARN_DOCUMENTATION_COMMENTS = YES;
				CLANG_WARN_EMPTY_BODY = YES;
				CLANG_WARN_ENUM_CONVERSION = YES;
				CLANG_WARN_INFINITE_RECURSION = YES;
				CLANG_WARN_INT_CONVERSION = YES;
				CLANG_WARN_NON_LITERAL_NULL_CONVERSION = YES;
				CLANG_WARN_OBJC_IMPLICIT_RETAIN_SELF = YES;
				CLANG_WARN_OBJC_LITERAL_CONVERSION = YES;
				CLANG_WARN_OBJC_ROOT_CLASS = YES_ERROR;
				CLANG_WARN_QUOTED_INCLUDE_IN_FRAMEWORK_HEADER = YES;
				CLANG_WARN_RANGE_LOOP_ANALYSIS = YES;
				CLANG_WARN_STRICT_PROTOTYPES = YES;
				CLANG_WARN_SUSPICIOUS_MOVE = YES;
				CLANG_WARN_UNGUARDED_AVAILABILITY = YES_AGGRESSIVE;
				CLANG_WARN_UNREACHABLE_CODE = YES;
				CLANG_WARN__DUPLICATE_METHOD_MATCH = YES;
				COPY_PHASE_STRIP = NO;
				DEBUG_INFORMATION_FORMAT = dwarf;
				DEVELOPMENT_TEAM = 6MJCL4W8J6;
				ENABLE_STRICT_OBJC_MSGSEND = YES;
				ENABLE_TESTABILITY = YES;
				ENABLE_USER_SCRIPT_SANDBOXING = YES;
				GCC_C_LANGUAGE_STANDARD = gnu17;
				GCC_DYNAMIC_NO_PIC = NO;
				GCC_NO_COMMON_BLOCKS = YES;
				GCC_OPTIMIZATION_LEVEL = 0;
				GCC_PREPROCESSOR_DEFINITIONS = (
					"DEBUG=1",
					"$(inherited)",
				);
				GCC_WARN_64_TO_32_BIT_CONVERSION = YES;
				GCC_WARN_ABOUT_RETURN_TYPE = YES_ERROR;
				GCC_WARN_UNDECLARED_SELECTOR = YES;
				GCC_WARN_UNINITIALIZED_AUTOS = YES_AGGRESSIVE;
				GCC_WARN_UNUSED_FUNCTION = YES;
				GCC_WARN_UNUSED_VARIABLE = YES;
				LOCALIZATION_PREFERS_STRING_CATALOGS = YES;
				MACOSX_DEPLOYMENT_TARGET = 26.2;
				MTL_ENABLE_DEBUG_INFO = INCLUDE_SOURCE;
				MTL_FAST_MATH = YES;
				ONLY_ACTIVE_ARCH = YES;
				SDKROOT = macosx;
				SWIFT_ACTIVE_COMPILATION_CONDITIONS = "DEBUG $(inherited)";
				SWIFT_OPTIMIZATION_LEVEL = "-Onone";
				SWIFT_VERSION = 6.0;
			};
			name = Debug;
		};
		2D3BBD0A2F18E9060060596E /* Release */ = {
			isa = XCBuildConfiguration;
			buildSettings = {
				ALWAYS_SEARCH_USER_PATHS = NO;
				ASSETCATALOG_COMPILER_GENERATE_SWIFT_ASSET_SYMBOL_EXTENSIONS = YES;
				CLANG_ANALYZER_NONNULL = YES;
				CLANG_ANALYZER_NUMBER_OBJECT_CONVERSION = YES_AGGRESSIVE;
				CLANG_CXX_LANGUAGE_STANDARD = "gnu++20";
				CLANG_ENABLE_MODULES = YES;
				CLANG_ENABLE_OBJC_ARC = YES;
				CLANG_ENABLE_OBJC_WEAK = YES;
				CLANG_WARN_BLOCK_CAPTURE_AUTORELEASING = YES;
				CLANG_WARN_BOOL_CONVERSION = YES;
				CLANG_WARN_COMMA = YES;
				CLANG_WARN_CONSTANT_CONVERSION = YES;
				CLANG_WARN_DEPRECATED_OBJC_IMPLEMENTATIONS = YES;
				CLANG_WARN_DIRECT_OBJC_ISA_USAGE = YES_ERROR;
				CLANG_WARN_DOCUMENTATION_COMMENTS = YES;
				CLANG_WARN_EMPTY_BODY = YES;
				CLANG_WARN_ENUM_CONVERSION = YES;
				CLANG_WARN_INFINITE_RECURSION = YES;
				CLANG_WARN_INT_CONVERSION = YES;
				CLANG_WARN_NON_LITERAL_NULL_CONVERSION = YES;
				CLANG_WARN_OBJC_IMPLICIT_RETAIN_SELF = YES;
				CLANG_WARN_OBJC_LITERAL_CONVERSION = YES;
				CLANG_WARN_OBJC_ROOT_CLASS = YES_ERROR;
				CLANG_WARN_QUOTED_INCLUDE_IN_FRAMEWORK_HEADER = YES;
				CLANG_WARN_RANGE_LOOP_ANALYSIS = YES;
				CLANG_WARN_STRICT_PROTOTYPES = YES;
				CLANG_WARN_SUSPICIOUS_MOVE = YES;
				CLANG_WARN_UNGUARDED_AVAILABILITY = YES_AGGRESSIVE;
				CLANG_WARN_UNREACHABLE_CODE = YES;
				CLANG_WARN__DUPLICATE_METHOD_MATCH = YES;
				COPY_PHASE_STRIP = NO;
				DEBUG_INFORMATION_FORMAT = "dwarf-with-dsym";
				DEVELOPMENT_TEAM = 6MJCL4W8J6;
				ENABLE_NS_ASSERTIONS = NO;
				ENABLE_STRICT_OBJC_MSGSEND = YES;
				ENABLE_USER_SCRIPT_SANDBOXING = YES;
				GCC_C_LANGUAGE_STANDARD = gnu17;
				GCC_NO_COMMON_BLOCKS = YES;
				GCC_WARN_64_TO_32_BIT_CONVERSION = YES;
				GCC_WARN_ABOUT_RETURN_TYPE = YES_ERROR;
				GCC_WARN_UNDECLARED_SELECTOR = YES;
				GCC_WARN_UNINITIALIZED_AUTOS = YES_AGGRESSIVE;
				GCC_WARN_UNUSED_FUNCTION = YES;
				GCC_WARN_UNUSED_VARIABLE = YES;
				LOCALIZATION_PREFERS_STRING_CATALOGS = YES;
				MACOSX_DEPLOYMENT_TARGET = 26.2;
				MTL_ENABLE_DEBUG_INFO = NO;
				MTL_FAST_MATH = YES;
				SDKROOT = macosx;
				SWIFT_COMPILATION_MODE = wholemodule;
				SWIFT_VERSION = 6.0;
			};
			name = Release;
		};
		2D3BBD0C2F18E9060060596E /* Debug */ = {
			isa = XCBuildConfiguration;
			buildSettings = {
				ASSETCATALOG_COMPILER_APPICON_NAME = AppIcon;
				ASSETCATALOG_COMPILER_GLOBAL_ACCENT_COLOR_NAME = AccentColor;
				CODE_SIGN_STYLE = Automatic;
				COMBINE_HIDPI_IMAGES = YES;
				CURRENT_PROJECT_VERSION = 1;
				DEVELOPMENT_TEAM = 6MJCL4W8J6;
				ENABLE_APP_SANDBOX = YES;
				ENABLE_HARDENED_RUNTIME = YES;
				ENABLE_PREVIEWS = YES;
				ENABLE_USER_SELECTED_FILES = readonly;
				GENERATE_INFOPLIST_FILE = YES;
				INFOPLIST_KEY_NSHumanReadableCopyright = "";
				LD_RUNPATH_SEARCH_PATHS = (
					"$(inherited)",
					"@executable_path/../Frameworks",
				);
				MARKETING_VERSION = 1.0;
				PRODUCT_BUNDLE_IDENTIFIER = "de.nijida.kokuhaku-macos";
				PRODUCT_NAME = "$(TARGET_NAME)";
				REGISTER_APP_GROUPS = YES;
				STRING_CATALOG_GENERATE_SYMBOLS = YES;
				SWIFT_APPROACHABLE_CONCURRENCY = YES;
				SWIFT_DEFAULT_ACTOR_ISOLATION = MainActor;
				SWIFT_EMIT_LOC_STRINGS = YES;
				SWIFT_UPCOMING_FEATURE_MEMBER_IMPORT_VISIBILITY = YES;
				SWIFT_VERSION = 6.0;
			};
			name = Debug;
		};
		2D3BBD0D2F18E9060060596E /* Release */ = {
			isa = XCBuildConfiguration;
			buildSettings = {
				ASSETCATALOG_COMPILER_APPICON_NAME = AppIcon;
				ASSETCATALOG_COMPILER_GLOBAL_ACCENT_COLOR_NAME = AccentColor;
				CODE_SIGN_STYLE = Automatic;
				COMBINE_HIDPI_IMAGES = YES;
				CURRENT_PROJECT_VERSION = 1;
				DEVELOPMENT_TEAM = 6MJCL4W8J6;
				ENABLE_APP_SANDBOX = YES;
				ENABLE_HARDENED_RUNTIME = YES;
				ENABLE_PREVIEWS = YES;
				ENABLE_USER_SELECTED_FILES = readonly;
				GENERATE_INFOPLIST_FILE = YES;
				INFOPLIST_KEY_NSHumanReadableCopyright = "";
				LD_RUNPATH_SEARCH_PATHS = (
					"$(inherited)",
					"@executable_path/../Frameworks",
				);
				MARKETING_VERSION = 1.0;
				PRODUCT_BUNDLE_IDENTIFIER = "de.nijida.kokuhaku-macos";
				PRODUCT_NAME = "$(TARGET_NAME)";
				REGISTER_APP_GROUPS = YES;
				STRING_CATALOG_GENERATE_SYMBOLS = YES;
				SWIFT_APPROACHABLE_CONCURRENCY = YES;
				SWIFT_DEFAULT_ACTOR_ISOLATION = MainActor;
				SWIFT_EMIT_LOC_STRINGS = YES;
				SWIFT_UPCOMING_FEATURE_MEMBER_IMPORT_VISIBILITY = YES;
				SWIFT_VERSION = 6.0;
			};
			name = Release;
		};
		2D3BBD0F2F18E9060060596E /* Debug */ = {
			isa = XCBuildConfiguration;
			buildSettings = {
				BUNDLE_LOADER = "$(TEST_HOST)";
				CODE_SIGN_STYLE = Automatic;
				CURRENT_PROJECT_VERSION = 1;
				DEVELOPMENT_TEAM = 6MJCL4W8J6;
				GENERATE_INFOPLIST_FILE = YES;
				MACOSX_DEPLOYMENT_TARGET = 26.2;
				MARKETING_VERSION = 1.0;
				PRODUCT_BUNDLE_IDENTIFIER = "de.nijida.kokuhaku-macosTests";
				PRODUCT_NAME = "$(TARGET_NAME)";
				STRING_CATALOG_GENERATE_SYMBOLS = NO;
				SWIFT_APPROACHABLE_CONCURRENCY = YES;
				SWIFT_EMIT_LOC_STRINGS = NO;
				SWIFT_UPCOMING_FEATURE_MEMBER_IMPORT_VISIBILITY = YES;
				SWIFT_VERSION = 6.0;
				TEST_HOST = "$(BUILT_PRODUCTS_DIR)/kokuhaku_macos.app/$(BUNDLE_EXECUTABLE_FOLDER_PATH)/kokuhaku_macos";
			};
			name = Debug;
		};
		2D3BBD102F18E9060060596E /* Release */ = {
			isa = XCBuildConfiguration;
			buildSettings = {
				BUNDLE_LOADER = "$(TEST_HOST)";
				CODE_SIGN_STYLE = Automatic;
				CURRENT_PROJECT_VERSION = 1;
				DEVELOPMENT_TEAM = 6MJCL4W8J6;
				GENERATE_INFOPLIST_FILE = YES;
				MACOSX_DEPLOYMENT_TARGET = 26.2;
				MARKETING_VERSION = 1.0;
				PRODUCT_BUNDLE_IDENTIFIER = "de.nijida.kokuhaku-macosTests";
				PRODUCT_NAME = "$(TARGET_NAME)";
				STRING_CATALOG_GENERATE_SYMBOLS = NO;
				SWIFT_APPROACHABLE_CONCURRENCY = YES;
				SWIFT_EMIT_LOC_STRINGS = NO;
				SWIFT_UPCOMING_FEATURE_MEMBER_IMPORT_VISIBILITY = YES;
				SWIFT_VERSION = 6.0;
				TEST_HOST = "$(BUILT_PRODUCTS_DIR)/kokuhaku_macos.app/$(BUNDLE_EXECUTABLE_FOLDER_PATH)/kokuhaku_macos";
			};
			name = Release;
		};
		2D3BBD122F18E9060060596E /* Debug */ = {
			isa = XCBuildConfiguration;
			buildSettings = {
				CODE_SIGN_STYLE = Automatic;
				CURRENT_PROJECT_VERSION = 1;
				DEVELOPMENT_TEAM = 6MJCL4W8J6;
				GENERATE_INFOPLIST_FILE = YES;
				MARKETING_VERSION = 1.0;
				PRODUCT_BUNDLE_IDENTIFIER = "de.nijida.kokuhaku-macosUITests";
				PRODUCT_NAME = "$(TARGET_NAME)";
				STRING_CATALOG_GENERATE_SYMBOLS = NO;
				SWIFT_APPROACHABLE_CONCURRENCY = YES;
				SWIFT_EMIT_LOC_STRINGS = NO;
				SWIFT_UPCOMING_FEATURE_MEMBER_IMPORT_VISIBILITY = YES;
				SWIFT_VERSION = 6.0;
				TEST_TARGET_NAME = kokuhaku_macos;
			};
			name = Debug;
		};
		2D3BBD132F18E9060060596E /* Release */ = {
			isa = XCBuildConfiguration;
			buildSettings = {
				CODE_SIGN_STYLE = Automatic;
				CURRENT_PROJECT_VERSION = 1;
				DEVELOPMENT_TEAM = 6MJCL4W8J6;
				GENERATE_INFOPLIST_FILE = YES;
				MARKETING_VERSION = 1.0;
				PRODUCT_BUNDLE_IDENTIFIER = "de.nijida.kokuhaku-macosUITests";
				PRODUCT_NAME = "$(TARGET_NAME)";
				STRING_CATALOG_GENERATE_SYMBOLS = NO;
				SWIFT_APPROACHABLE_CONCURRENCY = YES;
				SWIFT_EMIT_LOC_STRINGS = NO;
				SWIFT_UPCOMING_FEATURE_MEMBER_IMPORT_VISIBILITY = YES;
				SWIFT_VERSION = 6.0;
				TEST_TARGET_NAME = kokuhaku_macos;
			};
			name = Release;
		};
/* End XCBuildConfiguration section */

/* Begin XCConfigurationList section */
		2D3BBCE52F18E9050060596E /* Build configuration list for PBXProject "kokuhaku_macos" */ = {
			isa = XCConfigurationList;
			buildConfigurations = (
				2D3BBD092F18E9060060596E /* Debug */,
				2D3BBD0A2F18E9060060596E /* Release */,
			);
			defaultConfigurationIsVisible = 0;
			defaultConfigurationName = Release;
		};
		2D3BBD0B2F18E9060060596E /* Build configuration list for PBXNativeTarget "kokuhaku_macos" */ = {
			isa = XCConfigurationList;
			buildConfigurations = (
				2D3BBD0C2F18E9060060596E /* Debug */,
				2D3BBD0D2F18E9060060596E /* Release */,
			);
			defaultConfigurationIsVisible = 0;
			defaultConfigurationName = Release;
		};
		2D3BBD0E2F18E9060060596E /* Build configuration list for PBXNativeTarget "kokuhaku_macosTests" */ = {
			isa = XCConfigurationList;
			buildConfigurations = (
				2D3BBD0F2F18E9060060596E /* Debug */,
				2D3BBD102F18E9060060596E /* Release */,
			);
			defaultConfigurationIsVisible = 0;
			defaultConfigurationName = Release;
		};
		2D3BBD112F18E9060060596E /* Build configuration list for PBXNativeTarget "kokuhaku_macosUITests" */ = {
			isa = XCConfigurationList;
			buildConfigurations = (
				2D3BBD122F18E9060060596E /* Debug */,
				2D3BBD132F18E9060060596E /* Release */,
			);
			defaultConfigurationIsVisible = 0;
			defaultConfigurationName = Release;
		};
/* End XCConfigurationList section */

/* Begin XCLocalSwiftPackageReference section */
		2D3BBE002F1A24F10060596E /* XCLocalSwiftPackageReference "../../Shared/KokuhakuCore" */ = {
			isa = XCLocalSwiftPackageReference;
			relativePath = ../../Shared/KokuhakuCore;
		};
/* End XCLocalSwiftPackageReference section */

/* Begin XCSwiftPackageProductDependency section */
		2D3BBE022F1A24FB0060596E /* KokuhakuCore */ = {
			isa = XCSwiftPackageProductDependency;
			package = 2D3BBE002F1A24F10060596E /* XCLocalSwiftPackageReference "../../Shared/KokuhakuCore" */;
			productName = KokuhakuCore;
		};
/* End XCSwiftPackageProductDependency section */
	};
	rootObject = 2D3BBCE22F18E9050060596E /* Project object */;
}
