// !$*UTF8*$!
{
	archiveVersion = 1;
	classes = {
	};
	objectVersion = 77;
	objects = {

/* Begin PBXBuildFile section */
		2D3BBE032F1A24FB0060596E /* KokuhakuCore in Frameworks */ = {isa = PBXBuildFile; productRef = 2D3BBE022F1A24FB0060596E /* KokuhakuCore */; };
		2D3BBE582F1A2C910060596E /* KokuhakuCore in Frameworks */ = {isa = PBXBuildFile; productRef = 2D3BBE572F1A2C910060596E /* KokuhakuCore */; };
		2D3BBE5A2F1A2C9C0060596E /* KokuhakuCore in Frameworks */ = {isa = PBXBuildFile; productRef = 2D3BBE592F1A2C9C0060596E /* KokuhakuCore */; };
		2D3BBEA92F1A3CAD0060596E /* KokuhakuCloudKit in Frameworks */ = {isa = PBXBuildFile; productRef = 2D3BBEA82F1A3CAD0060596E /* KokuhakuCloudKit */; };
		2D3BBEAB2F1A3CB50060596E /* KokuhakuCloudKit in Frameworks */ = {isa = PBXBuildFile; productRef = 2D3BBEAA2F1A3CB50060596E /* KokuhakuCloudKit */; };
		2D3BBEAD2F1A3CBC0060596E /* KokuhakuCloudKit in Frameworks */ = {isa = PBXBuildFile; productRef = 2D3BBEAC2F1A3CBC0060596E /* KokuhakuCloudKit */; };
		2D3BBEBF2F1A60D30060596E /* KokuhakuImportLocal in Frameworks */ = {isa = PBXBuildFile; productRef = 2D3BBEBE2F1A60D30060596E /* KokuhakuImportLocal */; };
		2D3BBEC12F1A60DA0060596E /* KokuhakuImportLocal in Frameworks */ = {isa = PBXBuildFile; productRef = 2D3BBEC02F1A60DA0060596E /* KokuhakuImportLocal */; };
		2D3BBEC32F1A60E00060596E /* KokuhakuImportLocal in Frameworks */ = {isa = PBXBuildFile; productRef = 2D3BBEC22F1A60E00060596E /* KokuhakuImportLocal */; };
		2D3BBED52F1A64D20060596E /* KokuhakuImportGit in Frameworks */ = {isa = PBXBuildFile; productRef = 2D3BBED42F1A64D20060596E /* KokuhakuImportGit */; };
		2D3BBED72F1A64D90060596E /* KokuhakuImportGit in Frameworks */ = {isa = PBXBuildFile; productRef = 2D3BBED62F1A64D90060596E /* KokuhakuImportGit */; };
		2D3BBED92F1A64DF0060596E /* KokuhakuImportGit in Frameworks */ = {isa = PBXBuildFile; productRef = 2D3BBED82F1A64DF0060596E /* KokuhakuImportGit */; };
		2D3BBEF22F1A671C0060596E /* KokuhakuImportGitHub in Frameworks */ = {isa = PBXBuildFile; productRef = 2D3BBEF12F1A671C0060596E /* KokuhakuImportGitHub */; };
		2D3BBEF42F1A67220060596E /* KokuhakuImportGitHub in Frameworks */ = {isa = PBXBuildFile; productRef = 2D3BBEF32F1A67220060596E /* KokuhakuImportGitHub */; };
		2D3BBEF62F1A67280060596E /* KokuhakuImportGitHub in Frameworks */ = {isa = PBXBuildFile; productRef = 2D3BBEF52F1A67280060596E /* KokuhakuImportGitHub */; };
		2D3BBF152F1A693D0060596E /* KokuhakuStorageLocal in Frameworks */ = {isa = PBXBuildFile; productRef = 2D3BBF142F1A693D0060596E /* KokuhakuStorageLocal */; };
		2D3BBF172F1A69440060596E /* KokuhakuStorageLocal in Frameworks */ = {isa = PBXBuildFile; productRef = 2D3BBF162F1A69440060596E /* KokuhakuStorageLocal */; };
		2D3BBF192F1A69490060596E /* KokuhakuStorageLocal in Frameworks */ = {isa = PBXBuildFile; productRef = 2D3BBF182F1A69490060596E /* KokuhakuStorageLocal */; };
		2D3BBF322F1A6C390060596E /* KokuhakuFlowCatalog in Frameworks */ = {isa = PBXBuildFile; productRef = 2D3BBF312F1A6C390060596E /* KokuhakuFlowCatalog */; };
		2D3BBF342F1A6C3F0060596E /* KokuhakuFlowCatalog in Frameworks */ = {isa = PBXBuildFile; productRef = 2D3BBF332F1A6C3F0060596E /* KokuhakuFlowCatalog */; };
		2D3BBF362F1A6C430060596E /* KokuhakuFlowCatalog in Frameworks */ = {isa = PBXBuildFile; productRef = 2D3BBF352F1A6C430060596E /* KokuhakuFlowCatalog */; };
		2D3BBF552F1A6E8D0060596E /* KokuhakuDeviceSync in Frameworks */ = {isa = PBXBuildFile; productRef = 2D3BBF542F1A6E8D0060596E /* KokuhakuDeviceSync */; };
		2D3BBF572F1A6E930060596E /* KokuhakuDeviceSync in Frameworks */ = {isa = PBXBuildFile; productRef = 2D3BBF562F1A6E930060596E /* KokuhakuDeviceSync */; };
		2D3BBF592F1A6E980060596E /* KokuhakuDeviceSync in Frameworks */ = {isa = PBXBuildFile; productRef = 2D3BBF582F1A6E980060596E /* KokuhakuDeviceSync */; };
		2D3BBF782F1A71020060596E /* KokuhakuNotifications in Frameworks */ = {isa = PBXBuildFile; productRef = 2D3BBF772F1A71020060596E /* KokuhakuNotifications */; };
		2D3BBF7A2F1A710B0060596E /* KokuhakuNotifications in Frameworks */ = {isa = PBXBuildFile; productRef = 2D3BBF792F1A710B0060596E /* KokuhakuNotifications */; };
		2D3BBF7C2F1A71160060596E /* KokuhakuNotifications in Frameworks */ = {isa = PBXBuildFile; productRef = 2D3BBF7B2F1A71160060596E /* KokuhakuNotifications */; };
		2D3BBF942F1A77770060596E /* KokuhakuHealthKit in Frameworks */ = {isa = PBXBuildFile; productRef = 2D3BBF932F1A77770060596E /* KokuhakuHealthKit */; };
		2D3BBF962F1A777E0060596E /* KokuhakuHealthKit in Frameworks */ = {isa = PBXBuildFile; productRef = 2D3BBF952F1A777E0060596E /* KokuhakuHealthKit */; };
		2D3BBF982F1A77860060596E /* KokuhakuHealthKit in Frameworks */ = {isa = PBXBuildFile; productRef = 2D3BBF972F1A77860060596E /* KokuhakuHealthKit */; };
		2D3BBFAA2F1A78A00060596E /* KokuhakuAnalytics in Frameworks */ = {isa = PBXBuildFile; productRef = 2D3BBFA92F1A78A00060596E /* KokuhakuAnalytics */; };
		2D3BBFAC2F1A78A50060596E /* KokuhakuAnalytics in Frameworks */ = {isa = PBXBuildFile; productRef = 2D3BBFAB2F1A78A50060596E /* KokuhakuAnalytics */; };
		2D3BBFAE2F1A78AC0060596E /* KokuhakuAnalytics in Frameworks */ = {isa = PBXBuildFile; productRef = 2D3BBFAD2F1A78AC0060596E /* KokuhakuAnalytics */; };
		2D3BBFCD2F1A7E640060596E /* KokuhakuFlowExecution in Frameworks */ = {isa = PBXBuildFile; productRef = 2D3BBFCC2F1A7E640060596E /* KokuhakuFlowExecution */; };
		2D3BBFCF2F1A7E6F0060596E /* KokuhakuFlowExecution in Frameworks */ = {isa = PBXBuildFile; productRef = 2D3BBFCE2F1A7E6F0060596E /* KokuhakuFlowExecution */; };
		2D3BBFD12F1A7E770060596E /* KokuhakuFlowExecution in Frameworks */ = {isa = PBXBuildFile; productRef = 2D3BBFD02F1A7E770060596E /* KokuhakuFlowExecution */; };
/* End PBXBuildFile section */

/* Begin PBXContainerItemProxy section */
		2D3BBCF82F18E9060060596E /* PBXContainerItemProxy */ = {
			isa = PBXContainerItemProxy;
			containerPortal = 2D3BBCE22F18E9050060596E /* Project object */;
			proxyType = 1;
			remoteGlobalIDString = 2D3BBCE92F18E9050060596E;
			remoteInfo = kokuhaku_macos;
		};
		2D3BBD022F18E9060060596E /* PBXContainerItemProxy */ = {
			isa = PBXContainerItemProxy;
			containerPortal = 2D3BBCE22F18E9050060596E /* Project object */;
			proxyType = 1;
			remoteGlobalIDString = 2D3BBCE92F18E9050060596E;
			remoteInfo = kokuhaku_macos;
		};
/* End PBXContainerItemProxy section */

/* Begin PBXFileReference section */
		2D3BBCEA2F18E9050060596E /* kokuhaku_macos.app */ = {isa = PBXFileReference; explicitFileType = wrapper.application; includeInIndex = 0; path = kokuhaku_macos.app; sourceTree = BUILT_PRODUCTS_DIR; };
		2D3BBCF72F18E9060060596E /* kokuhaku_macosTests.xctest */ = {isa = PBXFileReference; explicitFileType = wrapper.cfbundle; includeInIndex = 0; path = kokuhaku_macosTests.xctest; sourceTree = BUILT_PRODUCTS_DIR; };
		2D3BBD012F18E9060060596E /* kokuhaku_macosUITests.xctest */ = {isa = PBXFileReference; explicitFileType = wrapper.cfbundle; includeInIndex = 0; path = kokuhaku_macosUITests.xctest; sourceTree = BUILT_PRODUCTS_DIR; };
/* End PBXFileReference section */

/* Begin PBXFileSystemSynchronizedRootGroup section */
		2D3BBCEC2F18E9050060596E /* kokuhaku_macos */ = {
			isa = PBXFileSystemSynchronizedRootGroup;
			path = kokuhaku_macos;
			sourceTree = "<group>";
		};
		2D3BBCFA2F18E9060060596E /* kokuhaku_macosTests */ = {
			isa = PBXFileSystemSynchronizedRootGroup;
			path = kokuhaku_macosTests;
			sourceTree = "<group>";
		};
		2D3BBD042F18E9060060596E /* kokuhaku_macosUITests */ = {
			isa = PBXFileSystemSynchronizedRootGroup;
			path = kokuhaku_macosUITests;
			sourceTree = "<group>";
		};
/* End PBXFileSystemSynchronizedRootGroup section */

/* Begin PBXFrameworksBuildPhase section */
		2D3BBCE72F18E9050060596E /* Frameworks */ = {
			isa = PBXFrameworksBuildPhase;
			buildActionMask = 2147483647;
			files = (
				2D3BBEA92F1A3CAD0060596E /* KokuhakuCloudKit in Frameworks */,
				2D3BBEBF2F1A60D30060596E /* KokuhakuImportLocal in Frameworks */,
				2D3BBF782F1A71020060596E /* KokuhakuNotifications in Frameworks */,
				2D3BBF552F1A6E8D0060596E /* KokuhakuDeviceSync in Frameworks */,
				2D3BBFCD2F1A7E640060596E /* KokuhakuFlowExecution in Frameworks */,
				2D3BBF942F1A77770060596E /* KokuhakuHealthKit in Frameworks */,
				2D3BBEF22F1A671C0060596E /* KokuhakuImportGitHub in Frameworks */,
				2D3BBE582F1A2C910060596E /* KokuhakuCore in Frameworks */,
				2D3BBFAA2F1A78A00060596E /* KokuhakuAnalytics in Frameworks */,
				2D3BBED52F1A64D20060596E /* KokuhakuImportGit in Frameworks */,
				2D3BBF322F1A6C390060596E /* KokuhakuFlowCatalog in Frameworks */,
				2D3BBF152F1A693D0060596E /* KokuhakuStorageLocal in Frameworks */,
			);
			runOnlyForDeploymentPostprocessing = 0;
		};
		2D3BBCF42F18E9060060596E /* Frameworks */ = {
			isa = PBXFrameworksBuildPhase;
			buildActionMask = 2147483647;
			files = (
				2D3BBEAB2F1A3CB50060596E /* KokuhakuCloudKit in Frameworks */,
				2D3BBEC32F1A60E00060596E /* KokuhakuImportLocal in Frameworks */,
				2D3BBF7C2F1A71160060596E /* KokuhakuNotifications in Frameworks */,
				2D3BBF572F1A6E930060596E /* KokuhakuDeviceSync in Frameworks */,
				2D3BBFCF2F1A7E6F0060596E /* KokuhakuFlowExecution in Frameworks */,
				2D3BBF962F1A777E0060596E /* KokuhakuHealthKit in Frameworks */,
				2D3BBEF62F1A67280060596E /* KokuhakuImportGitHub in Frameworks */,
				2D3BBE5A2F1A2C9C0060596E /* KokuhakuCore in Frameworks */,
				2D3BBFAE2F1A78AC0060596E /* KokuhakuAnalytics in Frameworks */,
				2D3BBED72F1A64D90060596E /* KokuhakuImportGit in Frameworks */,
				2D3BBF362F1A6C430060596E /* KokuhakuFlowCatalog in Frameworks */,
				2D3BBF172F1A69440060596E /* KokuhakuStorageLocal in Frameworks */,
			);
			runOnlyForDeploymentPostprocessing = 0;
		};
		2D3BBCFE2F18E9060060596E /* Frameworks */ = {
			isa = PBXFrameworksBuildPhase;
			buildActionMask = 2147483647;
			files = (
				2D3BBEAD2F1A3CBC0060596E /* KokuhakuCloudKit in Frameworks */,
				2D3BBEC12F1A60DA0060596E /* KokuhakuImportLocal in Frameworks */,
				2D3BBF7A2F1A710B0060596E /* KokuhakuNotifications in Frameworks */,
				2D3BBF592F1A6E980060596E /* KokuhakuDeviceSync in Frameworks */,
				2D3BBFD12F1A7E770060596E /* KokuhakuFlowExecution in Frameworks */,
				2D3BBF982F1A77860060596E /* KokuhakuHealthKit in Frameworks */,
				2D3BBEF42F1A67220060596E /* KokuhakuImportGitHub in Frameworks */,
				2D3BBE032F1A24FB0060596E /* KokuhakuCore in Frameworks */,
				2D3BBFAC2F1A78A50060596E /* KokuhakuAnalytics in Frameworks */,
				2D3BBED92F1A64DF0060596E /* KokuhakuImportGit in Frameworks */,
				2D3BBF342F1A6C3F0060596E /* KokuhakuFlowCatalog in Frameworks */,
				2D3BBF192F1A69490060596E /* KokuhakuStorageLocal in Frameworks */,
			);
			runOnlyForDeploymentPostprocessing = 0;
		};
/* End PBXFrameworksBuildPhase section */

/* Begin PBXGroup section */
		2D3BBCE12F18E9050060596E = {
			isa = PBXGroup;
			children = (
				2D3BBCEC2F18E9050060596E /* kokuhaku_macos */,
				2D3BBCFA2F18E9060060596E /* kokuhaku_macosTests */,
				2D3BBD042F18E9060060596E /* kokuhaku_macosUITests */,
				2D3BBE012F1A24FB0060596E /* Frameworks */,
				2D3BBCEB2F18E9050060596E /* Products */,
			);
			sourceTree = "<group>";
		};
		2D3BBCEB2F18E9050060596E /* Products */ = {
			isa = PBXGroup;
			children = (
				2D3BBCEA2F18E9050060596E /* kokuhaku_macos.app */,
				2D3BBCF72F18E9060060596E /* kokuhaku_macosTests.xctest */,
				2D3BBD012F18E9060060596E /* kokuhaku_macosUITests.xctest */,
			);
			name = Products;
			sourceTree = "<group>";
		};
		2D3BBE012F1A24FB0060596E /* Frameworks */ = {
			isa = PBXGroup;
			children = (
			);
			name = Frameworks;
			sourceTree = "<group>";
		};
/* End PBXGroup section */

/* Begin PBXNativeTarget section */
		2D3BBCE92F18E9050060596E /* kokuhaku_macos */ = {
			isa = PBXNativeTarget;
			buildConfigurationList = 2D3BBD0B2F18E9060060596E /* Build configuration list for PBXNativeTarget "kokuhaku_macos" */;
			buildPhases = (
				2D3BBCE62F18E9050060596E /* Sources */,
				2D3BBCE72F18E9050060596E /* Frameworks */,
				2D3BBCE82F18E9050060596E /* Resources */,
			);
			buildRules = (
			);
			dependencies = (
			);
			fileSystemSynchronizedGroups = (
				2D3BBCEC2F18E9050060596E /* kokuhaku_macos */,
			);
			name = kokuhaku_macos;
			packageProductDependencies = (
				2D3BBE572F1A2C910060596E /* KokuhakuCore */,
				2D3BBEA82F1A3CAD0060596E /* KokuhakuCloudKit */,
				2D3BBEBE2F1A60D30060596E /* KokuhakuImportLocal */,
				2D3BBED42F1A64D20060596E /* KokuhakuImportGit */,
				2D3BBEF12F1A671C0060596E /* KokuhakuImportGitHub */,
				2D3BBF142F1A693D0060596E /* KokuhakuStorageLocal */,
				2D3BBF312F1A6C390060596E /* KokuhakuFlowCatalog */,
				2D3BBF542F1A6E8D0060596E /* KokuhakuDeviceSync */,
				2D3BBF772F1A71020060596E /* KokuhakuNotifications */,
				2D3BBF932F1A77770060596E /* KokuhakuHealthKit */,
				2D3BBFA92F1A78A00060596E /* KokuhakuAnalytics */,
				2D3BBFCC2F1A7E640060596E /* KokuhakuFlowExecution */,
			);
			productName = kokuhaku_macos;
			productReference = 2D3BBCEA2F18E9050060596E /* kokuhaku_macos.app */;
			productType = "com.apple.product-type.application";
		};
		2D3BBCF62F18E9060060596E /* kokuhaku_macosTests */ = {
			isa = PBXNativeTarget;
			buildConfigurationList = 2D3BBD0E2F18E9060060596E /* Build configuration list for PBXNativeTarget "kokuhaku_macosTests" */;
			buildPhases = (
				2D3BBCF32F18E9060060596E /* Sources */,
				2D3BBCF42F18E9060060596E /* Frameworks */,
				2D3BBCF52F18E9060060596E /* Resources */,
			);
			buildRules = (
			);
			dependencies = (
				2D3BBCF92F18E9060060596E /* PBXTargetDependency */,
			);
			fileSystemSynchronizedGroups = (
				2D3BBCFA2F18E9060060596E /* kokuhaku_macosTests */,
			);
			name = kokuhaku_macosTests;
			packageProductDependencies = (
				2D3BBE592F1A2C9C0060596E /* KokuhakuCore */,
				2D3BBEAA2F1A3CB50060596E /* KokuhakuCloudKit */,
				2D3BBEC22F1A60E00060596E /* KokuhakuImportLocal */,
				2D3BBED62F1A64D90060596E /* KokuhakuImportGit */,
				2D3BBEF52F1A67280060596E /* KokuhakuImportGitHub */,
				2D3BBF162F1A69440060596E /* KokuhakuStorageLocal */,
				2D3BBF352F1A6C430060596E /* KokuhakuFlowCatalog */,
				2D3BBF562F1A6E930060596E /* KokuhakuDeviceSync */,
				2D3BBF7B2F1A71160060596E /* KokuhakuNotifications */,
				2D3BBF952F1A777E0060596E /* KokuhakuHealthKit */,
				2D3BBFAD2F1A78AC0060596E /* KokuhakuAnalytics */,
				2D3BBFCE2F1A7E6F0060596E /* KokuhakuFlowExecution */,
			);
			productName = kokuhaku_macosTests;
			productReference = 2D3BBCF72F18E9060060596E /* kokuhaku_macosTests.xctest */;
			productType = "com.apple.product-type.bundle.unit-test";
		};
		2D3BBD002F18E9060060596E /* kokuhaku_macosUITests */ = {
			isa = PBXNativeTarget;
			buildConfigurationList = 2D3BBD112F18E9060060596E /* Build configuration list for PBXNativeTarget "kokuhaku_macosUITests" */;
			buildPhases = (
				2D3BBCFD2F18E9060060596E /* Sources */,
				2D3BBCFE2F18E9060060596E /* Frameworks */,
				2D3BBCFF2F18E9060060596E /* Resources */,
			);
			buildRules = (
			);
			dependencies = (
				2D3BBD032F18E9060060596E /* PBXTargetDependency */,
			);
			fileSystemSynchronizedGroups = (
				2D3BBD042F18E9060060596E /* kokuhaku_macosUITests */,
			);
			name = kokuhaku_macosUITests;
			packageProductDependencies = (
				2D3BBE022F1A24FB0060596E /* KokuhakuCore */,
				2D3BBEAC2F1A3CBC0060596E /* KokuhakuCloudKit */,
				2D3BBEC02F1A60DA0060596E /* KokuhakuImportLocal */,
				2D3BBED82F1A64DF0060596E /* KokuhakuImportGit */,
				2D3BBEF32F1A67220060596E /* KokuhakuImportGitHub */,
				2D3BBF182F1A69490060596E /* KokuhakuStorageLocal */,
				2D3BBF332F1A6C3F0060596E /* KokuhakuFlowCatalog */,
				2D3BBF582F1A6E980060596E /* KokuhakuDeviceSync */,
				2D3BBF792F1A710B0060596E /* KokuhakuNotifications */,
				2D3BBF972F1A77860060596E /* KokuhakuHealthKit */,
				2D3BBFAB2F1A78A50060596E /* KokuhakuAnalytics */,
				2D3BBFD02F1A7E770060596E /* KokuhakuFlowExecution */,
			);
			productName = kokuhaku_macosUITests;
			productReference = 2D3BBD012F18E9060060596E /* kokuhaku_macosUITests.xctest */;
			productType = "com.apple.product-type.bundle.ui-testing";
		};
/* End PBXNativeTarget section */

/* Begin PBXProject section */
		2D3BBCE22F18E9050060596E /* Project object */ = {
			isa = PBXProject;
			attributes = {
				BuildIndependentTargetsInParallel = 1;
				LastSwiftUpdateCheck = 2620;
				LastUpgradeCheck = 2620;
				TargetAttributes = {
					2D3BBCE92F18E9050060596E = {
						CreatedOnToolsVersion = 26.2;
					};
					2D3BBCF62F18E9060060596E = {
						CreatedOnToolsVersion = 26.2;
						TestTargetID = 2D3BBCE92F18E9050060596E;
					};
					2D3BBD002F18E9060060596E = {
						CreatedOnToolsVersion = 26.2;
						TestTargetID = 2D3BBCE92F18E9050060596E;
					};
				};
			};
			buildConfigurationList = 2D3BBCE52F18E9050060596E /* Build configuration list for PBXProject "kokuhaku_macos" */;
			developmentRegion = en;
			hasScannedForEncodings = 0;
			knownRegions = (
				en,
				Base,
			);
			mainGroup = 2D3BBCE12F18E9050060596E;
			minimizedProjectReferenceProxies = 1;
			packageReferences = (
				2D3BBE002F1A24F10060596E /* XCLocalSwiftPackageReference "../../Shared/KokuhakuCore" */,
				2D3BBEA72F1A3C990060596E /* XCLocalSwiftPackageReference "../../Shared/KokuhakuCloudKit" */,
				2D3BBEBD2F1A60D30060596E /* XCLocalSwiftPackageReference "../../Shared/KokuhakuImportLocal" */,
				2D3BBED32F1A64D20060596E /* XCLocalSwiftPackageReference "../../Shared/KokuhakuImportGit" */,
				2D3BBEF02F1A671C0060596E /* XCLocalSwiftPackageReference "../../Shared/KokuhakuImportGitHub" */,
				2D3BBF132F1A693D0060596E /* XCLocalSwiftPackageReference "../../Shared/KokuhakuStorageLocal" */,
				2D3BBF302F1A6C390060596E /* XCLocalSwiftPackageReference "../../Shared/KokuhakuFlowCatalog" */,
				2D3BBF532F1A6E8D0060596E /* XCLocalSwiftPackageReference "../../Shared/KokuhakuDeviceSync" */,
				2D3BBF762F1A71020060596E /* XCLocalSwiftPackageReference "../../Shared/KokuhakuNotifications" */,
				2D3BBF922F1A77770060596E /* XCLocalSwiftPackageReference "../../Shared/KokuhakuHealthKit" */,
				2D3BBFA82F1A78A00060596E /* XCLocalSwiftPackageReference "../../Shared/KokuhakuAnalytics" */,
				2D3BBFCB2F1A7E640060596E /* XCLocalSwiftPackageReference "../../Shared/KokuhakuFlowExecution" */,
			);
			preferredProjectObjectVersion = 77;
			productRefGroup = 2D3BBCEB2F18E9050060596E /* Products */;
			projectDirPath = "";
			projectRoot = "";
			targets = (
				2D3BBCE92F18E9050060596E /* kokuhaku_macos */,
				2D3BBCF62F18E9060060596E /* kokuhaku_macosTests */,
				2D3BBD002F18E9060060596E /* kokuhaku_macosUITests */,
			);
		};
/* End PBXProject section */

/* Begin PBXResourcesBuildPhase section */
		2D3BBCE82F18E9050060596E /* Resources */ = {
			isa = PBXResourcesBuildPhase;
			buildActionMask = 2147483647;
			files = (
			);
			runOnlyForDeploymentPostprocessing = 0;
		};
		2D3BBCF52F18E9060060596E /* Resources */ = {
			isa = PBXResourcesBuildPhase;
			buildActionMask = 2147483647;
			files = (
			);
			runOnlyForDeploymentPostprocessing = 0;
		};
		2D3BBCFF2F18E9060060596E /* Resources */ = {
			isa = PBXResourcesBuildPhase;
			buildActionMask = 2147483647;
			files = (
			);
			runOnlyForDeploymentPostprocessing = 0;
		};
/* End PBXResourcesBuildPhase section */

/* Begin PBXSourcesBuildPhase section */
		2D3BBCE62F18E9050060596E /* Sources */ = {
			isa = PBXSourcesBuildPhase;
			buildActionMask = 2147483647;
			files = (
			);
			runOnlyForDeploymentPostprocessing = 0;
		};
		2D3BBCF32F18E9060060596E /* Sources */ = {
			isa = PBXSourcesBuildPhase;
			buildActionMask = 2147483647;
			files = (
			);
			runOnlyForDeploymentPostprocessing = 0;
		};
		2D3BBCFD2F18E9060060596E /* Sources */ = {
			isa = PBXSourcesBuildPhase;
			buildActionMask = 2147483647;
			files = (
			);
			runOnlyForDeploymentPostprocessing = 0;
		};
/* End PBXSourcesBuildPhase section */

/* Begin PBXTargetDependency section */
		2D3BBCF92F18E9060060596E /* PBXTargetDependency */ = {
			isa = PBXTargetDependency;
			target = 2D3BBCE92F18E9050060596E /* kokuhaku_macos */;
			targetProxy = 2D3BBCF82F18E9060060596E /* PBXContainerItemProxy */;
		};
		2D3BBD032F18E9060060596E /* PBXTargetDependency */ = {
			isa = PBXTargetDependency;
			target = 2D3BBCE92F18E9050060596E /* kokuhaku_macos */;
			targetProxy = 2D3BBD022F18E9060060596E /* PBXContainerItemProxy */;
		};
/* End PBXTargetDependency section */

/* Begin XCBuildConfiguration section */
		2D3BBD092F18E9060060596E /* Debug */ = {
			isa = XCBuildConfiguration;
			buildSettings = {
				ALWAYS_SEARCH_USER_PATHS = NO;
				ASSETCATALOG_COMPILER_GENERATE_SWIFT_ASSET_SYMBOL_EXTENSIONS = YES;
				CLANG_ANALYZER_NONNULL = YES;
				CLANG_ANALYZER_NUMBER_OBJECT_CONVERSION = YES_AGGRESSIVE;
				CLANG_CXX_LANGUAGE_STANDARD = "gnu++20";
				CLANG_ENABLE_MODULES = YES;
				CLANG_ENABLE_OBJC_ARC = YES;
				CLANG_ENABLE_OBJC_WEAK = YES;
				CLANG_WARN_BLOCK_CAPTURE_AUTORELEASING = YES;
				CLANG_WARN_BOOL_CONVERSION = YES;
				CLANG_WARN_COMMA = YES;
				CLANG_WARN_CONSTANT_CONVERSION = YES;
				CLANG_WARN_DEPRECATED_OBJC_IMPLEMENTATIONS = YES;
				CLANG_WARN_DIRECT_OBJC_ISA_USAGE = YES_ERROR;
				CLANG_WARN_DOCUMENTATION_COMMENTS = YES;
				CLANG_WARN_EMPTY_BODY = YES;
				CLANG_WARN_ENUM_CONVERSION = YES;
				CLANG_WARN_INFINITE_RECURSION = YES;
				CLANG_WARN_INT_CONVERSION = YES;
				CLANG_WARN_NON_LITERAL_NULL_CONVERSION = YES;
				CLANG_WARN_OBJC_IMPLICIT_RETAIN_SELF = YES;
				CLANG_WARN_OBJC_LITERAL_CONVERSION = YES;
				CLANG_WARN_OBJC_ROOT_CLASS = YES_ERROR;
				CLANG_WARN_QUOTED_INCLUDE_IN_FRAMEWORK_HEADER = YES;
				CLANG_WARN_RANGE_LOOP_ANALYSIS = YES;
				CLANG_WARN_STRICT_PROTOTYPES = YES;
				CLANG_WARN_SUSPICIOUS_MOVE = YES;
				CLANG_WARN_UNGUARDED_AVAILABILITY = YES_AGGRESSIVE;
				CLANG_WARN_UNREACHABLE_CODE = YES;
				CLANG_WARN__DUPLICATE_METHOD_MATCH = YES;
				COPY_PHASE_STRIP = NO;
				DEBUG_INFORMATION_FORMAT = dwarf;
				DEVELOPMENT_TEAM = 6MJCL4W8J6;
				ENABLE_STRICT_OBJC_MSGSEND = YES;
				ENABLE_TESTABILITY = YES;
				ENABLE_USER_SCRIPT_SANDBOXING = YES;
				GCC_C_LANGUAGE_STANDARD = gnu17;
				GCC_DYNAMIC_NO_PIC = NO;
				GCC_NO_COMMON_BLOCKS = YES;
				GCC_OPTIMIZATION_LEVEL = 0;
				GCC_PREPROCESSOR_DEFINITIONS = (
					"DEBUG=1",
					"$(inherited)",
				);
				GCC_WARN_64_TO_32_BIT_CONVERSION = YES;
				GCC_WARN_ABOUT_RETURN_TYPE = YES_ERROR;
				GCC_WARN_UNDECLARED_SELECTOR = YES;
				GCC_WARN_UNINITIALIZED_AUTOS = YES_AGGRESSIVE;
				GCC_WARN_UNUSED_FUNCTION = YES;
				GCC_WARN_UNUSED_VARIABLE = YES;
				LOCALIZATION_PREFERS_STRING_CATALOGS = YES;
				MACOSX_DEPLOYMENT_TARGET = 26.2;
				MTL_ENABLE_DEBUG_INFO = INCLUDE_SOURCE;
				MTL_FAST_MATH = YES;
				ONLY_ACTIVE_ARCH = YES;
				SDKROOT = macosx;
				SWIFT_ACTIVE_COMPILATION_CONDITIONS = "DEBUG $(inherited)";
				SWIFT_OPTIMIZATION_LEVEL = "-Onone";
				SWIFT_VERSION = 6.0;
			};
			name = Debug;
		};
		2D3BBD0A2F18E9060060596E /* Release */ = {
			isa = XCBuildConfiguration;
			buildSettings = {
				ALWAYS_SEARCH_USER_PATHS = NO;
				ASSETCATALOG_COMPILER_GENERATE_SWIFT_ASSET_SYMBOL_EXTENSIONS = YES;
				CLANG_ANALYZER_NONNULL = YES;
				CLANG_ANALYZER_NUMBER_OBJECT_CONVERSION = YES_AGGRESSIVE;
				CLANG_CXX_LANGUAGE_STANDARD = "gnu++20";
				CLANG_ENABLE_MODULES = YES;
				CLANG_ENABLE_OBJC_ARC = YES;
				CLANG_ENABLE_OBJC_WEAK = YES;
				CLANG_WARN_BLOCK_CAPTURE_AUTORELEASING = YES;
				CLANG_WARN_BOOL_CONVERSION = YES;
				CLANG_WARN_COMMA = YES;
				CLANG_WARN_CONSTANT_CONVERSION = YES;
				CLANG_WARN_DEPRECATED_OBJC_IMPLEMENTATIONS = YES;
				CLANG_WARN_DIRECT_OBJC_ISA_USAGE = YES_ERROR;
				CLANG_WARN_DOCUMENTATION_COMMENTS = YES;
				CLANG_WARN_EMPTY_BODY = YES;
				CLANG_WARN_ENUM_CONVERSION = YES;
				CLANG_WARN_INFINITE_RECURSION = YES;
				CLANG_WARN_INT_CONVERSION = YES;
				CLANG_WARN_NON_LITERAL_NULL_CONVERSION = YES;
				CLANG_WARN_OBJC_IMPLICIT_RETAIN_SELF = YES;
				CLANG_WARN_OBJC_LITERAL_CONVERSION = YES;
				CLANG_WARN_OBJC_ROOT_CLASS = YES_ERROR;
				CLANG_WARN_QUOTED_INCLUDE_IN_FRAMEWORK_HEADER = YES;
				CLANG_WARN_RANGE_LOOP_ANALYSIS = YES;
				CLANG_WARN_STRICT_PROTOTYPES = YES;
				CLANG_WARN_SUSPICIOUS_MOVE = YES;
				CLANG_WARN_UNGUARDED_AVAILABILITY = YES_AGGRESSIVE;
				CLANG_WARN_UNREACHABLE_CODE = YES;
				CLANG_WARN__DUPLICATE_METHOD_MATCH = YES;
				COPY_PHASE_STRIP = NO;
				DEBUG_INFORMATION_FORMAT = "dwarf-with-dsym";
				DEVELOPMENT_TEAM = 6MJCL4W8J6;
				ENABLE_NS_ASSERTIONS = NO;
				ENABLE_STRICT_OBJC_MSGSEND = YES;
				ENABLE_USER_SCRIPT_SANDBOXING = YES;
				GCC_C_LANGUAGE_STANDARD = gnu17;
				GCC_NO_COMMON_BLOCKS = YES;
				GCC_WARN_64_TO_32_BIT_CONVERSION = YES;
				GCC_WARN_ABOUT_RETURN_TYPE = YES_ERROR;
				GCC_WARN_UNDECLARED_SELECTOR = YES;
				GCC_WARN_UNINITIALIZED_AUTOS = YES_AGGRESSIVE;
				GCC_WARN_UNUSED_FUNCTION = YES;
				GCC_WARN_UNUSED_VARIABLE = YES;
				LOCALIZATION_PREFERS_STRING_CATALOGS = YES;
				MACOSX_DEPLOYMENT_TARGET = 26.2;
				MTL_ENABLE_DEBUG_INFO = NO;
				MTL_FAST_MATH = YES;
				SDKROOT = macosx;
				SWIFT_COMPILATION_MODE = wholemodule;
				SWIFT_VERSION = 6.0;
			};
			name = Release;
		};
		2D3BBD0C2F18E9060060596E /* Debug */ = {
			isa = XCBuildConfiguration;
			buildSettings = {
				ASSETCATALOG_COMPILER_APPICON_NAME = AppIcon;
				ASSETCATALOG_COMPILER_GLOBAL_ACCENT_COLOR_NAME = AccentColor;
				CODE_SIGN_STYLE = Automatic;
				COMBINE_HIDPI_IMAGES = YES;
				CURRENT_PROJECT_VERSION = 1;
				DEVELOPMENT_TEAM = 6MJCL4W8J6;
				ENABLE_APP_SANDBOX = YES;
				ENABLE_HARDENED_RUNTIME = YES;
				ENABLE_PREVIEWS = YES;
				ENABLE_USER_SELECTED_FILES = readonly;
				GENERATE_INFOPLIST_FILE = YES;
				INFOPLIST_KEY_CFBundleDisplayName = Kokuhaku;
				INFOPLIST_KEY_LSApplicationCategoryType = "public.app-category.productivity";
				INFOPLIST_KEY_NSHumanReadableCopyright = "";
				LD_RUNPATH_SEARCH_PATHS = (
					"$(inherited)",
					"@executable_path/../Frameworks",
				);
				MACOSX_DEPLOYMENT_TARGET = 14.6;
				MARKETING_VERSION = 1.0;
				PRODUCT_BUNDLE_IDENTIFIER = de.nijida.kokuhaku.macos.app;
				PRODUCT_NAME = "$(TARGET_NAME)";
				REGISTER_APP_GROUPS = YES;
				STRING_CATALOG_GENERATE_SYMBOLS = YES;
				SWIFT_APPROACHABLE_CONCURRENCY = YES;
				SWIFT_DEFAULT_ACTOR_ISOLATION = MainActor;
				SWIFT_EMIT_LOC_STRINGS = YES;
				SWIFT_UPCOMING_FEATURE_MEMBER_IMPORT_VISIBILITY = YES;
				SWIFT_VERSION = 6.0;
			};
			name = Debug;
		};
		2D3BBD0D2F18E9060060596E /* Release */ = {
			isa = XCBuildConfiguration;
			buildSettings = {
				ASSETCATALOG_COMPILER_APPICON_NAME = AppIcon;
				ASSETCATALOG_COMPILER_GLOBAL_ACCENT_COLOR_NAME = AccentColor;
				CODE_SIGN_STYLE = Automatic;
				COMBINE_HIDPI_IMAGES = YES;
				CURRENT_PROJECT_VERSION = 1;
				DEVELOPMENT_TEAM = 6MJCL4W8J6;
				ENABLE_APP_SANDBOX = YES;
				ENABLE_HARDENED_RUNTIME = YES;
				ENABLE_PREVIEWS = YES;
				ENABLE_USER_SELECTED_FILES = readonly;
				GENERATE_INFOPLIST_FILE = YES;
				INFOPLIST_KEY_CFBundleDisplayName = Kokuhaku;
				INFOPLIST_KEY_LSApplicationCategoryType = "public.app-category.productivity";
				INFOPLIST_KEY_NSHumanReadableCopyright = "";
				LD_RUNPATH_SEARCH_PATHS = (
					"$(inherited)",
					"@executable_path/../Frameworks",
				);
				MACOSX_DEPLOYMENT_TARGET = 14.6;
				MARKETING_VERSION = 1.0;
				PRODUCT_BUNDLE_IDENTIFIER = de.nijida.kokuhaku.macos.app;
				PRODUCT_NAME = "$(TARGET_NAME)";
				REGISTER_APP_GROUPS = YES;
				STRING_CATALOG_GENERATE_SYMBOLS = YES;
				SWIFT_APPROACHABLE_CONCURRENCY = YES;
				SWIFT_DEFAULT_ACTOR_ISOLATION = MainActor;
				SWIFT_EMIT_LOC_STRINGS = YES;
				SWIFT_UPCOMING_FEATURE_MEMBER_IMPORT_VISIBILITY = YES;
				SWIFT_VERSION = 6.0;
			};
			name = Release;
		};
		2D3BBD0F2F18E9060060596E /* Debug */ = {
			isa = XCBuildConfiguration;
			buildSettings = {
				BUNDLE_LOADER = "$(TEST_HOST)";
				CODE_SIGN_STYLE = Automatic;
				CURRENT_PROJECT_VERSION = 1;
				DEVELOPMENT_TEAM = 6MJCL4W8J6;
				GENERATE_INFOPLIST_FILE = YES;
				MACOSX_DEPLOYMENT_TARGET = 14.6;
				MARKETING_VERSION = 1.0;
				PRODUCT_BUNDLE_IDENTIFIER = "de.nijida.kokuhaku-macosTests";
				PRODUCT_NAME = "$(TARGET_NAME)";
				STRING_CATALOG_GENERATE_SYMBOLS = NO;
				SWIFT_APPROACHABLE_CONCURRENCY = YES;
				SWIFT_EMIT_LOC_STRINGS = NO;
				SWIFT_UPCOMING_FEATURE_MEMBER_IMPORT_VISIBILITY = YES;
				SWIFT_VERSION = 6.0;
				TEST_HOST = "$(BUILT_PRODUCTS_DIR)/kokuhaku_macos.app/$(BUNDLE_EXECUTABLE_FOLDER_PATH)/kokuhaku_macos";
			};
			name = Debug;
		};
		2D3BBD102F18E9060060596E /* Release */ = {
			isa = XCBuildConfiguration;
			buildSettings = {
				BUNDLE_LOADER = "$(TEST_HOST)";
				CODE_SIGN_STYLE = Automatic;
				CURRENT_PROJECT_VERSION = 1;
				DEVELOPMENT_TEAM = 6MJCL4W8J6;
				GENERATE_INFOPLIST_FILE = YES;
				MACOSX_DEPLOYMENT_TARGET = 14.6;
				MARKETING_VERSION = 1.0;
				PRODUCT_BUNDLE_IDENTIFIER = "de.nijida.kokuhaku-macosTests";
				PRODUCT_NAME = "$(TARGET_NAME)";
				STRING_CATALOG_GENERATE_SYMBOLS = NO;
				SWIFT_APPROACHABLE_CONCURRENCY = YES;
				SWIFT_EMIT_LOC_STRINGS = NO;
				SWIFT_UPCOMING_FEATURE_MEMBER_IMPORT_VISIBILITY = YES;
				SWIFT_VERSION = 6.0;
				TEST_HOST = "$(BUILT_PRODUCTS_DIR)/kokuhaku_macos.app/$(BUNDLE_EXECUTABLE_FOLDER_PATH)/kokuhaku_macos";
			};
			name = Release;
		};
		2D3BBD122F18E9060060596E /* Debug */ = {
			isa = XCBuildConfiguration;
			buildSettings = {
				CODE_SIGN_STYLE = Automatic;
				CURRENT_PROJECT_VERSION = 1;
				DEVELOPMENT_TEAM = 6MJCL4W8J6;
				GENERATE_INFOPLIST_FILE = YES;
				MACOSX_DEPLOYMENT_TARGET = 14.6;
				MARKETING_VERSION = 1.0;
				PRODUCT_BUNDLE_IDENTIFIER = "de.nijida.kokuhaku-macosUITests";
				PRODUCT_NAME = "$(TARGET_NAME)";
				STRING_CATALOG_GENERATE_SYMBOLS = NO;
				SWIFT_APPROACHABLE_CONCURRENCY = YES;
				SWIFT_EMIT_LOC_STRINGS = NO;
				SWIFT_UPCOMING_FEATURE_MEMBER_IMPORT_VISIBILITY = YES;
				SWIFT_VERSION = 6.0;
				TEST_TARGET_NAME = kokuhaku_macos;
			};
			name = Debug;
		};
		2D3BBD132F18E9060060596E /* Release */ = {
			isa = XCBuildConfiguration;
			buildSettings = {
				CODE_SIGN_STYLE = Automatic;
				CURRENT_PROJECT_VERSION = 1;
				DEVELOPMENT_TEAM = 6MJCL4W8J6;
				GENERATE_INFOPLIST_FILE = YES;
				MACOSX_DEPLOYMENT_TARGET = 14.6;
				MARKETING_VERSION = 1.0;
				PRODUCT_BUNDLE_IDENTIFIER = "de.nijida.kokuhaku-macosUITests";
				PRODUCT_NAME = "$(TARGET_NAME)";
				STRING_CATALOG_GENERATE_SYMBOLS = NO;
				SWIFT_APPROACHABLE_CONCURRENCY = YES;
				SWIFT_EMIT_LOC_STRINGS = NO;
				SWIFT_UPCOMING_FEATURE_MEMBER_IMPORT_VISIBILITY = YES;
				SWIFT_VERSION = 6.0;
				TEST_TARGET_NAME = kokuhaku_macos;
			};
			name = Release;
		};
/* End XCBuildConfiguration section */

/* Begin XCConfigurationList section */
		2D3BBCE52F18E9050060596E /* Build configuration list for PBXProject "kokuhaku_macos" */ = {
			isa = XCConfigurationList;
			buildConfigurations = (
				2D3BBD092F18E9060060596E /* Debug */,
				2D3BBD0A2F18E9060060596E /* Release */,
			);
			defaultConfigurationIsVisible = 0;
			defaultConfigurationName = Release;
		};
		2D3BBD0B2F18E9060060596E /* Build configuration list for PBXNativeTarget "kokuhaku_macos" */ = {
			isa = XCConfigurationList;
			buildConfigurations = (
				2D3BBD0C2F18E9060060596E /* Debug */,
				2D3BBD0D2F18E9060060596E /* Release */,
			);
			defaultConfigurationIsVisible = 0;
			defaultConfigurationName = Release;
		};
		2D3BBD0E2F18E9060060596E /* Build configuration list for PBXNativeTarget "kokuhaku_macosTests" */ = {
			isa = XCConfigurationList;
			buildConfigurations = (
				2D3BBD0F2F18E9060060596E /* Debug */,
				2D3BBD102F18E9060060596E /* Release */,
			);
			defaultConfigurationIsVisible = 0;
			defaultConfigurationName = Release;
		};
		2D3BBD112F18E9060060596E /* Build configuration list for PBXNativeTarget "kokuhaku_macosUITests" */ = {
			isa = XCConfigurationList;
			buildConfigurations = (
				2D3BBD122F18E9060060596E /* Debug */,
				2D3BBD132F18E9060060596E /* Release */,
			);
			defaultConfigurationIsVisible = 0;
			defaultConfigurationName = Release;
		};
/* End XCConfigurationList section */

/* Begin XCLocalSwiftPackageReference section */
		2D3BBE002F1A24F10060596E /* XCLocalSwiftPackageReference "../../Shared/KokuhakuCore" */ = {
			isa = XCLocalSwiftPackageReference;
			relativePath = ../../Shared/KokuhakuCore;
		};
		2D3BBEA72F1A3C990060596E /* XCLocalSwiftPackageReference "../../Shared/KokuhakuCloudKit" */ = {
			isa = XCLocalSwiftPackageReference;
			relativePath = ../../Shared/KokuhakuCloudKit;
		};
		2D3BBEBD2F1A60D30060596E /* XCLocalSwiftPackageReference "../../Shared/KokuhakuImportLocal" */ = {
			isa = XCLocalSwiftPackageReference;
			relativePath = ../../Shared/KokuhakuImportLocal;
		};
		2D3BBED32F1A64D20060596E /* XCLocalSwiftPackageReference "../../Shared/KokuhakuImportGit" */ = {
			isa = XCLocalSwiftPackageReference;
			relativePath = ../../Shared/KokuhakuImportGit;
		};
		2D3BBEF02F1A671C0060596E /* XCLocalSwiftPackageReference "../../Shared/KokuhakuImportGitHub" */ = {
			isa = XCLocalSwiftPackageReference;
			relativePath = ../../Shared/KokuhakuImportGitHub;
		};
		2D3BBF132F1A693D0060596E /* XCLocalSwiftPackageReference "../../Shared/KokuhakuStorageLocal" */ = {
			isa = XCLocalSwiftPackageReference;
			relativePath = ../../Shared/KokuhakuStorageLocal;
		};
		2D3BBF302F1A6C390060596E /* XCLocalSwiftPackageReference "../../Shared/KokuhakuFlowCatalog" */ = {
			isa = XCLocalSwiftPackageReference;
			relativePath = ../../Shared/KokuhakuFlowCatalog;
		};
		2D3BBF532F1A6E8D0060596E /* XCLocalSwiftPackageReference "../../Shared/KokuhakuDeviceSync" */ = {
			isa = XCLocalSwiftPackageReference;
			relativePath = ../../Shared/KokuhakuDeviceSync;
		};
		2D3BBF762F1A71020060596E /* XCLocalSwiftPackageReference "../../Shared/KokuhakuNotifications" */ = {
			isa = XCLocalSwiftPackageReference;
			relativePath = ../../Shared/KokuhakuNotifications;
		};
		2D3BBF922F1A77770060596E /* XCLocalSwiftPackageReference "../../Shared/KokuhakuHealthKit" */ = {
			isa = XCLocalSwiftPackageReference;
			relativePath = ../../Shared/KokuhakuHealthKit;
		};
		2D3BBFA82F1A78A00060596E /* XCLocalSwiftPackageReference "../../Shared/KokuhakuAnalytics" */ = {
			isa = XCLocalSwiftPackageReference;
			relativePath = ../../Shared/KokuhakuAnalytics;
		};
		2D3BBFCB2F1A7E640060596E /* XCLocalSwiftPackageReference "../../Shared/KokuhakuFlowExecution" */ = {
			isa = XCLocalSwiftPackageReference;
			relativePath = ../../Shared/KokuhakuFlowExecution;
		};
/* End XCLocalSwiftPackageReference section */

/* Begin XCSwiftPackageProductDependency section */
		2D3BBE022F1A24FB0060596E /* KokuhakuCore */ = {
			isa = XCSwiftPackageProductDependency;
			package = 2D3BBE002F1A24F10060596E /* XCLocalSwiftPackageReference "../../Shared/KokuhakuCore" */;
			productName = KokuhakuCore;
		};
		2D3BBE572F1A2C910060596E /* KokuhakuCore */ = {
			isa = XCSwiftPackageProductDependency;
			package = 2D3BBE002F1A24F10060596E /* XCLocalSwiftPackageReference "../../Shared/KokuhakuCore" */;
			productName = KokuhakuCore;
		};
		2D3BBE592F1A2C9C0060596E /* KokuhakuCore */ = {
			isa = XCSwiftPackageProductDependency;
			package = 2D3BBE002F1A24F10060596E /* XCLocalSwiftPackageReference "../../Shared/KokuhakuCore" */;
			productName = KokuhakuCore;
		};
		2D3BBEA82F1A3CAD0060596E /* KokuhakuCloudKit */ = {
			isa = XCSwiftPackageProductDependency;
			package = 2D3BBEA72F1A3C990060596E /* XCLocalSwiftPackageReference "../../Shared/KokuhakuCloudKit" */;
			productName = KokuhakuCloudKit;
		};
		2D3BBEAA2F1A3CB50060596E /* KokuhakuCloudKit */ = {
			isa = XCSwiftPackageProductDependency;
			package = 2D3BBEA72F1A3C990060596E /* XCLocalSwiftPackageReference "../../Shared/KokuhakuCloudKit" */;
			productName = KokuhakuCloudKit;
		};
		2D3BBEAC2F1A3CBC0060596E /* KokuhakuCloudKit */ = {
			isa = XCSwiftPackageProductDependency;
			package = 2D3BBEA72F1A3C990060596E /* XCLocalSwiftPackageReference "../../Shared/KokuhakuCloudKit" */;
			productName = KokuhakuCloudKit;
		};
		2D3BBEBE2F1A60D30060596E /* KokuhakuImportLocal */ = {
			isa = XCSwiftPackageProductDependency;
			productName = KokuhakuImportLocal;
		};
		2D3BBEC02F1A60DA0060596E /* KokuhakuImportLocal */ = {
			isa = XCSwiftPackageProductDependency;
			package = 2D3BBEBD2F1A60D30060596E /* XCLocalSwiftPackageReference "../../Shared/KokuhakuImportLocal" */;
			productName = KokuhakuImportLocal;
		};
		2D3BBEC22F1A60E00060596E /* KokuhakuImportLocal */ = {
			isa = XCSwiftPackageProductDependency;
			package = 2D3BBEBD2F1A60D30060596E /* XCLocalSwiftPackageReference "../../Shared/KokuhakuImportLocal" */;
			productName = KokuhakuImportLocal;
		};
		2D3BBED42F1A64D20060596E /* KokuhakuImportGit */ = {
			isa = XCSwiftPackageProductDependency;
			productName = KokuhakuImportGit;
		};
		2D3BBED62F1A64D90060596E /* KokuhakuImportGit */ = {
			isa = XCSwiftPackageProductDependency;
			package = 2D3BBED32F1A64D20060596E /* XCLocalSwiftPackageReference "../../Shared/KokuhakuImportGit" */;
			productName = KokuhakuImportGit;
		};
		2D3BBED82F1A64DF0060596E /* KokuhakuImportGit */ = {
			isa = XCSwiftPackageProductDependency;
			package = 2D3BBED32F1A64D20060596E /* XCLocalSwiftPackageReference "../../Shared/KokuhakuImportGit" */;
			productName = KokuhakuImportGit;
		};
		2D3BBEF12F1A671C0060596E /* KokuhakuImportGitHub */ = {
			isa = XCSwiftPackageProductDependency;
			productName = KokuhakuImportGitHub;
		};
		2D3BBEF32F1A67220060596E /* KokuhakuImportGitHub */ = {
			isa = XCSwiftPackageProductDependency;
			package = 2D3BBEF02F1A671C0060596E /* XCLocalSwiftPackageReference "../../Shared/KokuhakuImportGitHub" */;
			productName = KokuhakuImportGitHub;
		};
		2D3BBEF52F1A67280060596E /* KokuhakuImportGitHub */ = {
			isa = XCSwiftPackageProductDependency;
			package = 2D3BBEF02F1A671C0060596E /* XCLocalSwiftPackageReference "../../Shared/KokuhakuImportGitHub" */;
			productName = KokuhakuImportGitHub;
		};
		2D3BBF142F1A693D0060596E /* KokuhakuStorageLocal */ = {
			isa = XCSwiftPackageProductDependency;
			productName = KokuhakuStorageLocal;
		};
		2D3BBF162F1A69440060596E /* KokuhakuStorageLocal */ = {
			isa = XCSwiftPackageProductDependency;
			package = 2D3BBF132F1A693D0060596E /* XCLocalSwiftPackageReference "../../Shared/KokuhakuStorageLocal" */;
			productName = KokuhakuStorageLocal;
		};
		2D3BBF182F1A69490060596E /* KokuhakuStorageLocal */ = {
			isa = XCSwiftPackageProductDependency;
			package = 2D3BBF132F1A693D0060596E /* XCLocalSwiftPackageReference "../../Shared/KokuhakuStorageLocal" */;
			productName = KokuhakuStorageLocal;
		};
		2D3BBF312F1A6C390060596E /* KokuhakuFlowCatalog */ = {
			isa = XCSwiftPackageProductDependency;
			productName = KokuhakuFlowCatalog;
		};
		2D3BBF332F1A6C3F0060596E /* KokuhakuFlowCatalog */ = {
			isa = XCSwiftPackageProductDependency;
			package = 2D3BBF302F1A6C390060596E /* XCLocalSwiftPackageReference "../../Shared/KokuhakuFlowCatalog" */;
			productName = KokuhakuFlowCatalog;
		};
		2D3BBF352F1A6C430060596E /* KokuhakuFlowCatalog */ = {
			isa = XCSwiftPackageProductDependency;
			package = 2D3BBF302F1A6C390060596E /* XCLocalSwiftPackageReference "../../Shared/KokuhakuFlowCatalog" */;
			productName = KokuhakuFlowCatalog;
		};
		2D3BBF542F1A6E8D0060596E /* KokuhakuDeviceSync */ = {
			isa = XCSwiftPackageProductDependency;
			productName = KokuhakuDeviceSync;
		};
		2D3BBF562F1A6E930060596E /* KokuhakuDeviceSync */ = {
			isa = XCSwiftPackageProductDependency;
			package = 2D3BBF532F1A6E8D0060596E /* XCLocalSwiftPackageReference "../../Shared/KokuhakuDeviceSync" */;
			productName = KokuhakuDeviceSync;
		};
		2D3BBF582F1A6E980060596E /* KokuhakuDeviceSync */ = {
			isa = XCSwiftPackageProductDependency;
			package = 2D3BBF532F1A6E8D0060596E /* XCLocalSwiftPackageReference "../../Shared/KokuhakuDeviceSync" */;
			productName = KokuhakuDeviceSync;
		};
		2D3BBF772F1A71020060596E /* KokuhakuNotifications */ = {
			isa = XCSwiftPackageProductDependency;
			productName = KokuhakuNotifications;
		};
		2D3BBF792F1A710B0060596E /* KokuhakuNotifications */ = {
			isa = XCSwiftPackageProductDependency;
			package = 2D3BBF762F1A71020060596E /* XCLocalSwiftPackageReference "../../Shared/KokuhakuNotifications" */;
			productName = KokuhakuNotifications;
		};
		2D3BBF7B2F1A71160060596E /* KokuhakuNotifications */ = {
			isa = XCSwiftPackageProductDependency;
			package = 2D3BBF762F1A71020060596E /* XCLocalSwiftPackageReference "../../Shared/KokuhakuNotifications" */;
			productName = KokuhakuNotifications;
		};
		2D3BBF932F1A77770060596E /* KokuhakuHealthKit */ = {
			isa = XCSwiftPackageProductDependency;
			productName = KokuhakuHealthKit;
		};
		2D3BBF952F1A777E0060596E /* KokuhakuHealthKit */ = {
			isa = XCSwiftPackageProductDependency;
			package = 2D3BBF922F1A77770060596E /* XCLocalSwiftPackageReference "../../Shared/KokuhakuHealthKit" */;
			productName = KokuhakuHealthKit;
		};
		2D3BBF972F1A77860060596E /* KokuhakuHealthKit */ = {
			isa = XCSwiftPackageProductDependency;
			package = 2D3BBF922F1A77770060596E /* XCLocalSwiftPackageReference "../../Shared/KokuhakuHealthKit" */;
			productName = KokuhakuHealthKit;
		};
		2D3BBFA92F1A78A00060596E /* KokuhakuAnalytics */ = {
			isa = XCSwiftPackageProductDependency;
			productName = KokuhakuAnalytics;
		};
		2D3BBFAB2F1A78A50060596E /* KokuhakuAnalytics */ = {
			isa = XCSwiftPackageProductDependency;
			package = 2D3BBFA82F1A78A00060596E /* XCLocalSwiftPackageReference "../../Shared/KokuhakuAnalytics" */;
			productName = KokuhakuAnalytics;
		};
		2D3BBFAD2F1A78AC0060596E /* KokuhakuAnalytics */ = {
			isa = XCSwiftPackageProductDependency;
			package = 2D3BBFA82F1A78A00060596E /* XCLocalSwiftPackageReference "../../Shared/KokuhakuAnalytics" */;
			productName = KokuhakuAnalytics;
		};
		2D3BBFCC2F1A7E640060596E /* KokuhakuFlowExecution */ = {
			isa = XCSwiftPackageProductDependency;
			productName = KokuhakuFlowExecution;
		};
		2D3BBFCE2F1A7E6F0060596E /* KokuhakuFlowExecution */ = {
			isa = XCSwiftPackageProductDependency;
			package = 2D3BBFCB2F1A7E640060596E /* XCLocalSwiftPackageReference "../../Shared/KokuhakuFlowExecution" */;
			productName = KokuhakuFlowExecution;
		};
		2D3BBFD02F1A7E770060596E /* KokuhakuFlowExecution */ = {
			isa = XCSwiftPackageProductDependency;
			package = 2D3BBFCB2F1A7E640060596E /* XCLocalSwiftPackageReference "../../Shared/KokuhakuFlowExecution" */;
			productName = KokuhakuFlowExecution;
		};
/* End XCSwiftPackageProductDependency section */
	};
	rootObject = 2D3BBCE22F18E9050060596E /* Project object */;
}
