// !$*UTF8*$!
{
	archiveVersion = 1;
	classes = {
	};
	objectVersion = 77;
	objects = {

/* Begin PBXBuildFile section */
		2D3BBD962F18FD510060596E /* kokuhaku_watchos Watch App.app in Embed Watch Content */ = {isa = PBXBuildFile; fileRef = 2D3BBD762F18FD500060596E /* kokuhaku_watchos Watch App.app */; settings = {ATTRIBUTES = (RemoveHeadersOnCopy, ); }; };
		2D3BBDFC2F1A24910060596E /* KokuhakuCore in Frameworks */ = {isa = PBXBuildFile; productRef = 2D3BBDFB2F1A24910060596E /* KokuhakuCore */; };
/* End PBXBuildFile section */

/* Begin PBXContainerItemProxy section */
		2D3BBD562F18EA800060596E /* PBXContainerItemProxy */ = {
			isa = PBXContainerItemProxy;
			containerPortal = 2D3BBD402F18EA7F0060596E /* Project object */;
			proxyType = 1;
			remoteGlobalIDString = 2D3BBD472F18EA7F0060596E;
			remoteInfo = kokuhaku_ios;
		};
		2D3BBD602F18EA800060596E /* PBXContainerItemProxy */ = {
			isa = PBXContainerItemProxy;
			containerPortal = 2D3BBD402F18EA7F0060596E /* Project object */;
			proxyType = 1;
			remoteGlobalIDString = 2D3BBD472F18EA7F0060596E;
			remoteInfo = kokuhaku_ios;
		};
		2D3BBD832F18FD510060596E /* PBXContainerItemProxy */ = {
			isa = PBXContainerItemProxy;
			containerPortal = 2D3BBD402F18EA7F0060596E /* Project object */;
			proxyType = 1;
			remoteGlobalIDString = 2D3BBD752F18FD500060596E;
			remoteInfo = "kokuhaku_watchos Watch App";
		};
		2D3BBD8D2F18FD510060596E /* PBXContainerItemProxy */ = {
			isa = PBXContainerItemProxy;
			containerPortal = 2D3BBD402F18EA7F0060596E /* Project object */;
			proxyType = 1;
			remoteGlobalIDString = 2D3BBD752F18FD500060596E;
			remoteInfo = "kokuhaku_watchos Watch App";
		};
		2D3BBD942F18FD510060596E /* PBXContainerItemProxy */ = {
			isa = PBXContainerItemProxy;
			containerPortal = 2D3BBD402F18EA7F0060596E /* Project object */;
			proxyType = 1;
			remoteGlobalIDString = 2D3BBD752F18FD500060596E;
			remoteInfo = "kokuhaku_watchos Watch App";
		};
/* End PBXContainerItemProxy section */

/* Begin PBXCopyFilesBuildPhase section */
		2D3BBD9A2F18FD510060596E /* Embed Watch Content */ = {
			isa = PBXCopyFilesBuildPhase;
			buildActionMask = 2147483647;
			dstPath = "$(CONTENTS_FOLDER_PATH)/Watch";
			dstSubfolderSpec = 16;
			files = (
				2D3BBD962F18FD510060596E /* kokuhaku_watchos Watch App.app in Embed Watch Content */,
			);
			name = "Embed Watch Content";
			runOnlyForDeploymentPostprocessing = 0;
		};
/* End PBXCopyFilesBuildPhase section */

/* Begin PBXFileReference section */
		2D3BBD482F18EA7F0060596E /* kokuhaku_ios.app */ = {isa = PBXFileReference; explicitFileType = wrapper.application; includeInIndex = 0; path = kokuhaku_ios.app; sourceTree = BUILT_PRODUCTS_DIR; };
		2D3BBD552F18EA800060596E /* kokuhaku_iosTests.xctest */ = {isa = PBXFileReference; explicitFileType = wrapper.cfbundle; includeInIndex = 0; path = kokuhaku_iosTests.xctest; sourceTree = BUILT_PRODUCTS_DIR; };
		2D3BBD5F2F18EA800060596E /* kokuhaku_iosUITests.xctest */ = {isa = PBXFileReference; explicitFileType = wrapper.cfbundle; includeInIndex = 0; path = kokuhaku_iosUITests.xctest; sourceTree = BUILT_PRODUCTS_DIR; };
		2D3BBD762F18FD500060596E /* kokuhaku_watchos Watch App.app */ = {isa = PBXFileReference; explicitFileType = wrapper.application; includeInIndex = 0; path = "kokuhaku_watchos Watch App.app"; sourceTree = BUILT_PRODUCTS_DIR; };
		2D3BBD822F18FD510060596E /* kokuhaku_watchos Watch AppTests.xctest */ = {isa = PBXFileReference; explicitFileType = wrapper.cfbundle; includeInIndex = 0; path = "kokuhaku_watchos Watch AppTests.xctest"; sourceTree = BUILT_PRODUCTS_DIR; };
		2D3BBD8C2F18FD510060596E /* kokuhaku_watchos Watch AppUITests.xctest */ = {isa = PBXFileReference; explicitFileType = wrapper.cfbundle; includeInIndex = 0; path = "kokuhaku_watchos Watch AppUITests.xctest"; sourceTree = BUILT_PRODUCTS_DIR; };
/* End PBXFileReference section */

/* Begin PBXFileSystemSynchronizedRootGroup section */
		2D3BBD4A2F18EA7F0060596E /* kokuhaku_ios */ = {
			isa = PBXFileSystemSynchronizedRootGroup;
			path = kokuhaku_ios;
			sourceTree = "<group>";
		};
		2D3BBD582F18EA800060596E /* kokuhaku_iosTests */ = {
			isa = PBXFileSystemSynchronizedRootGroup;
			path = kokuhaku_iosTests;
			sourceTree = "<group>";
		};
		2D3BBD622F18EA800060596E /* kokuhaku_iosUITests */ = {
			isa = PBXFileSystemSynchronizedRootGroup;
			path = kokuhaku_iosUITests;
			sourceTree = "<group>";
		};
		2D3BBD772F18FD500060596E /* kokuhaku_watchos Watch App */ = {
			isa = PBXFileSystemSynchronizedRootGroup;
			path = "kokuhaku_watchos Watch App";
			sourceTree = "<group>";
		};
		2D3BBD852F18FD510060596E /* kokuhaku_watchos Watch AppTests */ = {
			isa = PBXFileSystemSynchronizedRootGroup;
			path = "kokuhaku_watchos Watch AppTests";
			sourceTree = "<group>";
		};
		2D3BBD8F2F18FD510060596E /* kokuhaku_watchos Watch AppUITests */ = {
			isa = PBXFileSystemSynchronizedRootGroup;
			path = "kokuhaku_watchos Watch AppUITests";
			sourceTree = "<group>";
		};
/* End PBXFileSystemSynchronizedRootGroup section */

/* Begin PBXFrameworksBuildPhase section */
		2D3BBD452F18EA7F0060596E /* Frameworks */ = {
			isa = PBXFrameworksBuildPhase;
			buildActionMask = 2147483647;
			files = (
				2D3BBDFC2F1A24910060596E /* KokuhakuCore in Frameworks */,
			);
			runOnlyForDeploymentPostprocessing = 0;
		};
		2D3BBD522F18EA800060596E /* Frameworks */ = {
			isa = PBXFrameworksBuildPhase;
			buildActionMask = 2147483647;
			files = (
			);
			runOnlyForDeploymentPostprocessing = 0;
		};
		2D3BBD5C2F18EA800060596E /* Frameworks */ = {
			isa = PBXFrameworksBuildPhase;
			buildActionMask = 2147483647;
			files = (
			);
			runOnlyForDeploymentPostprocessing = 0;
		};
		2D3BBD732F18FD500060596E /* Frameworks */ = {
			isa = PBXFrameworksBuildPhase;
			buildActionMask = 2147483647;
			files = (
			);
			runOnlyForDeploymentPostprocessing = 0;
		};
		2D3BBD7F2F18FD510060596E /* Frameworks */ = {
			isa = PBXFrameworksBuildPhase;
			buildActionMask = 2147483647;
			files = (
			);
			runOnlyForDeploymentPostprocessing = 0;
		};
		2D3BBD892F18FD510060596E /* Frameworks */ = {
			isa = PBXFrameworksBuildPhase;
			buildActionMask = 2147483647;
			files = (
			);
			runOnlyForDeploymentPostprocessing = 0;
		};
/* End PBXFrameworksBuildPhase section */

/* Begin PBXGroup section */
		2D3BBD3F2F18EA7F0060596E = {
			isa = PBXGroup;
			children = (
				2D3BBD4A2F18EA7F0060596E /* kokuhaku_ios */,
				2D3BBD582F18EA800060596E /* kokuhaku_iosTests */,
				2D3BBD622F18EA800060596E /* kokuhaku_iosUITests */,
				2D3BBD772F18FD500060596E /* kokuhaku_watchos Watch App */,
				2D3BBD852F18FD510060596E /* kokuhaku_watchos Watch AppTests */,
				2D3BBD8F2F18FD510060596E /* kokuhaku_watchos Watch AppUITests */,
				2D3BBDFA2F1A24910060596E /* Frameworks */,
				2D3BBD492F18EA7F0060596E /* Products */,
			);
			sourceTree = "<group>";
		};
		2D3BBD492F18EA7F0060596E /* Products */ = {
			isa = PBXGroup;
			children = (
				2D3BBD482F18EA7F0060596E /* kokuhaku_ios.app */,
				2D3BBD552F18EA800060596E /* kokuhaku_iosTests.xctest */,
				2D3BBD5F2F18EA800060596E /* kokuhaku_iosUITests.xctest */,
				2D3BBD762F18FD500060596E /* kokuhaku_watchos Watch App.app */,
				2D3BBD822F18FD510060596E /* kokuhaku_watchos Watch AppTests.xctest */,
				2D3BBD8C2F18FD510060596E /* kokuhaku_watchos Watch AppUITests.xctest */,
			);
			name = Products;
			sourceTree = "<group>";
		};
		2D3BBDFA2F1A24910060596E /* Frameworks */ = {
			isa = PBXGroup;
			children = (
			);
			name = Frameworks;
			sourceTree = "<group>";
		};
/* End PBXGroup section */

/* Begin PBXNativeTarget section */
		2D3BBD472F18EA7F0060596E /* kokuhaku_ios */ = {
			isa = PBXNativeTarget;
			buildConfigurationList = 2D3BBD692F18EA800060596E /* Build configuration list for PBXNativeTarget "kokuhaku_ios" */;
			buildPhases = (
				2D3BBD442F18EA7F0060596E /* Sources */,
				2D3BBD452F18EA7F0060596E /* Frameworks */,
				2D3BBD462F18EA7F0060596E /* Resources */,
				2D3BBD9A2F18FD510060596E /* Embed Watch Content */,
			);
			buildRules = (
			);
			dependencies = (
				2D3BBD952F18FD510060596E /* PBXTargetDependency */,
			);
			fileSystemSynchronizedGroups = (
				2D3BBD4A2F18EA7F0060596E /* kokuhaku_ios */,
			);
			name = kokuhaku_ios;
			packageProductDependencies = (
				2D3BBDFB2F1A24910060596E /* KokuhakuCore */,
			);
			productName = kokuhaku_ios;
			productReference = 2D3BBD482F18EA7F0060596E /* kokuhaku_ios.app */;
			productType = "com.apple.product-type.application";
		};
		2D3BBD542F18EA800060596E /* kokuhaku_iosTests */ = {
			isa = PBXNativeTarget;
			buildConfigurationList = 2D3BBD6C2F18EA800060596E /* Build configuration list for PBXNativeTarget "kokuhaku_iosTests" */;
			buildPhases = (
				2D3BBD512F18EA800060596E /* Sources */,
				2D3BBD522F18EA800060596E /* Frameworks */,
				2D3BBD532F18EA800060596E /* Resources */,
			);
			buildRules = (
			);
			dependencies = (
				2D3BBD572F18EA800060596E /* PBXTargetDependency */,
			);
			fileSystemSynchronizedGroups = (
				2D3BBD582F18EA800060596E /* kokuhaku_iosTests */,
			);
			name = kokuhaku_iosTests;
			packageProductDependencies = (
			);
			productName = kokuhaku_iosTests;
			productReference = 2D3BBD552F18EA800060596E /* kokuhaku_iosTests.xctest */;
			productType = "com.apple.product-type.bundle.unit-test";
		};
		2D3BBD5E2F18EA800060596E /* kokuhaku_iosUITests */ = {
			isa = PBXNativeTarget;
			buildConfigurationList = 2D3BBD6F2F18EA800060596E /* Build configuration list for PBXNativeTarget "kokuhaku_iosUITests" */;
			buildPhases = (
				2D3BBD5B2F18EA800060596E /* Sources */,
				2D3BBD5C2F18EA800060596E /* Frameworks */,
				2D3BBD5D2F18EA800060596E /* Resources */,
			);
			buildRules = (
			);
			dependencies = (
				2D3BBD612F18EA800060596E /* PBXTargetDependency */,
			);
			fileSystemSynchronizedGroups = (
				2D3BBD622F18EA800060596E /* kokuhaku_iosUITests */,
			);
			name = kokuhaku_iosUITests;
			packageProductDependencies = (
			);
			productName = kokuhaku_iosUITests;
			productReference = 2D3BBD5F2F18EA800060596E /* kokuhaku_iosUITests.xctest */;
			productType = "com.apple.product-type.bundle.ui-testing";
		};
		2D3BBD752F18FD500060596E /* kokuhaku_watchos Watch App */ = {
			isa = PBXNativeTarget;
			buildConfigurationList = 2D3BBD972F18FD510060596E /* Build configuration list for PBXNativeTarget "kokuhaku_watchos Watch App" */;
			buildPhases = (
				2D3BBD722F18FD500060596E /* Sources */,
				2D3BBD732F18FD500060596E /* Frameworks */,
				2D3BBD742F18FD500060596E /* Resources */,
			);
			buildRules = (
			);
			dependencies = (
			);
			fileSystemSynchronizedGroups = (
				2D3BBD772F18FD500060596E /* kokuhaku_watchos Watch App */,
			);
			name = "kokuhaku_watchos Watch App";
			packageProductDependencies = (
			);
			productName = "kokuhaku_watchos Watch App";
			productReference = 2D3BBD762F18FD500060596E /* kokuhaku_watchos Watch App.app */;
			productType = "com.apple.product-type.application";
		};
		2D3BBD812F18FD510060596E /* kokuhaku_watchos Watch AppTests */ = {
			isa = PBXNativeTarget;
			buildConfigurationList = 2D3BBD9B2F18FD510060596E /* Build configuration list for PBXNativeTarget "kokuhaku_watchos Watch AppTests" */;
			buildPhases = (
				2D3BBD7E2F18FD510060596E /* Sources */,
				2D3BBD7F2F18FD510060596E /* Frameworks */,
				2D3BBD802F18FD510060596E /* Resources */,
			);
			buildRules = (
			);
			dependencies = (
				2D3BBD842F18FD510060596E /* PBXTargetDependency */,
			);
			fileSystemSynchronizedGroups = (
				2D3BBD852F18FD510060596E /* kokuhaku_watchos Watch AppTests */,
			);
			name = "kokuhaku_watchos Watch AppTests";
			packageProductDependencies = (
			);
			productName = "kokuhaku_watchos Watch AppTests";
			productReference = 2D3BBD822F18FD510060596E /* kokuhaku_watchos Watch AppTests.xctest */;
			productType = "com.apple.product-type.bundle.unit-test";
		};
		2D3BBD8B2F18FD510060596E /* kokuhaku_watchos Watch AppUITests */ = {
			isa = PBXNativeTarget;
			buildConfigurationList = 2D3BBD9E2F18FD510060596E /* Build configuration list for PBXNativeTarget "kokuhaku_watchos Watch AppUITests" */;
			buildPhases = (
				2D3BBD882F18FD510060596E /* Sources */,
				2D3BBD892F18FD510060596E /* Frameworks */,
				2D3BBD8A2F18FD510060596E /* Resources */,
			);
			buildRules = (
			);
			dependencies = (
				2D3BBD8E2F18FD510060596E /* PBXTargetDependency */,
			);
			fileSystemSynchronizedGroups = (
				2D3BBD8F2F18FD510060596E /* kokuhaku_watchos Watch AppUITests */,
			);
			name = "kokuhaku_watchos Watch AppUITests";
			packageProductDependencies = (
			);
			productName = "kokuhaku_watchos Watch AppUITests";
			productReference = 2D3BBD8C2F18FD510060596E /* kokuhaku_watchos Watch AppUITests.xctest */;
			productType = "com.apple.product-type.bundle.ui-testing";
		};
/* End PBXNativeTarget section */

/* Begin PBXProject section */
		2D3BBD402F18EA7F0060596E /* Project object */ = {
			isa = PBXProject;
			attributes = {
				BuildIndependentTargetsInParallel = 1;
				LastSwiftUpdateCheck = 2620;
				LastUpgradeCheck = 2620;
				TargetAttributes = {
					2D3BBD472F18EA7F0060596E = {
						CreatedOnToolsVersion = 26.2;
					};
					2D3BBD542F18EA800060596E = {
						CreatedOnToolsVersion = 26.2;
						TestTargetID = 2D3BBD472F18EA7F0060596E;
					};
					2D3BBD5E2F18EA800060596E = {
						CreatedOnToolsVersion = 26.2;
						TestTargetID = 2D3BBD472F18EA7F0060596E;
					};
					2D3BBD752F18FD500060596E = {
						CreatedOnToolsVersion = 26.2;
					};
					2D3BBD812F18FD510060596E = {
						CreatedOnToolsVersion = 26.2;
						TestTargetID = 2D3BBD752F18FD500060596E;
					};
					2D3BBD8B2F18FD510060596E = {
						CreatedOnToolsVersion = 26.2;
						TestTargetID = 2D3BBD752F18FD500060596E;
					};
				};
			};
			buildConfigurationList = 2D3BBD432F18EA7F0060596E /* Build configuration list for PBXProject "kokuhaku_ios" */;
			developmentRegion = en;
			hasScannedForEncodings = 0;
			knownRegions = (
				en,
				Base,
			);
			mainGroup = 2D3BBD3F2F18EA7F0060596E;
			minimizedProjectReferenceProxies = 1;
			packageReferences = (
				2D3BBDF92F1A23340060596E /* XCLocalSwiftPackageReference "../../Shared/KokuhakuCore" */,
			);
			preferredProjectObjectVersion = 77;
			productRefGroup = 2D3BBD492F18EA7F0060596E /* Products */;
			projectDirPath = "";
			projectRoot = "";
			targets = (
				2D3BBD472F18EA7F0060596E /* kokuhaku_ios */,
				2D3BBD542F18EA800060596E /* kokuhaku_iosTests */,
				2D3BBD5E2F18EA800060596E /* kokuhaku_iosUITests */,
				2D3BBD752F18FD500060596E /* kokuhaku_watchos Watch App */,
				2D3BBD812F18FD510060596E /* kokuhaku_watchos Watch AppTests */,
				2D3BBD8B2F18FD510060596E /* kokuhaku_watchos Watch AppUITests */,
			);
		};
/* End PBXProject section */

/* Begin PBXResourcesBuildPhase section */
		2D3BBD462F18EA7F0060596E /* Resources */ = {
			isa = PBXResourcesBuildPhase;
			buildActionMask = 2147483647;
			files = (
			);
			runOnlyForDeploymentPostprocessing = 0;
		};
		2D3BBD532F18EA800060596E /* Resources */ = {
			isa = PBXResourcesBuildPhase;
			buildActionMask = 2147483647;
			files = (
			);
			runOnlyForDeploymentPostprocessing = 0;
		};
		2D3BBD5D2F18EA800060596E /* Resources */ = {
			isa = PBXResourcesBuildPhase;
			buildActionMask = 2147483647;
			files = (
			);
			runOnlyForDeploymentPostprocessing = 0;
		};
		2D3BBD742F18FD500060596E /* Resources */ = {
			isa = PBXResourcesBuildPhase;
			buildActionMask = 2147483647;
			files = (
			);
			runOnlyForDeploymentPostprocessing = 0;
		};
		2D3BBD802F18FD510060596E /* Resources */ = {
			isa = PBXResourcesBuildPhase;
			buildActionMask = 2147483647;
			files = (
			);
			runOnlyForDeploymentPostprocessing = 0;
		};
		2D3BBD8A2F18FD510060596E /* Resources */ = {
			isa = PBXResourcesBuildPhase;
			buildActionMask = 2147483647;
			files = (
			);
			runOnlyForDeploymentPostprocessing = 0;
		};
/* End PBXResourcesBuildPhase section */

/* Begin PBXSourcesBuildPhase section */
		2D3BBD442F18EA7F0060596E /* Sources */ = {
			isa = PBXSourcesBuildPhase;
			buildActionMask = 2147483647;
			files = (
			);
			runOnlyForDeploymentPostprocessing = 0;
		};
		2D3BBD512F18EA800060596E /* Sources */ = {
			isa = PBXSourcesBuildPhase;
			buildActionMask = 2147483647;
			files = (
			);
			runOnlyForDeploymentPostprocessing = 0;
		};
		2D3BBD5B2F18EA800060596E /* Sources */ = {
			isa = PBXSourcesBuildPhase;
			buildActionMask = 2147483647;
			files = (
			);
			runOnlyForDeploymentPostprocessing = 0;
		};
		2D3BBD722F18FD500060596E /* Sources */ = {
			isa = PBXSourcesBuildPhase;
			buildActionMask = 2147483647;
			files = (
			);
			runOnlyForDeploymentPostprocessing = 0;
		};
		2D3BBD7E2F18FD510060596E /* Sources */ = {
			isa = PBXSourcesBuildPhase;
			buildActionMask = 2147483647;
			files = (
			);
			runOnlyForDeploymentPostprocessing = 0;
		};
		2D3BBD882F18FD510060596E /* Sources */ = {
			isa = PBXSourcesBuildPhase;
			buildActionMask = 2147483647;
			files = (
			);
			runOnlyForDeploymentPostprocessing = 0;
		};
/* End PBXSourcesBuildPhase section */

/* Begin PBXTargetDependency section */
		2D3BBD572F18EA800060596E /* PBXTargetDependency */ = {
			isa = PBXTargetDependency;
			target = 2D3BBD472F18EA7F0060596E /* kokuhaku_ios */;
			targetProxy = 2D3BBD562F18EA800060596E /* PBXContainerItemProxy */;
		};
		2D3BBD612F18EA800060596E /* PBXTargetDependency */ = {
			isa = PBXTargetDependency;
			target = 2D3BBD472F18EA7F0060596E /* kokuhaku_ios */;
			targetProxy = 2D3BBD602F18EA800060596E /* PBXContainerItemProxy */;
		};
		2D3BBD842F18FD510060596E /* PBXTargetDependency */ = {
			isa = PBXTargetDependency;
			target = 2D3BBD752F18FD500060596E /* kokuhaku_watchos Watch App */;
			targetProxy = 2D3BBD832F18FD510060596E /* PBXContainerItemProxy */;
		};
		2D3BBD8E2F18FD510060596E /* PBXTargetDependency */ = {
			isa = PBXTargetDependency;
			target = 2D3BBD752F18FD500060596E /* kokuhaku_watchos Watch App */;
			targetProxy = 2D3BBD8D2F18FD510060596E /* PBXContainerItemProxy */;
		};
		2D3BBD952F18FD510060596E /* PBXTargetDependency */ = {
			isa = PBXTargetDependency;
			target = 2D3BBD752F18FD500060596E /* kokuhaku_watchos Watch App */;
			targetProxy = 2D3BBD942F18FD510060596E /* PBXContainerItemProxy */;
		};
/* End PBXTargetDependency section */

/* Begin XCBuildConfiguration section */
		2D3BBD672F18EA800060596E /* Debug */ = {
			isa = XCBuildConfiguration;
			buildSettings = {
				ALWAYS_SEARCH_USER_PATHS = NO;
				ASSETCATALOG_COMPILER_GENERATE_SWIFT_ASSET_SYMBOL_EXTENSIONS = YES;
				CLANG_ANALYZER_NONNULL = YES;
				CLANG_ANALYZER_NUMBER_OBJECT_CONVERSION = YES_AGGRESSIVE;
				CLANG_CXX_LANGUAGE_STANDARD = "gnu++20";
				CLANG_ENABLE_MODULES = YES;
				CLANG_ENABLE_OBJC_ARC = YES;
				CLANG_ENABLE_OBJC_WEAK = YES;
				CLANG_WARN_BLOCK_CAPTURE_AUTORELEASING = YES;
				CLANG_WARN_BOOL_CONVERSION = YES;
				CLANG_WARN_COMMA = YES;
				CLANG_WARN_CONSTANT_CONVERSION = YES;
				CLANG_WARN_DEPRECATED_OBJC_IMPLEMENTATIONS = YES;
				CLANG_WARN_DIRECT_OBJC_ISA_USAGE = YES_ERROR;
				CLANG_WARN_DOCUMENTATION_COMMENTS = YES;
				CLANG_WARN_EMPTY_BODY = YES;
				CLANG_WARN_ENUM_CONVERSION = YES;
				CLANG_WARN_INFINITE_RECURSION = YES;
				CLANG_WARN_INT_CONVERSION = YES;
				CLANG_WARN_NON_LITERAL_NULL_CONVERSION = YES;
				CLANG_WARN_OBJC_IMPLICIT_RETAIN_SELF = YES;
				CLANG_WARN_OBJC_LITERAL_CONVERSION = YES;
				CLANG_WARN_OBJC_ROOT_CLASS = YES_ERROR;
				CLANG_WARN_QUOTED_INCLUDE_IN_FRAMEWORK_HEADER = YES;
				CLANG_WARN_RANGE_LOOP_ANALYSIS = YES;
				CLANG_WARN_STRICT_PROTOTYPES = YES;
				CLANG_WARN_SUSPICIOUS_MOVE = YES;
				CLANG_WARN_UNGUARDED_AVAILABILITY = YES_AGGRESSIVE;
				CLANG_WARN_UNREACHABLE_CODE = YES;
				CLANG_WARN__DUPLICATE_METHOD_MATCH = YES;
				COPY_PHASE_STRIP = NO;
				DEBUG_INFORMATION_FORMAT = dwarf;
				DEVELOPMENT_TEAM = 6MJCL4W8J6;
				ENABLE_STRICT_OBJC_MSGSEND = YES;
				ENABLE_TESTABILITY = YES;
				ENABLE_USER_SCRIPT_SANDBOXING = YES;
				GCC_C_LANGUAGE_STANDARD = gnu17;
				GCC_DYNAMIC_NO_PIC = NO;
				GCC_NO_COMMON_BLOCKS = YES;
				GCC_OPTIMIZATION_LEVEL = 0;
				GCC_PREPROCESSOR_DEFINITIONS = (
					"DEBUG=1",
					"$(inherited)",
				);
				GCC_WARN_64_TO_32_BIT_CONVERSION = YES;
				GCC_WARN_ABOUT_RETURN_TYPE = YES_ERROR;
				GCC_WARN_UNDECLARED_SELECTOR = YES;
				GCC_WARN_UNINITIALIZED_AUTOS = YES_AGGRESSIVE;
				GCC_WARN_UNUSED_FUNCTION = YES;
				GCC_WARN_UNUSED_VARIABLE = YES;
				IPHONEOS_DEPLOYMENT_TARGET = 26.2;
				LOCALIZATION_PREFERS_STRING_CATALOGS = YES;
				MTL_ENABLE_DEBUG_INFO = INCLUDE_SOURCE;
				MTL_FAST_MATH = YES;
				ONLY_ACTIVE_ARCH = YES;
				SDKROOT = iphoneos;
				SWIFT_ACTIVE_COMPILATION_CONDITIONS = "DEBUG $(inherited)";
				SWIFT_OPTIMIZATION_LEVEL = "-Onone";
				SWIFT_VERSION = 6.0;
			};
			name = Debug;
		};
		2D3BBD682F18EA800060596E /* Release */ = {
			isa = XCBuildConfiguration;
			buildSettings = {
				ALWAYS_SEARCH_USER_PATHS = NO;
				ASSETCATALOG_COMPILER_GENERATE_SWIFT_ASSET_SYMBOL_EXTENSIONS = YES;
				CLANG_ANALYZER_NONNULL = YES;
				CLANG_ANALYZER_NUMBER_OBJECT_CONVERSION = YES_AGGRESSIVE;
				CLANG_CXX_LANGUAGE_STANDARD = "gnu++20";
				CLANG_ENABLE_MODULES = YES;
				CLANG_ENABLE_OBJC_ARC = YES;
				CLANG_ENABLE_OBJC_WEAK = YES;
				CLANG_WARN_BLOCK_CAPTURE_AUTORELEASING = YES;
				CLANG_WARN_BOOL_CONVERSION = YES;
				CLANG_WARN_COMMA = YES;
				CLANG_WARN_CONSTANT_CONVERSION = YES;
				CLANG_WARN_DEPRECATED_OBJC_IMPLEMENTATIONS = YES;
				CLANG_WARN_DIRECT_OBJC_ISA_USAGE = YES_ERROR;
				CLANG_WARN_DOCUMENTATION_COMMENTS = YES;
				CLANG_WARN_EMPTY_BODY = YES;
				CLANG_WARN_ENUM_CONVERSION = YES;
				CLANG_WARN_INFINITE_RECURSION = YES;
				CLANG_WARN_INT_CONVERSION = YES;
				CLANG_WARN_NON_LITERAL_NULL_CONVERSION = YES;
				CLANG_WARN_OBJC_IMPLICIT_RETAIN_SELF = YES;
				CLANG_WARN_OBJC_LITERAL_CONVERSION = YES;
				CLANG_WARN_OBJC_ROOT_CLASS = YES_ERROR;
				CLANG_WARN_QUOTED_INCLUDE_IN_FRAMEWORK_HEADER = YES;
				CLANG_WARN_RANGE_LOOP_ANALYSIS = YES;
				CLANG_WARN_STRICT_PROTOTYPES = YES;
				CLANG_WARN_SUSPICIOUS_MOVE = YES;
				CLANG_WARN_UNGUARDED_AVAILABILITY = YES_AGGRESSIVE;
				CLANG_WARN_UNREACHABLE_CODE = YES;
				CLANG_WARN__DUPLICATE_METHOD_MATCH = YES;
				COPY_PHASE_STRIP = NO;
				DEBUG_INFORMATION_FORMAT = "dwarf-with-dsym";
				DEVELOPMENT_TEAM = 6MJCL4W8J6;
				ENABLE_NS_ASSERTIONS = NO;
				ENABLE_STRICT_OBJC_MSGSEND = YES;
				ENABLE_USER_SCRIPT_SANDBOXING = YES;
				GCC_C_LANGUAGE_STANDARD = gnu17;
				GCC_NO_COMMON_BLOCKS = YES;
				GCC_WARN_64_TO_32_BIT_CONVERSION = YES;
				GCC_WARN_ABOUT_RETURN_TYPE = YES_ERROR;
				GCC_WARN_UNDECLARED_SELECTOR = YES;
				GCC_WARN_UNINITIALIZED_AUTOS = YES_AGGRESSIVE;
				GCC_WARN_UNUSED_FUNCTION = YES;
				GCC_WARN_UNUSED_VARIABLE = YES;
				IPHONEOS_DEPLOYMENT_TARGET = 26.2;
				LOCALIZATION_PREFERS_STRING_CATALOGS = YES;
				MTL_ENABLE_DEBUG_INFO = NO;
				MTL_FAST_MATH = YES;
				SDKROOT = iphoneos;
				SWIFT_COMPILATION_MODE = wholemodule;
				SWIFT_VERSION = 6.0;
				VALIDATE_PRODUCT = YES;
			};
			name = Release;
		};
		2D3BBD6A2F18EA800060596E /* Debug */ = {
			isa = XCBuildConfiguration;
			buildSettings = {
				ASSETCATALOG_COMPILER_APPICON_NAME = AppIcon;
				ASSETCATALOG_COMPILER_GLOBAL_ACCENT_COLOR_NAME = AccentColor;
				CODE_SIGN_STYLE = Automatic;
				CURRENT_PROJECT_VERSION = 1;
				DEVELOPMENT_TEAM = 6MJCL4W8J6;
				ENABLE_PREVIEWS = YES;
				GENERATE_INFOPLIST_FILE = YES;
				INFOPLIST_KEY_CFBundleDisplayName = Kokuhaku;
				INFOPLIST_KEY_LSApplicationCategoryType = "public.app-category.productivity";
				INFOPLIST_KEY_UIApplicationSceneManifest_Generation = YES;
				INFOPLIST_KEY_UIApplicationSupportsIndirectInputEvents = YES;
				INFOPLIST_KEY_UILaunchScreen_Generation = YES;
				INFOPLIST_KEY_UISupportedInterfaceOrientations_iPad = "UIInterfaceOrientationPortrait UIInterfaceOrientationPortraitUpsideDown UIInterfaceOrientationLandscapeLeft UIInterfaceOrientationLandscapeRight";
				INFOPLIST_KEY_UISupportedInterfaceOrientations_iPhone = "UIInterfaceOrientationPortrait UIInterfaceOrientationLandscapeLeft UIInterfaceOrientationLandscapeRight";
				IPHONEOS_DEPLOYMENT_TARGET = 26.0;
				LD_RUNPATH_SEARCH_PATHS = (
					"$(inherited)",
					"@executable_path/Frameworks",
				);
				MARKETING_VERSION = 1.0;
				PRODUCT_BUNDLE_IDENTIFIER = de.nijida.kokuhaku.ios.app;
				PRODUCT_NAME = "$(TARGET_NAME)";
				STRING_CATALOG_GENERATE_SYMBOLS = YES;
				SUPPORTED_PLATFORMS = "iphoneos iphonesimulator";
				SUPPORTS_MACCATALYST = NO;
				SUPPORTS_MAC_DESIGNED_FOR_IPHONE_IPAD = NO;
				SUPPORTS_XR_DESIGNED_FOR_IPHONE_IPAD = NO;
				SWIFT_APPROACHABLE_CONCURRENCY = YES;
				SWIFT_DEFAULT_ACTOR_ISOLATION = MainActor;
				SWIFT_EMIT_LOC_STRINGS = YES;
				SWIFT_UPCOMING_FEATURE_MEMBER_IMPORT_VISIBILITY = YES;
				SWIFT_VERSION = 6.0;
				TARGETED_DEVICE_FAMILY = "1,2";
			};
			name = Debug;
		};
		2D3BBD6B2F18EA800060596E /* Release */ = {
			isa = XCBuildConfiguration;
			buildSettings = {
				ASSETCATALOG_COMPILER_APPICON_NAME = AppIcon;
				ASSETCATALOG_COMPILER_GLOBAL_ACCENT_COLOR_NAME = AccentColor;
				CODE_SIGN_STYLE = Automatic;
				CURRENT_PROJECT_VERSION = 1;
				DEVELOPMENT_TEAM = 6MJCL4W8J6;
				ENABLE_PREVIEWS = YES;
				GENERATE_INFOPLIST_FILE = YES;
				INFOPLIST_KEY_CFBundleDisplayName = Kokuhaku;
				INFOPLIST_KEY_LSApplicationCategoryType = "public.app-category.productivity";
				INFOPLIST_KEY_UIApplicationSceneManifest_Generation = YES;
				INFOPLIST_KEY_UIApplicationSupportsIndirectInputEvents = YES;
				INFOPLIST_KEY_UILaunchScreen_Generation = YES;
				INFOPLIST_KEY_UISupportedInterfaceOrientations_iPad = "UIInterfaceOrientationPortrait UIInterfaceOrientationPortraitUpsideDown UIInterfaceOrientationLandscapeLeft UIInterfaceOrientationLandscapeRight";
				INFOPLIST_KEY_UISupportedInterfaceOrientations_iPhone = "UIInterfaceOrientationPortrait UIInterfaceOrientationLandscapeLeft UIInterfaceOrientationLandscapeRight";
				IPHONEOS_DEPLOYMENT_TARGET = 26.0;
				LD_RUNPATH_SEARCH_PATHS = (
					"$(inherited)",
					"@executable_path/Frameworks",
				);
				MARKETING_VERSION = 1.0;
				PRODUCT_BUNDLE_IDENTIFIER = de.nijida.kokuhaku.ios.app;
				PRODUCT_NAME = "$(TARGET_NAME)";
				STRING_CATALOG_GENERATE_SYMBOLS = YES;
				SUPPORTED_PLATFORMS = "iphoneos iphonesimulator";
				SUPPORTS_MACCATALYST = NO;
				SUPPORTS_MAC_DESIGNED_FOR_IPHONE_IPAD = NO;
				SUPPORTS_XR_DESIGNED_FOR_IPHONE_IPAD = NO;
				SWIFT_APPROACHABLE_CONCURRENCY = YES;
				SWIFT_DEFAULT_ACTOR_ISOLATION = MainActor;
				SWIFT_EMIT_LOC_STRINGS = YES;
				SWIFT_UPCOMING_FEATURE_MEMBER_IMPORT_VISIBILITY = YES;
				SWIFT_VERSION = 6.0;
				TARGETED_DEVICE_FAMILY = "1,2";
			};
			name = Release;
		};
		2D3BBD6D2F18EA800060596E /* Debug */ = {
			isa = XCBuildConfiguration;
			buildSettings = {
				BUNDLE_LOADER = "$(TEST_HOST)";
				CODE_SIGN_STYLE = Automatic;
				CURRENT_PROJECT_VERSION = 1;
				DEVELOPMENT_TEAM = 6MJCL4W8J6;
				GENERATE_INFOPLIST_FILE = YES;
				IPHONEOS_DEPLOYMENT_TARGET = 26.0;
				MARKETING_VERSION = 1.0;
				PRODUCT_BUNDLE_IDENTIFIER = "de.nijida.kokuhaku-iosTests";
				PRODUCT_NAME = "$(TARGET_NAME)";
				STRING_CATALOG_GENERATE_SYMBOLS = NO;
				SUPPORTED_PLATFORMS = "iphoneos iphonesimulator";
				SUPPORTS_MACCATALYST = NO;
				SUPPORTS_MAC_DESIGNED_FOR_IPHONE_IPAD = NO;
				SUPPORTS_XR_DESIGNED_FOR_IPHONE_IPAD = NO;
				SWIFT_APPROACHABLE_CONCURRENCY = YES;
				SWIFT_EMIT_LOC_STRINGS = NO;
				SWIFT_UPCOMING_FEATURE_MEMBER_IMPORT_VISIBILITY = YES;
				SWIFT_VERSION = 6.0;
				TARGETED_DEVICE_FAMILY = "1,2";
				TEST_HOST = "$(BUILT_PRODUCTS_DIR)/kokuhaku_ios.app/$(BUNDLE_EXECUTABLE_FOLDER_PATH)/kokuhaku_ios";
			};
			name = Debug;
		};
		2D3BBD6E2F18EA800060596E /* Release */ = {
			isa = XCBuildConfiguration;
			buildSettings = {
				BUNDLE_LOADER = "$(TEST_HOST)";
				CODE_SIGN_STYLE = Automatic;
				CURRENT_PROJECT_VERSION = 1;
				DEVELOPMENT_TEAM = 6MJCL4W8J6;
				GENERATE_INFOPLIST_FILE = YES;
				IPHONEOS_DEPLOYMENT_TARGET = 26.0;
				MARKETING_VERSION = 1.0;
				PRODUCT_BUNDLE_IDENTIFIER = "de.nijida.kokuhaku-iosTests";
				PRODUCT_NAME = "$(TARGET_NAME)";
				STRING_CATALOG_GENERATE_SYMBOLS = NO;
				SUPPORTED_PLATFORMS = "iphoneos iphonesimulator";
				SUPPORTS_MACCATALYST = NO;
				SUPPORTS_MAC_DESIGNED_FOR_IPHONE_IPAD = NO;
				SUPPORTS_XR_DESIGNED_FOR_IPHONE_IPAD = NO;
				SWIFT_APPROACHABLE_CONCURRENCY = YES;
				SWIFT_EMIT_LOC_STRINGS = NO;
				SWIFT_UPCOMING_FEATURE_MEMBER_IMPORT_VISIBILITY = YES;
				SWIFT_VERSION = 6.0;
				TARGETED_DEVICE_FAMILY = "1,2";
				TEST_HOST = "$(BUILT_PRODUCTS_DIR)/kokuhaku_ios.app/$(BUNDLE_EXECUTABLE_FOLDER_PATH)/kokuhaku_ios";
			};
			name = Release;
		};
		2D3BBD702F18EA800060596E /* Debug */ = {
			isa = XCBuildConfiguration;
			buildSettings = {
				CODE_SIGN_STYLE = Automatic;
				CURRENT_PROJECT_VERSION = 1;
				DEVELOPMENT_TEAM = 6MJCL4W8J6;
				GENERATE_INFOPLIST_FILE = YES;
				IPHONEOS_DEPLOYMENT_TARGET = 26.0;
				MARKETING_VERSION = 1.0;
				PRODUCT_BUNDLE_IDENTIFIER = "de.nijida.kokuhaku-iosUITests";
				PRODUCT_NAME = "$(TARGET_NAME)";
				STRING_CATALOG_GENERATE_SYMBOLS = NO;
				SUPPORTED_PLATFORMS = "iphoneos iphonesimulator";
				SUPPORTS_MACCATALYST = NO;
				SUPPORTS_MAC_DESIGNED_FOR_IPHONE_IPAD = NO;
				SUPPORTS_XR_DESIGNED_FOR_IPHONE_IPAD = NO;
				SWIFT_APPROACHABLE_CONCURRENCY = YES;
				SWIFT_EMIT_LOC_STRINGS = NO;
				SWIFT_UPCOMING_FEATURE_MEMBER_IMPORT_VISIBILITY = YES;
				SWIFT_VERSION = 6.0;
				TARGETED_DEVICE_FAMILY = "1,2";
				TEST_TARGET_NAME = kokuhaku_ios;
			};
			name = Debug;
		};
		2D3BBD712F18EA800060596E /* Release */ = {
			isa = XCBuildConfiguration;
			buildSettings = {
				CODE_SIGN_STYLE = Automatic;
				CURRENT_PROJECT_VERSION = 1;
				DEVELOPMENT_TEAM = 6MJCL4W8J6;
				GENERATE_INFOPLIST_FILE = YES;
				IPHONEOS_DEPLOYMENT_TARGET = 26.0;
				MARKETING_VERSION = 1.0;
				PRODUCT_BUNDLE_IDENTIFIER = "de.nijida.kokuhaku-iosUITests";
				PRODUCT_NAME = "$(TARGET_NAME)";
				STRING_CATALOG_GENERATE_SYMBOLS = NO;
				SUPPORTED_PLATFORMS = "iphoneos iphonesimulator";
				SUPPORTS_MACCATALYST = NO;
				SUPPORTS_MAC_DESIGNED_FOR_IPHONE_IPAD = NO;
				SUPPORTS_XR_DESIGNED_FOR_IPHONE_IPAD = NO;
				SWIFT_APPROACHABLE_CONCURRENCY = YES;
				SWIFT_EMIT_LOC_STRINGS = NO;
				SWIFT_UPCOMING_FEATURE_MEMBER_IMPORT_VISIBILITY = YES;
				SWIFT_VERSION = 6.0;
				TARGETED_DEVICE_FAMILY = "1,2";
				TEST_TARGET_NAME = kokuhaku_ios;
			};
			name = Release;
		};
		2D3BBD982F18FD510060596E /* Debug */ = {
			isa = XCBuildConfiguration;
			buildSettings = {
				ASSETCATALOG_COMPILER_APPICON_NAME = AppIcon;
				ASSETCATALOG_COMPILER_GLOBAL_ACCENT_COLOR_NAME = AccentColor;
				CODE_SIGN_STYLE = Automatic;
				CURRENT_PROJECT_VERSION = 1;
				DEVELOPMENT_TEAM = 6MJCL4W8J6;
				ENABLE_PREVIEWS = YES;
				GENERATE_INFOPLIST_FILE = YES;
				INFOPLIST_KEY_CFBundleDisplayName = Kokuhaku;
				INFOPLIST_KEY_UISupportedInterfaceOrientations = "UIInterfaceOrientationPortrait UIInterfaceOrientationPortraitUpsideDown";
				INFOPLIST_KEY_WKCompanionAppBundleIdentifier = "de.nijida.kokuhaku-ios";
				LD_RUNPATH_SEARCH_PATHS = (
					"$(inherited)",
					"@executable_path/Frameworks",
				);
				MARKETING_VERSION = 1.0;
				PRODUCT_BUNDLE_IDENTIFIER = de.nijida.kokuhaku.ios.watchkitapp;
				PRODUCT_NAME = "$(TARGET_NAME)";
				SDKROOT = watchos;
				SKIP_INSTALL = YES;
				STRING_CATALOG_GENERATE_SYMBOLS = YES;
				SWIFT_APPROACHABLE_CONCURRENCY = YES;
				SWIFT_DEFAULT_ACTOR_ISOLATION = MainActor;
				SWIFT_EMIT_LOC_STRINGS = YES;
				SWIFT_UPCOMING_FEATURE_MEMBER_IMPORT_VISIBILITY = YES;
				SWIFT_VERSION = 6.0;
				TARGETED_DEVICE_FAMILY = 4;
				WATCHOS_DEPLOYMENT_TARGET = 26.0;
			};
			name = Debug;
		};
		2D3BBD992F18FD510060596E /* Release */ = {
			isa = XCBuildConfiguration;
			buildSettings = {
				ASSETCATALOG_COMPILER_APPICON_NAME = AppIcon;
				ASSETCATALOG_COMPILER_GLOBAL_ACCENT_COLOR_NAME = AccentColor;
				CODE_SIGN_STYLE = Automatic;
				CURRENT_PROJECT_VERSION = 1;
				DEVELOPMENT_TEAM = 6MJCL4W8J6;
				ENABLE_PREVIEWS = YES;
				GENERATE_INFOPLIST_FILE = YES;
				INFOPLIST_KEY_CFBundleDisplayName = Kokuhaku;
				INFOPLIST_KEY_UISupportedInterfaceOrientations = "UIInterfaceOrientationPortrait UIInterfaceOrientationPortraitUpsideDown";
				INFOPLIST_KEY_WKCompanionAppBundleIdentifier = "de.nijida.kokuhaku-ios";
				LD_RUNPATH_SEARCH_PATHS = (
					"$(inherited)",
					"@executable_path/Frameworks",
				);
				MARKETING_VERSION = 1.0;
				PRODUCT_BUNDLE_IDENTIFIER = de.nijida.kokuhaku.ios.watchkitapp;
				PRODUCT_NAME = "$(TARGET_NAME)";
				SDKROOT = watchos;
				SKIP_INSTALL = YES;
				STRING_CATALOG_GENERATE_SYMBOLS = YES;
				SWIFT_APPROACHABLE_CONCURRENCY = YES;
				SWIFT_DEFAULT_ACTOR_ISOLATION = MainActor;
				SWIFT_EMIT_LOC_STRINGS = YES;
				SWIFT_UPCOMING_FEATURE_MEMBER_IMPORT_VISIBILITY = YES;
				SWIFT_VERSION = 6.0;
				TARGETED_DEVICE_FAMILY = 4;
				WATCHOS_DEPLOYMENT_TARGET = 26.0;
			};
			name = Release;
		};
		2D3BBD9C2F18FD510060596E /* Debug */ = {
			isa = XCBuildConfiguration;
			buildSettings = {
				BUNDLE_LOADER = "$(TEST_HOST)";
				CODE_SIGN_STYLE = Automatic;
				CURRENT_PROJECT_VERSION = 1;
				DEVELOPMENT_TEAM = 6MJCL4W8J6;
				GENERATE_INFOPLIST_FILE = YES;
				MARKETING_VERSION = 1.0;
				PRODUCT_BUNDLE_IDENTIFIER = "de.nijida.kokuhaku-watchos-Watch-AppTests";
				PRODUCT_NAME = "$(TARGET_NAME)";
				SDKROOT = watchos;
				STRING_CATALOG_GENERATE_SYMBOLS = NO;
				SWIFT_APPROACHABLE_CONCURRENCY = YES;
				SWIFT_EMIT_LOC_STRINGS = NO;
				SWIFT_UPCOMING_FEATURE_MEMBER_IMPORT_VISIBILITY = YES;
				SWIFT_VERSION = 6.0;
				TARGETED_DEVICE_FAMILY = 4;
				TEST_HOST = "$(BUILT_PRODUCTS_DIR)/kokuhaku_watchos Watch App.app/$(BUNDLE_EXECUTABLE_FOLDER_PATH)/kokuhaku_watchos Watch App";
				WATCHOS_DEPLOYMENT_TARGET = 26.0;
			};
			name = Debug;
		};
		2D3BBD9D2F18FD510060596E /* Release */ = {
			isa = XCBuildConfiguration;
			buildSettings = {
				BUNDLE_LOADER = "$(TEST_HOST)";
				CODE_SIGN_STYLE = Automatic;
				CURRENT_PROJECT_VERSION = 1;
				DEVELOPMENT_TEAM = 6MJCL4W8J6;
				GENERATE_INFOPLIST_FILE = YES;
				MARKETING_VERSION = 1.0;
				PRODUCT_BUNDLE_IDENTIFIER = "de.nijida.kokuhaku-watchos-Watch-AppTests";
				PRODUCT_NAME = "$(TARGET_NAME)";
				SDKROOT = watchos;
				STRING_CATALOG_GENERATE_SYMBOLS = NO;
				SWIFT_APPROACHABLE_CONCURRENCY = YES;
				SWIFT_EMIT_LOC_STRINGS = NO;
				SWIFT_UPCOMING_FEATURE_MEMBER_IMPORT_VISIBILITY = YES;
				SWIFT_VERSION = 6.0;
				TARGETED_DEVICE_FAMILY = 4;
				TEST_HOST = "$(BUILT_PRODUCTS_DIR)/kokuhaku_watchos Watch App.app/$(BUNDLE_EXECUTABLE_FOLDER_PATH)/kokuhaku_watchos Watch App";
				WATCHOS_DEPLOYMENT_TARGET = 26.0;
			};
			name = Release;
		};
		2D3BBD9F2F18FD510060596E /* Debug */ = {
			isa = XCBuildConfiguration;
			buildSettings = {
				CODE_SIGN_STYLE = Automatic;
				CURRENT_PROJECT_VERSION = 1;
				DEVELOPMENT_TEAM = 6MJCL4W8J6;
				GENERATE_INFOPLIST_FILE = YES;
				MARKETING_VERSION = 1.0;
				PRODUCT_BUNDLE_IDENTIFIER = "de.nijida.kokuhaku-watchos-Watch-AppUITests";
				PRODUCT_NAME = "$(TARGET_NAME)";
				SDKROOT = watchos;
				STRING_CATALOG_GENERATE_SYMBOLS = NO;
				SWIFT_APPROACHABLE_CONCURRENCY = YES;
				SWIFT_EMIT_LOC_STRINGS = NO;
				SWIFT_UPCOMING_FEATURE_MEMBER_IMPORT_VISIBILITY = YES;
				SWIFT_VERSION = 6.0;
				TARGETED_DEVICE_FAMILY = 4;
				TEST_TARGET_NAME = "kokuhaku_watchos Watch App";
				WATCHOS_DEPLOYMENT_TARGET = 26.0;
			};
			name = Debug;
		};
		2D3BBDA02F18FD510060596E /* Release */ = {
			isa = XCBuildConfiguration;
			buildSettings = {
				CODE_SIGN_STYLE = Automatic;
				CURRENT_PROJECT_VERSION = 1;
				DEVELOPMENT_TEAM = 6MJCL4W8J6;
				GENERATE_INFOPLIST_FILE = YES;
				MARKETING_VERSION = 1.0;
				PRODUCT_BUNDLE_IDENTIFIER = "de.nijida.kokuhaku-watchos-Watch-AppUITests";
				PRODUCT_NAME = "$(TARGET_NAME)";
				SDKROOT = watchos;
				STRING_CATALOG_GENERATE_SYMBOLS = NO;
				SWIFT_APPROACHABLE_CONCURRENCY = YES;
				SWIFT_EMIT_LOC_STRINGS = NO;
				SWIFT_UPCOMING_FEATURE_MEMBER_IMPORT_VISIBILITY = YES;
				SWIFT_VERSION = 6.0;
				TARGETED_DEVICE_FAMILY = 4;
				TEST_TARGET_NAME = "kokuhaku_watchos Watch App";
				WATCHOS_DEPLOYMENT_TARGET = 26.0;
			};
			name = Release;
		};
/* End XCBuildConfiguration section */

/* Begin XCConfigurationList section */
		2D3BBD432F18EA7F0060596E /* Build configuration list for PBXProject "kokuhaku_ios" */ = {
			isa = XCConfigurationList;
			buildConfigurations = (
				2D3BBD672F18EA800060596E /* Debug */,
				2D3BBD682F18EA800060596E /* Release */,
			);
			defaultConfigurationIsVisible = 0;
			defaultConfigurationName = Release;
		};
		2D3BBD692F18EA800060596E /* Build configuration list for PBXNativeTarget "kokuhaku_ios" */ = {
			isa = XCConfigurationList;
			buildConfigurations = (
				2D3BBD6A2F18EA800060596E /* Debug */,
				2D3BBD6B2F18EA800060596E /* Release */,
			);
			defaultConfigurationIsVisible = 0;
			defaultConfigurationName = Release;
		};
		2D3BBD6C2F18EA800060596E /* Build configuration list for PBXNativeTarget "kokuhaku_iosTests" */ = {
			isa = XCConfigurationList;
			buildConfigurations = (
				2D3BBD6D2F18EA800060596E /* Debug */,
				2D3BBD6E2F18EA800060596E /* Release */,
			);
			defaultConfigurationIsVisible = 0;
			defaultConfigurationName = Release;
		};
		2D3BBD6F2F18EA800060596E /* Build configuration list for PBXNativeTarget "kokuhaku_iosUITests" */ = {
			isa = XCConfigurationList;
			buildConfigurations = (
				2D3BBD702F18EA800060596E /* Debug */,
				2D3BBD712F18EA800060596E /* Release */,
			);
			defaultConfigurationIsVisible = 0;
			defaultConfigurationName = Release;
		};
		2D3BBD972F18FD510060596E /* Build configuration list for PBXNativeTarget "kokuhaku_watchos Watch App" */ = {
			isa = XCConfigurationList;
			buildConfigurations = (
				2D3BBD982F18FD510060596E /* Debug */,
				2D3BBD992F18FD510060596E /* Release */,
			);
			defaultConfigurationIsVisible = 0;
			defaultConfigurationName = Release;
		};
		2D3BBD9B2F18FD510060596E /* Build configuration list for PBXNativeTarget "kokuhaku_watchos Watch AppTests" */ = {
			isa = XCConfigurationList;
			buildConfigurations = (
				2D3BBD9C2F18FD510060596E /* Debug */,
				2D3BBD9D2F18FD510060596E /* Release */,
			);
			defaultConfigurationIsVisible = 0;
			defaultConfigurationName = Release;
		};
		2D3BBD9E2F18FD510060596E /* Build configuration list for PBXNativeTarget "kokuhaku_watchos Watch AppUITests" */ = {
			isa = XCConfigurationList;
			buildConfigurations = (
				2D3BBD9F2F18FD510060596E /* Debug */,
				2D3BBDA02F18FD510060596E /* Release */,
			);
			defaultConfigurationIsVisible = 0;
			defaultConfigurationName = Release;
		};
/* End XCConfigurationList section */

/* Begin XCLocalSwiftPackageReference section */
		2D3BBDF92F1A23340060596E /* XCLocalSwiftPackageReference "../../Shared/KokuhakuCore" */ = {
			isa = XCLocalSwiftPackageReference;
			relativePath = ../../Shared/KokuhakuCore;
		};
/* End XCLocalSwiftPackageReference section */

/* Begin XCSwiftPackageProductDependency section */
		2D3BBDFB2F1A24910060596E /* KokuhakuCore */ = {
			isa = XCSwiftPackageProductDependency;
			package = 2D3BBDF92F1A23340060596E /* XCLocalSwiftPackageReference "../../Shared/KokuhakuCore" */;
			productName = KokuhakuCore;
		};
/* End XCSwiftPackageProductDependency section */
	};
	rootObject = 2D3BBD402F18EA7F0060596E /* Project object */;
}
